{
  "version": 4,
  "terraform_version": "1.5.3",
  "serial": 119,
  "lineage": "701b3231-c905-fe33-9f38-e5376533d26a",
  "outputs": {},
  "resources": [
    {
      "mode": "data",
      "type": "aws_availability_zones",
      "name": "available",
      "provider": "provider[\"registry.terraform.io/hashicorp/aws\"]",
      "instances": [
        {
          "schema_version": 0,
          "attributes": {
            "all_availability_zones": null,
            "exclude_names": null,
            "exclude_zone_ids": null,
            "filter": null,
            "group_names": [
              "us-west-2"
            ],
            "id": "us-west-2",
            "names": [
              "us-west-2a",
              "us-west-2b",
              "us-west-2c",
              "us-west-2d"
            ],
            "state": null,
            "timeouts": null,
            "zone_ids": [
              "usw2-az2",
              "usw2-az1",
              "usw2-az3",
              "usw2-az4"
            ]
          },
          "sensitive_attributes": []
        }
      ]
    },
    {
      "mode": "data",
      "type": "aws_caller_identity",
      "name": "current",
      "provider": "provider[\"registry.terraform.io/hashicorp/aws\"]",
      "instances": [
        {
          "schema_version": 0,
          "attributes": {
            "account_id": "010295286036",
            "arn": "arn:aws:sts::010295286036:assumed-role/GitHubAction-AssumeRoleWithAction/TestSessionName",
            "id": "010295286036",
            "user_id": "AROAQEZNFTEKHX2ENNRZF:TestSessionName"
          },
          "sensitive_attributes": []
        }
      ]
    },
    {
      "module": "module.clusters[\"worker2\"].module.eks",
      "mode": "data",
      "type": "aws_caller_identity",
      "name": "current",
      "provider": "provider[\"registry.terraform.io/hashicorp/aws\"]",
      "instances": [
        {
          "schema_version": 0,
          "attributes": {
            "account_id": "010295286036",
            "arn": "arn:aws:sts::010295286036:assumed-role/GitHubAction-AssumeRoleWithAction/TestSessionName",
            "id": "010295286036",
            "user_id": "AROAQEZNFTEKHX2ENNRZF:TestSessionName"
          },
          "sensitive_attributes": []
        }
      ]
    },
    {
      "module": "module.clusters[\"worker2\"].module.eks",
      "mode": "data",
      "type": "aws_eks_addon_version",
      "name": "this",
      "provider": "provider[\"registry.terraform.io/hashicorp/aws\"]",
      "instances": [
        {
          "index_key": "coredns",
          "schema_version": 0,
          "attributes": {
            "addon_name": "coredns",
            "id": "coredns",
            "kubernetes_version": "1.28",
            "most_recent": true,
            "version": "v1.10.1-eksbuild.4"
          },
          "sensitive_attributes": []
        },
        {
          "index_key": "kube-proxy",
          "schema_version": 0,
          "attributes": {
            "addon_name": "kube-proxy",
            "id": "kube-proxy",
            "kubernetes_version": "1.28",
            "most_recent": true,
            "version": "v1.28.2-eksbuild.2"
          },
          "sensitive_attributes": []
        },
        {
          "index_key": "vpc-cni",
          "schema_version": 0,
          "attributes": {
            "addon_name": "vpc-cni",
            "id": "vpc-cni",
            "kubernetes_version": "1.28",
            "most_recent": true,
            "version": "v1.15.0-eksbuild.2"
          },
          "sensitive_attributes": []
        }
      ]
    },
    {
      "module": "module.clusters[\"worker2\"].module.eks",
      "mode": "data",
      "type": "aws_iam_policy_document",
      "name": "assume_role_policy",
      "provider": "provider[\"registry.terraform.io/hashicorp/aws\"]",
      "instances": [
        {
          "index_key": 0,
          "schema_version": 0,
          "attributes": {
            "id": "2764486067",
            "json": "{\n  \"Version\": \"2012-10-17\",\n  \"Statement\": [\n    {\n      \"Sid\": \"EKSClusterAssumeRole\",\n      \"Effect\": \"Allow\",\n      \"Action\": \"sts:AssumeRole\",\n      \"Principal\": {\n        \"Service\": \"eks.amazonaws.com\"\n      }\n    }\n  ]\n}",
            "override_policy_documents": null,
            "policy_id": null,
            "source_policy_documents": null,
            "statement": [
              {
                "actions": [
                  "sts:AssumeRole"
                ],
                "condition": [],
                "effect": "Allow",
                "not_actions": [],
                "not_principals": [],
                "not_resources": [],
                "principals": [
                  {
                    "identifiers": [
                      "eks.amazonaws.com"
                    ],
                    "type": "Service"
                  }
                ],
                "resources": [],
                "sid": "EKSClusterAssumeRole"
              }
            ],
            "version": "2012-10-17"
          },
          "sensitive_attributes": []
        }
      ]
    },
    {
      "module": "module.clusters[\"worker2\"].module.eks",
      "mode": "data",
      "type": "aws_iam_session_context",
      "name": "current",
      "provider": "provider[\"registry.terraform.io/hashicorp/aws\"]",
      "instances": [
        {
          "schema_version": 0,
          "attributes": {
            "arn": "arn:aws:sts::010295286036:assumed-role/GitHubAction-AssumeRoleWithAction/TestSessionName",
            "id": "arn:aws:sts::010295286036:assumed-role/GitHubAction-AssumeRoleWithAction/TestSessionName",
            "issuer_arn": "arn:aws:iam::010295286036:role/GitHubAction-AssumeRoleWithAction",
            "issuer_id": "AROAQEZNFTEKHX2ENNRZF",
            "issuer_name": "GitHubAction-AssumeRoleWithAction",
            "session_name": "TestSessionName"
          },
          "sensitive_attributes": []
        }
      ]
    },
    {
      "module": "module.clusters[\"worker2\"].module.eks",
      "mode": "data",
      "type": "aws_partition",
      "name": "current",
      "provider": "provider[\"registry.terraform.io/hashicorp/aws\"]",
      "instances": [
        {
          "schema_version": 0,
          "attributes": {
            "dns_suffix": "amazonaws.com",
            "id": "aws",
            "partition": "aws",
            "reverse_dns_prefix": "com.amazonaws"
          },
          "sensitive_attributes": []
        }
      ]
    },
    {
      "module": "module.clusters[\"worker2\"].module.eks",
      "mode": "data",
      "type": "tls_certificate",
      "name": "this",
      "provider": "provider[\"registry.terraform.io/hashicorp/tls\"]",
      "instances": [
        {
          "index_key": 0,
          "schema_version": 0,
          "attributes": {
            "certificates": [
              {
                "cert_pem": "-----BEGIN CERTIFICATE-----\nMIIEdTCCA12gAwIBAgIJAKcOSkw0grd/MA0GCSqGSIb3DQEBCwUAMGgxCzAJBgNV\nBAYTAlVTMSUwIwYDVQQKExxTdGFyZmllbGQgVGVjaG5vbG9naWVzLCBJbmMuMTIw\nMAYDVQQLEylTdGFyZmllbGQgQ2xhc3MgMiBDZXJ0aWZpY2F0aW9uIEF1dGhvcml0\neTAeFw0wOTA5MDIwMDAwMDBaFw0zNDA2MjgxNzM5MTZaMIGYMQswCQYDVQQGEwJV\nUzEQMA4GA1UECBMHQXJpem9uYTETMBEGA1UEBxMKU2NvdHRzZGFsZTElMCMGA1UE\nChMcU3RhcmZpZWxkIFRlY2hub2xvZ2llcywgSW5jLjE7MDkGA1UEAxMyU3RhcmZp\nZWxkIFNlcnZpY2VzIFJvb3QgQ2VydGlmaWNhdGUgQXV0aG9yaXR5IC0gRzIwggEi\nMA0GCSqGSIb3DQEBAQUAA4IBDwAwggEKAoIBAQDVDDrEKvlO4vW+GZdfjohTsR8/\ny8+fIBNtKTrID30892t2OGPZNmCom15cAICyL1l/9of5JUOG52kbUpqQ4XHj2C0N\nTm/2yEnZtvMaVq4rtnQU68/7JuMauh2WLmo7WJSJR1b/JaCTcFOD2oR0FMNnngRo\nOt+OQFodSk7PQ5E751bWAHDLUu57fa4657wx+UX2wmDPE1kCK4DMNEffud6QZW0C\nzyyRpqbn3oUYSXxmTqM6bam17jQuug0DuDPfR+uxa40l2ZvOgdFFRjKWcIfeAg5J\nQ4W2bHO7ZOphQazJ1FTfhy/HIrImzJ9ZVGif/L4qL8RVHHVAYBeFAlU5i38FAgMB\nAAGjgfAwge0wDwYDVR0TAQH/BAUwAwEB/zAOBgNVHQ8BAf8EBAMCAYYwHQYDVR0O\nBBYEFJxfAN+qAdcwKziIorhtSpzyEZGDMB8GA1UdIwQYMBaAFL9ft9HO3R+G9FtV\nrNzXEMIOqYjnME8GCCsGAQUFBwEBBEMwQTAcBggrBgEFBQcwAYYQaHR0cDovL28u\nc3MyLnVzLzAhBggrBgEFBQcwAoYVaHR0cDovL3guc3MyLnVzL3guY2VyMCYGA1Ud\nHwQfMB0wG6AZoBeGFWh0dHA6Ly9zLnNzMi51cy9yLmNybDARBgNVHSAECjAIMAYG\nBFUdIAAwDQYJKoZIhvcNAQELBQADggEBACMd44pXyn3pF3lM8R5V/cxTbj5HD9/G\nVfKyBDbtgB9TxF00KGu+x1X8Z+rLP3+QsjPNG1gQggL4+C/1E2DUBc7xgQjB3ad1\nl08YuW3e95ORCLp+QCztweq7dp4zBncdDQh/U90bZKuCJ/Fp1U1ervShw3WnWEQt\n8jxwmKy6abaVd38PMV4s/KCHOkdp8Hlf9BRUpJVeEXgSYCfOn8J3/yNTd126/+pZ\n59vPr5KW7ySaNRB6nJHGDn2Z9j8Z3/VyVOEVqQdZe4O/Ui5GjLIAZHYcSNPYeehu\nVsyuLAOQ1xk4meTKCRlb/weWsKh/NEnfVqn3sF/tM+2MR7cwA130A4w=\n-----END CERTIFICATE-----\n",
                "is_ca": true,
                "issuer": "OU=Starfield Class 2 Certification Authority,O=Starfield Technologies\\, Inc.,C=US",
                "not_after": "2034-06-28T17:39:16Z",
                "not_before": "2009-09-02T00:00:00Z",
                "public_key_algorithm": "RSA",
                "serial_number": "12037640545166866303",
                "sha1_fingerprint": "9e99a48a9960b14926bb7f3b02e22da2b0ab7280",
                "signature_algorithm": "SHA256-RSA",
                "subject": "CN=Starfield Services Root Certificate Authority - G2,O=Starfield Technologies\\, Inc.,L=Scottsdale,ST=Arizona,C=US",
                "version": 3
              },
              {
                "cert_pem": "-----BEGIN CERTIFICATE-----\nMIIEkjCCA3qgAwIBAgITBn+USionzfP6wq4rAfkI7rnExjANBgkqhkiG9w0BAQsF\nADCBmDELMAkGA1UEBhMCVVMxEDAOBgNVBAgTB0FyaXpvbmExEzARBgNVBAcTClNj\nb3R0c2RhbGUxJTAjBgNVBAoTHFN0YXJmaWVsZCBUZWNobm9sb2dpZXMsIEluYy4x\nOzA5BgNVBAMTMlN0YXJmaWVsZCBTZXJ2aWNlcyBSb290IENlcnRpZmljYXRlIEF1\ndGhvcml0eSAtIEcyMB4XDTE1MDUyNTEyMDAwMFoXDTM3MTIzMTAxMDAwMFowOTEL\nMAkGA1UEBhMCVVMxDzANBgNVBAoTBkFtYXpvbjEZMBcGA1UEAxMQQW1hem9uIFJv\nb3QgQ0EgMTCCASIwDQYJKoZIhvcNAQEBBQADggEPADCCAQoCggEBALJ4gHHKeNXj\nca9HgFB0fW7Y14h29Jlo91ghYPl0hAEvrAIthtOgQ3pOsqTQNroBvo3bSMgHFzZM\n9O6II8c+6zf1tRn4SWiw3te5djgdYZ6k/oI2peVKVuRF4fn9tBb6dNqcmzU5L/qw\nIFAGbHrQgLKm+a/sRxmPUDgH3KKHOVj4utWp+UhnMJbulHheb4mjUcAwhmahRWa6\nVOujw5H5SNz/0egwLX0tdHA114gk957EWW67c4cX8jJGKLhD+rcdqsq08p8kDi1L\n93FcXmn/6pUCyziKrlA4b9v7LWIbxcceVOF34GfID5yHI9Y/QCB/IIDEgEw+OyQm\njgSubJrIqg0CAwEAAaOCATEwggEtMA8GA1UdEwEB/wQFMAMBAf8wDgYDVR0PAQH/\nBAQDAgGGMB0GA1UdDgQWBBSEGMyFNOy8DJSULghZnMeyEE4KCDAfBgNVHSMEGDAW\ngBScXwDfqgHXMCs4iKK4bUqc8hGRgzB4BggrBgEFBQcBAQRsMGowLgYIKwYBBQUH\nMAGGImh0dHA6Ly9vY3NwLnJvb3RnMi5hbWF6b250cnVzdC5jb20wOAYIKwYBBQUH\nMAKGLGh0dHA6Ly9jcnQucm9vdGcyLmFtYXpvbnRydXN0LmNvbS9yb290ZzIuY2Vy\nMD0GA1UdHwQ2MDQwMqAwoC6GLGh0dHA6Ly9jcmwucm9vdGcyLmFtYXpvbnRydXN0\nLmNvbS9yb290ZzIuY3JsMBEGA1UdIAQKMAgwBgYEVR0gADANBgkqhkiG9w0BAQsF\nAAOCAQEAYjdCXLwQtT6LLOkMm2xF4gcAevnFWAu5CIw+7bMlPLVvUOTNNWqnkzSW\nMiGpSESrnO09tKpzbeR/FoCJbM8oAxiDR3mjEH4wW6w7sGDgd9QIpuEdfF7Au/ma\neyKdpwAJfqxGF4PcnCZXmTA5YpaP7dreqsXMGz7KQ2hsVxa81Q4gLv7/wmpdLqBK\nbRRYh5TmOTFffHPLkIhqhBGWJ6bt2YFGpn6jcgAKUj6DiAdjd4lpFw85hdKrCEVN\n0FE6/V1dN2RMfjCyVSRCnTawXZwXgWHxyvkQAiSr6w10kY17RSlQOYiypok1JR4U\nakcjMS9cmvqtmg5iUaQqqcT5NJ0hGA==\n-----END CERTIFICATE-----\n",
                "is_ca": true,
                "issuer": "CN=Starfield Services Root Certificate Authority - G2,O=Starfield Technologies\\, Inc.,L=Scottsdale,ST=Arizona,C=US",
                "not_after": "2037-12-31T01:00:00Z",
                "not_before": "2015-05-25T12:00:00Z",
                "public_key_algorithm": "RSA",
                "serial_number": "144918191876577076464031512351042010504348870",
                "sha1_fingerprint": "06b25927c42a721631c1efd9431e648fa62e1e39",
                "signature_algorithm": "SHA256-RSA",
                "subject": "CN=Amazon Root CA 1,O=Amazon,C=US",
                "version": 3
              },
              {
                "cert_pem": "-----BEGIN CERTIFICATE-----\nMIIEXjCCA0agAwIBAgITB3MSOAudZoijOx7Zv5zNpo4ODzANBgkqhkiG9w0BAQsF\nADA5MQswCQYDVQQGEwJVUzEPMA0GA1UEChMGQW1hem9uMRkwFwYDVQQDExBBbWF6\nb24gUm9vdCBDQSAxMB4XDTIyMDgyMzIyMjEyOFoXDTMwMDgyMzIyMjEyOFowPDEL\nMAkGA1UEBhMCVVMxDzANBgNVBAoTBkFtYXpvbjEcMBoGA1UEAxMTQW1hem9uIFJT\nQSAyMDQ4IE0wMTCCASIwDQYJKoZIhvcNAQEBBQADggEPADCCAQoCggEBAOtxLKnL\nH4gokjIwr4pXD3i3NyWVVYesZ1yX0yLI2qIUZ2t88Gfa4gMqs1YSXca1R/lnCKeT\nepWSGA+0+fkQNpp/L4C2T7oTTsddUx7g3ZYzByDTlrwS5HRQQqEFE3O1T5tEJP4t\nf+28IoXsNiEzl3UGzicYgtzj2cWCB41eJgEmJmcf2T8TzzK6a614ZPyq/w4CPAff\nnAV4coz96nW3AyiE2uhuB4zQUIXvgVSycW7sbWLvj5TDXunEpNCRwC4kkZjK7rol\njtT2cbb7W2s4Bkg3R42G3PLqBvt2N32e/0JOTViCk8/iccJ4sXqrS1uUN4iB5Nmv\nJK74csVl+0u0UecCAwEAAaOCAVowggFWMBIGA1UdEwEB/wQIMAYBAf8CAQAwDgYD\nVR0PAQH/BAQDAgGGMB0GA1UdJQQWMBQGCCsGAQUFBwMBBggrBgEFBQcDAjAdBgNV\nHQ4EFgQUgbgOY4qJEhjl+js7UJWf5uWQE4UwHwYDVR0jBBgwFoAUhBjMhTTsvAyU\nlC4IWZzHshBOCggwewYIKwYBBQUHAQEEbzBtMC8GCCsGAQUFBzABhiNodHRwOi8v\nb2NzcC5yb290Y2ExLmFtYXpvbnRydXN0LmNvbTA6BggrBgEFBQcwAoYuaHR0cDov\nL2NydC5yb290Y2ExLmFtYXpvbnRydXN0LmNvbS9yb290Y2ExLmNlcjA/BgNVHR8E\nODA2MDSgMqAwhi5odHRwOi8vY3JsLnJvb3RjYTEuYW1hem9udHJ1c3QuY29tL3Jv\nb3RjYTEuY3JsMBMGA1UdIAQMMAowCAYGZ4EMAQIBMA0GCSqGSIb3DQEBCwUAA4IB\nAQCtAN4CBSMuBjJitGuxlBbkEUDeK/pZwTXv4KqPK0G50fOHOQAd8j21p0cMBgbG\nkfMHVwLU7b0XwZCav0h1ogdPMN1KakK1DT0VwA/+hFvGPJnMV1Kx2G4S1ZaSk0uU\n5QfoiYIIano01J5k4T2HapKQmmOhS/iPtuo00wW+IMLeBuKMn3OLn005hcrOGTad\nhcmeyfhQP7Z+iKHvyoQGi1C0ClymHETx/chhQGDyYSWqB/THwnN15AwLQo0E5V9E\nSJlbe4mBlqeInUsNYugExNf+tOiybcrswBy8OFsd34XOW3rjSUtsuafd9AWySa3h\nxRRrwszrzX/WWGm6wyB+f7C4\n-----END CERTIFICATE-----\n",
                "is_ca": true,
                "issuer": "CN=Amazon Root CA 1,O=Amazon,C=US",
                "not_after": "2030-08-23T22:21:28Z",
                "not_before": "2022-08-23T22:21:28Z",
                "public_key_algorithm": "RSA",
                "serial_number": "166129328851546858514271303855646110030630415",
                "sha1_fingerprint": "2ad974a775f73cbdbbd8f5ac3a49255fa8fb1f8c",
                "signature_algorithm": "SHA256-RSA",
                "subject": "CN=Amazon RSA 2048 M01,O=Amazon,C=US",
                "version": 3
              },
              {
                "cert_pem": "-----BEGIN CERTIFICATE-----\nMIIF7TCCBNWgAwIBAgIQDAMZajMylZveIhA3JfaDkzANBgkqhkiG9w0BAQsFADA8\nMQswCQYDVQQGEwJVUzEPMA0GA1UEChMGQW1hem9uMRwwGgYDVQQDExNBbWF6b24g\nUlNBIDIwNDggTTAxMB4XDTIzMDQxMzAwMDAwMFoXDTI0MDUxMTIzNTk1OVowKzEp\nMCcGA1UEAxMgb2lkYy5la3MudXMtd2VzdC0yLmFtYXpvbmF3cy5jb20wggEiMA0G\nCSqGSIb3DQEBAQUAA4IBDwAwggEKAoIBAQCPZcUrPoakGvhWyoBhbOpCizY18tRP\nck5uA2m0p4CqnFVP0qU8whlmtAALUGkpMBg11VmEjRqW09l36Mg+1IzP1VHQTTc4\nJJa9jCibHsYRNyIdh3d4CoW1tV+5TQFZ7dcuK3a5XMPRVe+LdeBB+UjHky/kvgkZ\nwQAC0EGp4jztSxEiaiLH7hDhEugUR6yJNgD29Qd1LnovJ6zs8nUd719Dh5x/etWJ\n3z04TKzhriTz+9FEE4Xrl2k0qZxQsKGRtsqE+Ra9ZpytFNCVSL8EK2zlb97umWwJ\nyhG/fdvKfOuMX7qUAuWzgaaPlkQDibDQjY6OTfFbfKMDDVTFtQEbUQD9AgMBAAGj\nggL6MIIC9jAfBgNVHSMEGDAWgBSBuA5jiokSGOX6OztQlZ/m5ZAThTAdBgNVHQ4E\nFgQUnBmr23OxmnGzVwNOzSVgMw1pQcAwKwYDVR0RBCQwIoIgb2lkYy5la3MudXMt\nd2VzdC0yLmFtYXpvbmF3cy5jb20wDgYDVR0PAQH/BAQDAgWgMB0GA1UdJQQWMBQG\nCCsGAQUFBwMBBggrBgEFBQcDAjA7BgNVHR8ENDAyMDCgLqAshipodHRwOi8vY3Js\nLnIybTAxLmFtYXpvbnRydXN0LmNvbS9yMm0wMS5jcmwwEwYDVR0gBAwwCjAIBgZn\ngQwBAgEwdQYIKwYBBQUHAQEEaTBnMC0GCCsGAQUFBzABhiFodHRwOi8vb2NzcC5y\nMm0wMS5hbWF6b250cnVzdC5jb20wNgYIKwYBBQUHMAKGKmh0dHA6Ly9jcnQucjJt\nMDEuYW1hem9udHJ1c3QuY29tL3IybTAxLmNlcjAMBgNVHRMBAf8EAjAAMIIBfwYK\nKwYBBAHWeQIEAgSCAW8EggFrAWkAdwDuzdBk1dsazsVct520zROiModGfLzs3sNR\nSFlGcR+1mwAAAYd4O9dqAAAEAwBIMEYCIQDO28u4eYZCvCNjZhMZSsB3Fu8VJImr\nv2a0i5AF9PbvWQIhANQcunFuOYph/lhOvSqw3+XlDR1ML8OJKtfL713/7n93AHYA\nSLDja9qmRzQP5WoC+p0w6xxSActW3SyB2bu/qznYhHMAAAGHeDvXmAAABAMARzBF\nAiEAr28QhaZMvCEmxdb9dVBYR4ov5aHr89pGPiGzAkix8AECIBMKc+QxtzcAJMHS\nDtAfbHwfbXbp4czqmiB5TTirm8FxAHYA2ra/az+1tiKfm8K7XGvocJFxbLtRhIU0\nvaQ9MEjX+6sAAAGHeDvXZQAABAMARzBFAiBoclNKW27c9oUdEGfcDF0v2c52pQQQ\nDkvL6wnA5xY5egIhANSogtAL30hmiOGf4yRIFTcIlt1rL855WMmgvhPD3HCUMA0G\nCSqGSIb3DQEBCwUAA4IBAQAvv031iNDVLeCL0kQ7VQDSuS9IzR9p8Vuccc08WBP6\n1Iqmiveq3k/wSwXhKxw4vaxvzpIXUaW/IEfRKXd+BuRtJmz+mfZmNvaB7CPp007+\nMbCblsrfvGBwHvORZy5jPRxHfoxto/FuJDvQVUfVB60gBjG602yAU6wipPmzNHTs\nOQ6+xp0t6e/P31czkpWvZWeEhBRexRkRaU5UoIY2+M07kGQePfdaJtqQbefHmDSc\nj2kx2HU3kCEiFjQr56+cPhzQNAjsRAR/9EIc0QHj1jdVTimMvYQ4nMa6VqsvmtWT\nm7oLVSrA4/8EhLS5SRwlGIYYjmv+pwkHydqYzEcKA0lz\n-----END CERTIFICATE-----\n",
                "is_ca": false,
                "issuer": "CN=Amazon RSA 2048 M01,O=Amazon,C=US",
                "not_after": "2024-05-11T23:59:59Z",
                "not_before": "2023-04-13T00:00:00Z",
                "public_key_algorithm": "RSA",
                "serial_number": "15966828314264801061238642629783487379",
                "sha1_fingerprint": "e1d31a1f94725daaef02dcf1c1bb0ff4a28a6060",
                "signature_algorithm": "SHA256-RSA",
                "subject": "CN=oidc.eks.us-west-2.amazonaws.com",
                "version": 3
              }
            ],
            "content": null,
            "id": "34b882443ccd2d1a84de1dbac994b28b7f371f17",
            "url": "https://oidc.eks.us-west-2.amazonaws.com/id/15BCB9D2F3A47B27F4A553C594D3C365",
            "verify_chain": true
          },
          "sensitive_attributes": []
        }
      ]
    },
    {
      "module": "module.clusters[\"worker2\"].module.eks",
      "mode": "managed",
      "type": "aws_cloudwatch_log_group",
      "name": "this",
      "provider": "provider[\"registry.terraform.io/hashicorp/aws\"]",
      "instances": [
        {
          "index_key": 0,
          "schema_version": 0,
          "attributes": {
            "arn": "arn:aws:logs:us-west-2:010295286036:log-group:/aws/eks/worker2-duchy/cluster",
            "id": "/aws/eks/worker2-duchy/cluster",
            "kms_key_id": "",
            "name": "/aws/eks/worker2-duchy/cluster",
            "name_prefix": "",
            "retention_in_days": 90,
            "skip_destroy": false,
            "tags": {
              "Name": "/aws/eks/worker2-duchy/cluster"
            },
            "tags_all": {
              "Environment": "halo-cmm-dev",
              "Name": "/aws/eks/worker2-duchy/cluster",
              "Terraform": "true"
            }
          },
          "sensitive_attributes": [],
          "private": "bnVsbA==",
          "create_before_destroy": true
        }
      ]
    },
    {
      "module": "module.clusters[\"worker2\"].module.eks",
      "mode": "managed",
      "type": "aws_eks_addon",
      "name": "this",
      "provider": "provider[\"registry.terraform.io/hashicorp/aws\"]",
      "instances": [
        {
          "index_key": "coredns",
          "schema_version": 0,
          "attributes": {
            "addon_name": "coredns",
            "addon_version": "v1.10.1-eksbuild.4",
            "arn": "arn:aws:eks:us-west-2:010295286036:addon/worker2-duchy/coredns/fac56f9d-874b-e5f4-6aa1-d62156bff045",
            "cluster_name": "worker2-duchy",
            "configuration_values": "",
            "created_at": "2023-09-29T04:38:24Z",
            "id": "worker2-duchy:coredns",
            "modified_at": "2023-09-29T04:39:03Z",
            "preserve": null,
            "resolve_conflicts": "OVERWRITE",
            "resolve_conflicts_on_create": null,
            "resolve_conflicts_on_update": null,
            "service_account_role_arn": "",
            "tags": {},
            "tags_all": {
              "Environment": "halo-cmm-dev",
              "Terraform": "true"
            },
            "timeouts": {
              "create": null,
              "delete": null,
              "update": null
            }
          },
          "sensitive_attributes": [],
          "private": "eyJlMmJmYjczMC1lY2FhLTExZTYtOGY4OC0zNDM2M2JjN2M0YzAiOnsiY3JlYXRlIjoxMjAwMDAwMDAwMDAwLCJkZWxldGUiOjI0MDAwMDAwMDAwMDAsInVwZGF0ZSI6MTIwMDAwMDAwMDAwMH19",
          "dependencies": [
            "data.aws_availability_zones.available",
            "module.clusters.module.eks.aws_cloudwatch_log_group.this",
            "module.clusters.module.eks.aws_eks_cluster.this",
            "module.clusters.module.eks.aws_iam_policy.cni_ipv6_policy",
            "module.clusters.module.eks.aws_iam_role.this",
            "module.clusters.module.eks.aws_iam_role_policy_attachment.this",
            "module.clusters.module.eks.aws_security_group.cluster",
            "module.clusters.module.eks.aws_security_group.node",
            "module.clusters.module.eks.aws_security_group_rule.cluster",
            "module.clusters.module.eks.aws_security_group_rule.node",
            "module.clusters.module.eks.data.aws_caller_identity.current",
            "module.clusters.module.eks.data.aws_eks_addon_version.this",
            "module.clusters.module.eks.data.aws_iam_policy_document.assume_role_policy",
            "module.clusters.module.eks.data.aws_iam_policy_document.cni_ipv6_policy",
            "module.clusters.module.eks.data.aws_iam_session_context.current",
            "module.clusters.module.eks.data.aws_partition.current",
            "module.clusters.module.eks.module.eks_managed_node_group.aws_autoscaling_schedule.this",
            "module.clusters.module.eks.module.eks_managed_node_group.aws_eks_node_group.this",
            "module.clusters.module.eks.module.eks_managed_node_group.aws_iam_role.this",
            "module.clusters.module.eks.module.eks_managed_node_group.aws_iam_role_policy_attachment.additional",
            "module.clusters.module.eks.module.eks_managed_node_group.aws_iam_role_policy_attachment.this",
            "module.clusters.module.eks.module.eks_managed_node_group.aws_launch_template.this",
            "module.clusters.module.eks.module.eks_managed_node_group.data.aws_caller_identity.current",
            "module.clusters.module.eks.module.eks_managed_node_group.data.aws_iam_policy_document.assume_role_policy",
            "module.clusters.module.eks.module.eks_managed_node_group.data.aws_partition.current",
            "module.clusters.module.eks.module.eks_managed_node_group.module.user_data.data.cloudinit_config.linux_eks_managed_node_group",
            "module.clusters.module.eks.module.fargate_profile.aws_eks_fargate_profile.this",
            "module.clusters.module.eks.module.fargate_profile.aws_iam_role.this",
            "module.clusters.module.eks.module.fargate_profile.aws_iam_role_policy_attachment.additional",
            "module.clusters.module.eks.module.fargate_profile.aws_iam_role_policy_attachment.this",
            "module.clusters.module.eks.module.fargate_profile.data.aws_caller_identity.current",
            "module.clusters.module.eks.module.fargate_profile.data.aws_iam_policy_document.assume_role_policy",
            "module.clusters.module.eks.module.fargate_profile.data.aws_partition.current",
            "module.clusters.module.eks.module.kms.aws_kms_external_key.this",
            "module.clusters.module.eks.module.kms.aws_kms_key.this",
            "module.clusters.module.eks.module.kms.data.aws_caller_identity.current",
            "module.clusters.module.eks.module.kms.data.aws_iam_policy_document.this",
            "module.clusters.module.eks.module.kms.data.aws_partition.current",
            "module.clusters.module.eks.module.self_managed_node_group.aws_autoscaling_group.this",
            "module.clusters.module.eks.module.self_managed_node_group.aws_autoscaling_schedule.this",
            "module.clusters.module.eks.module.self_managed_node_group.aws_iam_instance_profile.this",
            "module.clusters.module.eks.module.self_managed_node_group.aws_iam_role.this",
            "module.clusters.module.eks.module.self_managed_node_group.aws_iam_role_policy_attachment.additional",
            "module.clusters.module.eks.module.self_managed_node_group.aws_iam_role_policy_attachment.this",
            "module.clusters.module.eks.module.self_managed_node_group.aws_launch_template.this",
            "module.clusters.module.eks.module.self_managed_node_group.data.aws_ami.eks_default",
            "module.clusters.module.eks.module.self_managed_node_group.data.aws_caller_identity.current",
            "module.clusters.module.eks.module.self_managed_node_group.data.aws_iam_policy_document.assume_role_policy",
            "module.clusters.module.eks.module.self_managed_node_group.data.aws_partition.current",
            "module.clusters.module.eks.module.self_managed_node_group.module.user_data.data.cloudinit_config.linux_eks_managed_node_group",
            "module.clusters.module.eks.time_sleep.this",
            "module.vpc.aws_subnet.intra",
            "module.vpc.aws_subnet.private",
            "module.vpc.aws_vpc.this",
            "module.vpc.aws_vpc_ipv4_cidr_block_association.this"
          ]
        },
        {
          "index_key": "kube-proxy",
          "schema_version": 0,
          "attributes": {
            "addon_name": "kube-proxy",
            "addon_version": "v1.28.2-eksbuild.2",
            "arn": "arn:aws:eks:us-west-2:010295286036:addon/worker2-duchy/kube-proxy/f0c56f9d-8746-c395-1bda-d7944032c36a",
            "cluster_name": "worker2-duchy",
            "configuration_values": "",
            "created_at": "2023-09-29T04:38:24Z",
            "id": "worker2-duchy:kube-proxy",
            "modified_at": "2023-09-29T04:38:56Z",
            "preserve": null,
            "resolve_conflicts": "OVERWRITE",
            "resolve_conflicts_on_create": null,
            "resolve_conflicts_on_update": null,
            "service_account_role_arn": "",
            "tags": {},
            "tags_all": {
              "Environment": "halo-cmm-dev",
              "Terraform": "true"
            },
            "timeouts": {
              "create": null,
              "delete": null,
              "update": null
            }
          },
          "sensitive_attributes": [],
          "private": "eyJlMmJmYjczMC1lY2FhLTExZTYtOGY4OC0zNDM2M2JjN2M0YzAiOnsiY3JlYXRlIjoxMjAwMDAwMDAwMDAwLCJkZWxldGUiOjI0MDAwMDAwMDAwMDAsInVwZGF0ZSI6MTIwMDAwMDAwMDAwMH19",
          "dependencies": [
            "data.aws_availability_zones.available",
            "module.clusters.module.eks.aws_cloudwatch_log_group.this",
            "module.clusters.module.eks.aws_eks_cluster.this",
            "module.clusters.module.eks.aws_iam_policy.cni_ipv6_policy",
            "module.clusters.module.eks.aws_iam_role.this",
            "module.clusters.module.eks.aws_iam_role_policy_attachment.this",
            "module.clusters.module.eks.aws_security_group.cluster",
            "module.clusters.module.eks.aws_security_group.node",
            "module.clusters.module.eks.aws_security_group_rule.cluster",
            "module.clusters.module.eks.aws_security_group_rule.node",
            "module.clusters.module.eks.data.aws_caller_identity.current",
            "module.clusters.module.eks.data.aws_eks_addon_version.this",
            "module.clusters.module.eks.data.aws_iam_policy_document.assume_role_policy",
            "module.clusters.module.eks.data.aws_iam_policy_document.cni_ipv6_policy",
            "module.clusters.module.eks.data.aws_iam_session_context.current",
            "module.clusters.module.eks.data.aws_partition.current",
            "module.clusters.module.eks.module.eks_managed_node_group.aws_autoscaling_schedule.this",
            "module.clusters.module.eks.module.eks_managed_node_group.aws_eks_node_group.this",
            "module.clusters.module.eks.module.eks_managed_node_group.aws_iam_role.this",
            "module.clusters.module.eks.module.eks_managed_node_group.aws_iam_role_policy_attachment.additional",
            "module.clusters.module.eks.module.eks_managed_node_group.aws_iam_role_policy_attachment.this",
            "module.clusters.module.eks.module.eks_managed_node_group.aws_launch_template.this",
            "module.clusters.module.eks.module.eks_managed_node_group.data.aws_caller_identity.current",
            "module.clusters.module.eks.module.eks_managed_node_group.data.aws_iam_policy_document.assume_role_policy",
            "module.clusters.module.eks.module.eks_managed_node_group.data.aws_partition.current",
            "module.clusters.module.eks.module.eks_managed_node_group.module.user_data.data.cloudinit_config.linux_eks_managed_node_group",
            "module.clusters.module.eks.module.fargate_profile.aws_eks_fargate_profile.this",
            "module.clusters.module.eks.module.fargate_profile.aws_iam_role.this",
            "module.clusters.module.eks.module.fargate_profile.aws_iam_role_policy_attachment.additional",
            "module.clusters.module.eks.module.fargate_profile.aws_iam_role_policy_attachment.this",
            "module.clusters.module.eks.module.fargate_profile.data.aws_caller_identity.current",
            "module.clusters.module.eks.module.fargate_profile.data.aws_iam_policy_document.assume_role_policy",
            "module.clusters.module.eks.module.fargate_profile.data.aws_partition.current",
            "module.clusters.module.eks.module.kms.aws_kms_external_key.this",
            "module.clusters.module.eks.module.kms.aws_kms_key.this",
            "module.clusters.module.eks.module.kms.data.aws_caller_identity.current",
            "module.clusters.module.eks.module.kms.data.aws_iam_policy_document.this",
            "module.clusters.module.eks.module.kms.data.aws_partition.current",
            "module.clusters.module.eks.module.self_managed_node_group.aws_autoscaling_group.this",
            "module.clusters.module.eks.module.self_managed_node_group.aws_autoscaling_schedule.this",
            "module.clusters.module.eks.module.self_managed_node_group.aws_iam_instance_profile.this",
            "module.clusters.module.eks.module.self_managed_node_group.aws_iam_role.this",
            "module.clusters.module.eks.module.self_managed_node_group.aws_iam_role_policy_attachment.additional",
            "module.clusters.module.eks.module.self_managed_node_group.aws_iam_role_policy_attachment.this",
            "module.clusters.module.eks.module.self_managed_node_group.aws_launch_template.this",
            "module.clusters.module.eks.module.self_managed_node_group.data.aws_ami.eks_default",
            "module.clusters.module.eks.module.self_managed_node_group.data.aws_caller_identity.current",
            "module.clusters.module.eks.module.self_managed_node_group.data.aws_iam_policy_document.assume_role_policy",
            "module.clusters.module.eks.module.self_managed_node_group.data.aws_partition.current",
            "module.clusters.module.eks.module.self_managed_node_group.module.user_data.data.cloudinit_config.linux_eks_managed_node_group",
            "module.clusters.module.eks.time_sleep.this",
            "module.vpc.aws_subnet.intra",
            "module.vpc.aws_subnet.private",
            "module.vpc.aws_vpc.this",
            "module.vpc.aws_vpc_ipv4_cidr_block_association.this"
          ]
        },
        {
          "index_key": "vpc-cni",
          "schema_version": 0,
          "attributes": {
            "addon_name": "vpc-cni",
            "addon_version": "v1.15.0-eksbuild.2",
            "arn": "arn:aws:eks:us-west-2:010295286036:addon/worker2-duchy/vpc-cni/b2c56f9d-8745-91eb-9c83-63e99935a14d",
            "cluster_name": "worker2-duchy",
            "configuration_values": "",
            "created_at": "2023-09-29T04:38:24Z",
            "id": "worker2-duchy:vpc-cni",
            "modified_at": "2023-09-29T04:38:57Z",
            "preserve": null,
            "resolve_conflicts": "OVERWRITE",
            "resolve_conflicts_on_create": null,
            "resolve_conflicts_on_update": null,
            "service_account_role_arn": "",
            "tags": {},
            "tags_all": {
              "Environment": "halo-cmm-dev",
              "Terraform": "true"
            },
            "timeouts": {
              "create": null,
              "delete": null,
              "update": null
            }
          },
          "sensitive_attributes": [],
          "private": "eyJlMmJmYjczMC1lY2FhLTExZTYtOGY4OC0zNDM2M2JjN2M0YzAiOnsiY3JlYXRlIjoxMjAwMDAwMDAwMDAwLCJkZWxldGUiOjI0MDAwMDAwMDAwMDAsInVwZGF0ZSI6MTIwMDAwMDAwMDAwMH19",
          "dependencies": [
            "data.aws_availability_zones.available",
            "module.clusters.module.eks.aws_cloudwatch_log_group.this",
            "module.clusters.module.eks.aws_eks_cluster.this",
            "module.clusters.module.eks.aws_iam_policy.cni_ipv6_policy",
            "module.clusters.module.eks.aws_iam_role.this",
            "module.clusters.module.eks.aws_iam_role_policy_attachment.this",
            "module.clusters.module.eks.aws_security_group.cluster",
            "module.clusters.module.eks.aws_security_group.node",
            "module.clusters.module.eks.aws_security_group_rule.cluster",
            "module.clusters.module.eks.aws_security_group_rule.node",
            "module.clusters.module.eks.data.aws_caller_identity.current",
            "module.clusters.module.eks.data.aws_eks_addon_version.this",
            "module.clusters.module.eks.data.aws_iam_policy_document.assume_role_policy",
            "module.clusters.module.eks.data.aws_iam_policy_document.cni_ipv6_policy",
            "module.clusters.module.eks.data.aws_iam_session_context.current",
            "module.clusters.module.eks.data.aws_partition.current",
            "module.clusters.module.eks.module.eks_managed_node_group.aws_autoscaling_schedule.this",
            "module.clusters.module.eks.module.eks_managed_node_group.aws_eks_node_group.this",
            "module.clusters.module.eks.module.eks_managed_node_group.aws_iam_role.this",
            "module.clusters.module.eks.module.eks_managed_node_group.aws_iam_role_policy_attachment.additional",
            "module.clusters.module.eks.module.eks_managed_node_group.aws_iam_role_policy_attachment.this",
            "module.clusters.module.eks.module.eks_managed_node_group.aws_launch_template.this",
            "module.clusters.module.eks.module.eks_managed_node_group.data.aws_caller_identity.current",
            "module.clusters.module.eks.module.eks_managed_node_group.data.aws_iam_policy_document.assume_role_policy",
            "module.clusters.module.eks.module.eks_managed_node_group.data.aws_partition.current",
            "module.clusters.module.eks.module.eks_managed_node_group.module.user_data.data.cloudinit_config.linux_eks_managed_node_group",
            "module.clusters.module.eks.module.fargate_profile.aws_eks_fargate_profile.this",
            "module.clusters.module.eks.module.fargate_profile.aws_iam_role.this",
            "module.clusters.module.eks.module.fargate_profile.aws_iam_role_policy_attachment.additional",
            "module.clusters.module.eks.module.fargate_profile.aws_iam_role_policy_attachment.this",
            "module.clusters.module.eks.module.fargate_profile.data.aws_caller_identity.current",
            "module.clusters.module.eks.module.fargate_profile.data.aws_iam_policy_document.assume_role_policy",
            "module.clusters.module.eks.module.fargate_profile.data.aws_partition.current",
            "module.clusters.module.eks.module.kms.aws_kms_external_key.this",
            "module.clusters.module.eks.module.kms.aws_kms_key.this",
            "module.clusters.module.eks.module.kms.data.aws_caller_identity.current",
            "module.clusters.module.eks.module.kms.data.aws_iam_policy_document.this",
            "module.clusters.module.eks.module.kms.data.aws_partition.current",
            "module.clusters.module.eks.module.self_managed_node_group.aws_autoscaling_group.this",
            "module.clusters.module.eks.module.self_managed_node_group.aws_autoscaling_schedule.this",
            "module.clusters.module.eks.module.self_managed_node_group.aws_iam_instance_profile.this",
            "module.clusters.module.eks.module.self_managed_node_group.aws_iam_role.this",
            "module.clusters.module.eks.module.self_managed_node_group.aws_iam_role_policy_attachment.additional",
            "module.clusters.module.eks.module.self_managed_node_group.aws_iam_role_policy_attachment.this",
            "module.clusters.module.eks.module.self_managed_node_group.aws_launch_template.this",
            "module.clusters.module.eks.module.self_managed_node_group.data.aws_ami.eks_default",
            "module.clusters.module.eks.module.self_managed_node_group.data.aws_caller_identity.current",
            "module.clusters.module.eks.module.self_managed_node_group.data.aws_iam_policy_document.assume_role_policy",
            "module.clusters.module.eks.module.self_managed_node_group.data.aws_partition.current",
            "module.clusters.module.eks.module.self_managed_node_group.module.user_data.data.cloudinit_config.linux_eks_managed_node_group",
            "module.clusters.module.eks.time_sleep.this",
            "module.vpc.aws_subnet.intra",
            "module.vpc.aws_subnet.private",
            "module.vpc.aws_vpc.this",
            "module.vpc.aws_vpc_ipv4_cidr_block_association.this"
          ]
        }
      ]
    },
    {
      "module": "module.clusters[\"worker2\"].module.eks",
      "mode": "managed",
      "type": "aws_eks_cluster",
      "name": "this",
      "provider": "provider[\"registry.terraform.io/hashicorp/aws\"]",
      "instances": [
        {
          "index_key": 0,
          "schema_version": 0,
          "attributes": {
            "arn": "arn:aws:eks:us-west-2:010295286036:cluster/worker2-duchy",
            "certificate_authority": [
              {
                "data": "LS0tLS1CRUdJTiBDRVJUSUZJQ0FURS0tLS0tCk1JSURCVENDQWUyZ0F3SUJBZ0lJWWxzbHF5ODdMSkl3RFFZSktvWklodmNOQVFFTEJRQXdGVEVUTUJFR0ExVUUKQXhNS2EzVmlaWEp1WlhSbGN6QWVGdzB5TXpBNU1qa3dOREkxTlROYUZ3MHpNekE1TWpZd05ETXdOVE5hTUJVeApFekFSQmdOVkJBTVRDbXQxWW1WeWJtVjBaWE13Z2dFaU1BMEdDU3FHU0liM0RRRUJBUVVBQTRJQkR3QXdnZ0VLCkFvSUJBUUNoa1Nkb0ROOVJLZGdEQ0ljMjZ0bWoxVzNmMElqQ0lzcVZJaExoaDlkVFlYTHpVUCswanB3SFVBZWMKUE4zYUYyL3l6eTVmY09vNGFKMGZFeURmbjlQZXpRc3pFUzN3OEtLU3hHUGxPWU5LYldKclpHcXBtK20weStudwp1SjFySkNNemh6aG5iYmZZL0pEcW5FeWI0enNQV0VTN05wVWF4TFB0Zjd3a1M4OU9PNU9jMTMwaDMwQXkvdStnCmt3SjY0Nm51RVY4MXNlckJHemhVdFNnR1ZLQkppTW0wdTZmdXpHTUVlbS82OVE3R1JQb1l4K3N5LzNSdzE3bXQKWEJuNkhFdUVLNFZJek5rbDh6KzNpazhGWkIzWm9ld3hOYTRPM09jd21Fa1BkS0JZR3hjajBMZlBrcUtiVk45NQpNNDBkd2ZMK01WajN4K2FDZmxsRVlDNUthSVE1QWdNQkFBR2pXVEJYTUE0R0ExVWREd0VCL3dRRUF3SUNwREFQCkJnTlZIUk1CQWY4RUJUQURBUUgvTUIwR0ExVWREZ1FXQkJTVEFWaFVZSFhqa3hWYXlLV2lmWWh4bU5vZnBqQVYKQmdOVkhSRUVEakFNZ2dwcmRXSmxjbTVsZEdWek1BMEdDU3FHU0liM0RRRUJDd1VBQTRJQkFRQjYwL0t4THhjUQo0Z1dpRmtpaC9VTlRxV1M5UitVanV0YjdYcnlCbkd0M3JIK09NMHBtQWRpNkNnSW5DZ2pmbHFTSlZ4Z3pRTUhTCkM1QUorUlp4UU9CQ0JkMVhTL1JhYklwdFBleG8zZ2FoNmxQWUxzUm9DOC9ZSFVwODgyV2dPdHFkT2FnL3dCa2MKWHBVbUU1WTVTSWg4OGhtQkJhclVGZzJ2T1BOUGkwY0RqWExVQ3BXeVZnUmZjM2NNckRFRUhxampvSTR5ZjROMQptRy9nS1NLbEtqcjJGeXNna1pxR3U5Z1JRdFZtTjJVQkZ0bk50cTVveFNOeFNFSVQ5SzJwV29OSVZRVXB5TkRkCm16SUZZeHdrK0pjTG02S2pjSUhpUUg0T1JaNEhycUs5MWlTNUdvMzVsakJUZjFTRW1xRzU2WklrM05RODNZN0wKdHVFa0hVcys3endNCi0tLS0tRU5EIENFUlRJRklDQVRFLS0tLS0K"
              }
            ],
            "cluster_id": null,
            "created_at": "2023-09-29 04:25:59.025 +0000 UTC",
            "enabled_cluster_log_types": [
              "api",
              "audit",
              "authenticator"
            ],
            "encryption_config": [
              {
                "provider": [
                  {
                    "key_arn": "arn:aws:kms:us-west-2:010295286036:key/dd507e8d-25e0-45e8-8a0f-37a11561e4f1"
                  }
                ],
                "resources": [
                  "secrets"
                ]
              }
            ],
            "endpoint": "https://15BCB9D2F3A47B27F4A553C594D3C365.gr7.us-west-2.eks.amazonaws.com",
            "id": "worker2-duchy",
            "identity": [
              {
                "oidc": [
                  {
                    "issuer": "https://oidc.eks.us-west-2.amazonaws.com/id/15BCB9D2F3A47B27F4A553C594D3C365"
                  }
                ]
              }
            ],
            "kubernetes_network_config": [
              {
                "ip_family": "ipv4",
                "service_ipv4_cidr": "172.20.0.0/16",
                "service_ipv6_cidr": ""
              }
            ],
            "name": "worker2-duchy",
            "outpost_config": [],
            "platform_version": "eks.1",
            "role_arn": "arn:aws:iam::010295286036:role/worker2-duchy-cluster-20230929042535098000000003",
            "status": "ACTIVE",
            "tags": {},
            "tags_all": {
              "Environment": "halo-cmm-dev",
              "Terraform": "true"
            },
            "timeouts": {
              "create": null,
              "delete": null,
              "update": null
            },
            "version": "1.28",
            "vpc_config": [
              {
                "cluster_security_group_id": "sg-0c498136b759ff1f8",
                "endpoint_private_access": true,
                "endpoint_public_access": true,
                "public_access_cidrs": [
                  "0.0.0.0/0"
                ],
                "security_group_ids": [
                  "sg-0942af470a801c374"
                ],
                "subnet_ids": [
                  "subnet-0204b106f03783a9f",
                  "subnet-03ebf293b9a6b8b00"
                ],
                "vpc_id": "vpc-092b49754685f4b46"
              }
            ]
          },
          "sensitive_attributes": [],
          "private": "eyJlMmJmYjczMC1lY2FhLTExZTYtOGY4OC0zNDM2M2JjN2M0YzAiOnsiY3JlYXRlIjoxODAwMDAwMDAwMDAwLCJkZWxldGUiOjkwMDAwMDAwMDAwMCwidXBkYXRlIjozNjAwMDAwMDAwMDAwfX0=",
          "dependencies": [
            "data.aws_availability_zones.available",
            "module.clusters.module.eks.aws_cloudwatch_log_group.this",
            "module.clusters.module.eks.aws_iam_policy.cni_ipv6_policy",
            "module.clusters.module.eks.aws_iam_role.this",
            "module.clusters.module.eks.aws_iam_role_policy_attachment.this",
            "module.clusters.module.eks.aws_security_group.cluster",
            "module.clusters.module.eks.aws_security_group.node",
            "module.clusters.module.eks.aws_security_group_rule.cluster",
            "module.clusters.module.eks.aws_security_group_rule.node",
            "module.clusters.module.eks.data.aws_caller_identity.current",
            "module.clusters.module.eks.data.aws_iam_policy_document.assume_role_policy",
            "module.clusters.module.eks.data.aws_iam_policy_document.cni_ipv6_policy",
            "module.clusters.module.eks.data.aws_iam_session_context.current",
            "module.clusters.module.eks.data.aws_partition.current",
            "module.clusters.module.eks.module.kms.aws_kms_external_key.this",
            "module.clusters.module.eks.module.kms.aws_kms_key.this",
            "module.clusters.module.eks.module.kms.data.aws_caller_identity.current",
            "module.clusters.module.eks.module.kms.data.aws_iam_policy_document.this",
            "module.clusters.module.eks.module.kms.data.aws_partition.current",
            "module.vpc.aws_subnet.intra",
            "module.vpc.aws_subnet.private",
            "module.vpc.aws_vpc.this",
            "module.vpc.aws_vpc_ipv4_cidr_block_association.this"
          ],
          "create_before_destroy": true
        }
      ]
    },
    {
      "module": "module.clusters[\"worker2\"].module.eks",
      "mode": "managed",
      "type": "aws_iam_openid_connect_provider",
      "name": "oidc_provider",
      "provider": "provider[\"registry.terraform.io/hashicorp/aws\"]",
      "instances": [
        {
          "index_key": 0,
          "schema_version": 0,
          "attributes": {
            "arn": "arn:aws:iam::010295286036:oidc-provider/oidc.eks.us-west-2.amazonaws.com/id/15BCB9D2F3A47B27F4A553C594D3C365",
            "client_id_list": [
              "sts.amazonaws.com"
            ],
            "id": "arn:aws:iam::010295286036:oidc-provider/oidc.eks.us-west-2.amazonaws.com/id/15BCB9D2F3A47B27F4A553C594D3C365",
            "tags": {
              "Name": "worker2-duchy-eks-irsa"
            },
            "tags_all": {
              "Environment": "halo-cmm-dev",
              "Name": "worker2-duchy-eks-irsa",
              "Terraform": "true"
            },
            "thumbprint_list": [
              "9e99a48a9960b14926bb7f3b02e22da2b0ab7280",
              "06b25927c42a721631c1efd9431e648fa62e1e39",
              "2ad974a775f73cbdbbd8f5ac3a49255fa8fb1f8c",
              "e1d31a1f94725daaef02dcf1c1bb0ff4a28a6060"
            ],
            "url": "oidc.eks.us-west-2.amazonaws.com/id/15BCB9D2F3A47B27F4A553C594D3C365"
          },
          "sensitive_attributes": [],
          "private": "bnVsbA==",
          "dependencies": [
            "data.aws_availability_zones.available",
            "module.clusters.module.eks.aws_cloudwatch_log_group.this",
            "module.clusters.module.eks.aws_eks_cluster.this",
            "module.clusters.module.eks.aws_iam_policy.cni_ipv6_policy",
            "module.clusters.module.eks.aws_iam_role.this",
            "module.clusters.module.eks.aws_iam_role_policy_attachment.this",
            "module.clusters.module.eks.aws_security_group.cluster",
            "module.clusters.module.eks.aws_security_group.node",
            "module.clusters.module.eks.aws_security_group_rule.cluster",
            "module.clusters.module.eks.aws_security_group_rule.node",
            "module.clusters.module.eks.data.aws_caller_identity.current",
            "module.clusters.module.eks.data.aws_iam_policy_document.assume_role_policy",
            "module.clusters.module.eks.data.aws_iam_policy_document.cni_ipv6_policy",
            "module.clusters.module.eks.data.aws_iam_session_context.current",
            "module.clusters.module.eks.data.aws_partition.current",
            "module.clusters.module.eks.data.tls_certificate.this",
            "module.clusters.module.eks.module.kms.aws_kms_external_key.this",
            "module.clusters.module.eks.module.kms.aws_kms_key.this",
            "module.clusters.module.eks.module.kms.data.aws_caller_identity.current",
            "module.clusters.module.eks.module.kms.data.aws_iam_policy_document.this",
            "module.clusters.module.eks.module.kms.data.aws_partition.current",
            "module.vpc.aws_subnet.intra",
            "module.vpc.aws_subnet.private",
            "module.vpc.aws_vpc.this",
            "module.vpc.aws_vpc_ipv4_cidr_block_association.this"
          ]
        }
      ]
    },
    {
      "module": "module.clusters[\"worker2\"].module.eks",
      "mode": "managed",
      "type": "aws_iam_policy",
      "name": "cluster_encryption",
      "provider": "provider[\"registry.terraform.io/hashicorp/aws\"]",
      "instances": [
        {
          "index_key": 0,
          "schema_version": 0,
          "attributes": {
            "arn": "arn:aws:iam::010295286036:policy/worker2-duchy-cluster-ClusterEncryption2023092904255687050000000e",
            "description": "Cluster encryption policy to allow cluster role to utilize CMK provided",
            "id": "arn:aws:iam::010295286036:policy/worker2-duchy-cluster-ClusterEncryption2023092904255687050000000e",
            "name": "worker2-duchy-cluster-ClusterEncryption2023092904255687050000000e",
            "name_prefix": "worker2-duchy-cluster-ClusterEncryption",
            "path": "/",
            "policy": "{\"Statement\":[{\"Action\":[\"kms:Encrypt\",\"kms:Decrypt\",\"kms:ListGrants\",\"kms:DescribeKey\"],\"Effect\":\"Allow\",\"Resource\":\"arn:aws:kms:us-west-2:010295286036:key/dd507e8d-25e0-45e8-8a0f-37a11561e4f1\"}],\"Version\":\"2012-10-17\"}",
            "policy_id": "ANPAQEZNFTEKMFYDDKU5T",
            "tags": {},
            "tags_all": {
              "Environment": "halo-cmm-dev",
              "Terraform": "true"
            }
          },
          "sensitive_attributes": [],
          "private": "bnVsbA==",
          "dependencies": [
            "module.clusters.module.eks.aws_iam_role.this",
            "module.clusters.module.eks.data.aws_caller_identity.current",
            "module.clusters.module.eks.data.aws_iam_policy_document.assume_role_policy",
            "module.clusters.module.eks.data.aws_iam_session_context.current",
            "module.clusters.module.eks.data.aws_partition.current",
            "module.clusters.module.eks.module.kms.aws_kms_external_key.this",
            "module.clusters.module.eks.module.kms.aws_kms_key.this",
            "module.clusters.module.eks.module.kms.data.aws_caller_identity.current",
            "module.clusters.module.eks.module.kms.data.aws_iam_policy_document.this",
            "module.clusters.module.eks.module.kms.data.aws_partition.current"
          ]
        }
      ]
    },
    {
      "module": "module.clusters[\"worker2\"].module.eks",
      "mode": "managed",
      "type": "aws_iam_role",
      "name": "this",
      "provider": "provider[\"registry.terraform.io/hashicorp/aws\"]",
      "instances": [
        {
          "index_key": 0,
          "schema_version": 0,
          "attributes": {
            "arn": "arn:aws:iam::010295286036:role/worker2-duchy-cluster-20230929042535098000000003",
            "assume_role_policy": "{\"Statement\":[{\"Action\":\"sts:AssumeRole\",\"Effect\":\"Allow\",\"Principal\":{\"Service\":\"eks.amazonaws.com\"},\"Sid\":\"EKSClusterAssumeRole\"}],\"Version\":\"2012-10-17\"}",
            "create_date": "2023-09-29T04:25:35Z",
            "description": "",
            "force_detach_policies": true,
            "id": "worker2-duchy-cluster-20230929042535098000000003",
            "inline_policy": [
              {
                "name": "worker2-duchy-cluster",
                "policy": "{\"Version\":\"2012-10-17\",\"Statement\":[{\"Action\":[\"logs:CreateLogGroup\"],\"Effect\":\"Deny\",\"Resource\":\"*\"}]}"
              }
            ],
            "managed_policy_arns": [
              "arn:aws:iam::010295286036:policy/worker2-duchy-cluster-ClusterEncryption2023092904255687050000000e",
              "arn:aws:iam::aws:policy/AmazonEKSClusterPolicy",
              "arn:aws:iam::aws:policy/AmazonEKSVPCResourceController"
            ],
            "max_session_duration": 3600,
            "name": "worker2-duchy-cluster-20230929042535098000000003",
            "name_prefix": "worker2-duchy-cluster-",
            "path": "/",
            "permissions_boundary": null,
            "role_last_used": [
              {
                "last_used_date": "2023-09-29T17:23:39Z",
                "region": "us-west-2"
              }
            ],
            "tags": {},
            "tags_all": {
              "Environment": "halo-cmm-dev",
              "Terraform": "true"
            },
            "unique_id": "AROAQEZNFTEKEOOLDIKYN"
          },
          "sensitive_attributes": [],
          "private": "bnVsbA==",
          "dependencies": [
            "module.clusters.module.eks.data.aws_iam_policy_document.assume_role_policy",
            "module.clusters.module.eks.data.aws_partition.current"
          ],
          "create_before_destroy": true
        }
      ]
    },
    {
      "module": "module.clusters[\"worker2\"].module.eks",
      "mode": "managed",
      "type": "aws_iam_role_policy_attachment",
      "name": "cluster_encryption",
      "provider": "provider[\"registry.terraform.io/hashicorp/aws\"]",
      "instances": [
        {
          "index_key": 0,
          "schema_version": 0,
          "attributes": {
            "id": "worker2-duchy-cluster-20230929042535098000000003-2023092904255707130000000f",
            "policy_arn": "arn:aws:iam::010295286036:policy/worker2-duchy-cluster-ClusterEncryption2023092904255687050000000e",
            "role": "worker2-duchy-cluster-20230929042535098000000003"
          },
          "sensitive_attributes": [],
          "private": "bnVsbA==",
          "dependencies": [
            "module.clusters.module.eks.aws_iam_policy.cluster_encryption",
            "module.clusters.module.eks.aws_iam_role.this",
            "module.clusters.module.eks.data.aws_caller_identity.current",
            "module.clusters.module.eks.data.aws_iam_policy_document.assume_role_policy",
            "module.clusters.module.eks.data.aws_iam_session_context.current",
            "module.clusters.module.eks.data.aws_partition.current",
            "module.clusters.module.eks.module.kms.aws_kms_external_key.this",
            "module.clusters.module.eks.module.kms.aws_kms_key.this",
            "module.clusters.module.eks.module.kms.data.aws_caller_identity.current",
            "module.clusters.module.eks.module.kms.data.aws_iam_policy_document.this",
            "module.clusters.module.eks.module.kms.data.aws_partition.current"
          ]
        }
      ]
    },
    {
      "module": "module.clusters[\"worker2\"].module.eks",
      "mode": "managed",
      "type": "aws_iam_role_policy_attachment",
      "name": "this",
      "provider": "provider[\"registry.terraform.io/hashicorp/aws\"]",
      "instances": [
        {
          "index_key": "AmazonEKSClusterPolicy",
          "schema_version": 0,
          "attributes": {
            "id": "worker2-duchy-cluster-20230929042535098000000003-20230929042535395900000009",
            "policy_arn": "arn:aws:iam::aws:policy/AmazonEKSClusterPolicy",
            "role": "worker2-duchy-cluster-20230929042535098000000003"
          },
          "sensitive_attributes": [],
          "private": "bnVsbA==",
          "dependencies": [
            "module.clusters.module.eks.aws_iam_role.this",
            "module.clusters.module.eks.data.aws_iam_policy_document.assume_role_policy",
            "module.clusters.module.eks.data.aws_partition.current"
          ],
          "create_before_destroy": true
        },
        {
          "index_key": "AmazonEKSVPCResourceController",
          "schema_version": 0,
          "attributes": {
            "id": "worker2-duchy-cluster-20230929042535098000000003-20230929042535395600000008",
            "policy_arn": "arn:aws:iam::aws:policy/AmazonEKSVPCResourceController",
            "role": "worker2-duchy-cluster-20230929042535098000000003"
          },
          "sensitive_attributes": [],
          "private": "bnVsbA==",
          "dependencies": [
            "module.clusters.module.eks.aws_iam_role.this",
            "module.clusters.module.eks.data.aws_iam_policy_document.assume_role_policy",
            "module.clusters.module.eks.data.aws_partition.current"
          ],
          "create_before_destroy": true
        }
      ]
    },
    {
      "module": "module.clusters[\"worker2\"].module.eks",
      "mode": "managed",
      "type": "aws_security_group",
      "name": "cluster",
      "provider": "provider[\"registry.terraform.io/hashicorp/aws\"]",
      "instances": [
        {
          "index_key": 0,
          "schema_version": 1,
          "attributes": {
            "arn": "arn:aws:ec2:us-west-2:010295286036:security-group/sg-0942af470a801c374",
            "description": "EKS cluster security group",
            "egress": [],
            "id": "sg-0942af470a801c374",
            "ingress": [
              {
                "cidr_blocks": [],
                "description": "Node groups to cluster API",
                "from_port": 443,
                "ipv6_cidr_blocks": [],
                "prefix_list_ids": [],
                "protocol": "tcp",
                "security_groups": [
                  "sg-0ee4e4a55fc38d384"
                ],
                "self": false,
                "to_port": 443
              }
            ],
            "name": "worker2-duchy-cluster-2023092904254858890000000b",
            "name_prefix": "worker2-duchy-cluster-",
            "owner_id": "010295286036",
            "revoke_rules_on_delete": false,
            "tags": {
              "Name": "worker2-duchy-cluster"
            },
            "tags_all": {
              "Environment": "halo-cmm-dev",
              "Name": "worker2-duchy-cluster",
              "Terraform": "true"
            },
            "timeouts": null,
            "vpc_id": "vpc-092b49754685f4b46"
          },
          "sensitive_attributes": [],
          "private": "eyJlMmJmYjczMC1lY2FhLTExZTYtOGY4OC0zNDM2M2JjN2M0YzAiOnsiY3JlYXRlIjo2MDAwMDAwMDAwMDAsImRlbGV0ZSI6OTAwMDAwMDAwMDAwfSwic2NoZW1hX3ZlcnNpb24iOiIxIn0=",
          "dependencies": [
            "module.vpc.aws_vpc.this"
          ],
          "create_before_destroy": true
        }
      ]
    },
    {
      "module": "module.clusters[\"worker2\"].module.eks",
      "mode": "managed",
      "type": "aws_security_group",
      "name": "node",
      "provider": "provider[\"registry.terraform.io/hashicorp/aws\"]",
      "instances": [
        {
          "index_key": 0,
          "schema_version": 1,
          "attributes": {
            "arn": "arn:aws:ec2:us-west-2:010295286036:security-group/sg-0ee4e4a55fc38d384",
            "description": "EKS node shared security group",
            "egress": [
              {
                "cidr_blocks": [
                  "0.0.0.0/0"
                ],
                "description": "Allow all egress",
                "from_port": 0,
                "ipv6_cidr_blocks": [],
                "prefix_list_ids": [],
                "protocol": "-1",
                "security_groups": [],
                "self": false,
                "to_port": 0
              }
            ],
            "id": "sg-0ee4e4a55fc38d384",
            "ingress": [
              {
                "cidr_blocks": [],
                "description": "Cluster API to node 4443/tcp webhook",
                "from_port": 4443,
                "ipv6_cidr_blocks": [],
                "prefix_list_ids": [],
                "protocol": "tcp",
                "security_groups": [
                  "sg-0942af470a801c374"
                ],
                "self": false,
                "to_port": 4443
              },
              {
                "cidr_blocks": [],
                "description": "Cluster API to node 6443/tcp webhook",
                "from_port": 6443,
                "ipv6_cidr_blocks": [],
                "prefix_list_ids": [],
                "protocol": "tcp",
                "security_groups": [
                  "sg-0942af470a801c374"
                ],
                "self": false,
                "to_port": 6443
              },
              {
                "cidr_blocks": [],
                "description": "Cluster API to node 8443/tcp webhook",
                "from_port": 8443,
                "ipv6_cidr_blocks": [],
                "prefix_list_ids": [],
                "protocol": "tcp",
                "security_groups": [
                  "sg-0942af470a801c374"
                ],
                "self": false,
                "to_port": 8443
              },
              {
                "cidr_blocks": [],
                "description": "Cluster API to node 9443/tcp webhook",
                "from_port": 9443,
                "ipv6_cidr_blocks": [],
                "prefix_list_ids": [],
                "protocol": "tcp",
                "security_groups": [
                  "sg-0942af470a801c374"
                ],
                "self": false,
                "to_port": 9443
              },
              {
                "cidr_blocks": [],
                "description": "Cluster API to node groups",
                "from_port": 443,
                "ipv6_cidr_blocks": [],
                "prefix_list_ids": [],
                "protocol": "tcp",
                "security_groups": [
                  "sg-0942af470a801c374"
                ],
                "self": false,
                "to_port": 443
              },
              {
                "cidr_blocks": [],
                "description": "Cluster API to node kubelets",
                "from_port": 10250,
                "ipv6_cidr_blocks": [],
                "prefix_list_ids": [],
                "protocol": "tcp",
                "security_groups": [
                  "sg-0942af470a801c374"
                ],
                "self": false,
                "to_port": 10250
              },
              {
                "cidr_blocks": [],
                "description": "Node to node CoreDNS UDP",
                "from_port": 53,
                "ipv6_cidr_blocks": [],
                "prefix_list_ids": [],
                "protocol": "udp",
                "security_groups": [],
                "self": true,
                "to_port": 53
              },
              {
                "cidr_blocks": [],
                "description": "Node to node CoreDNS",
                "from_port": 53,
                "ipv6_cidr_blocks": [],
                "prefix_list_ids": [],
                "protocol": "tcp",
                "security_groups": [],
                "self": true,
                "to_port": 53
              },
              {
                "cidr_blocks": [],
                "description": "Node to node ingress on ephemeral ports",
                "from_port": 1025,
                "ipv6_cidr_blocks": [],
                "prefix_list_ids": [],
                "protocol": "tcp",
                "security_groups": [],
                "self": true,
                "to_port": 65535
              },
              {
                "cidr_blocks": [],
                "description": "elbv2.k8s.aws/targetGroupBinding=shared",
                "from_port": 8443,
                "ipv6_cidr_blocks": [],
                "prefix_list_ids": [],
                "protocol": "tcp",
                "security_groups": [
                  "sg-0408e5b477e607d35"
                ],
                "self": false,
                "to_port": 8443
              }
            ],
            "name": "worker2-duchy-node-2023092904254858720000000a",
            "name_prefix": "worker2-duchy-node-",
            "owner_id": "010295286036",
            "revoke_rules_on_delete": false,
            "tags": {
              "Name": "worker2-duchy-node",
              "kubernetes.io/cluster/worker2-duchy": "owned"
            },
            "tags_all": {
              "Environment": "halo-cmm-dev",
              "Name": "worker2-duchy-node",
              "Terraform": "true",
              "kubernetes.io/cluster/worker2-duchy": "owned"
            },
            "timeouts": null,
            "vpc_id": "vpc-092b49754685f4b46"
          },
          "sensitive_attributes": [],
          "private": "eyJlMmJmYjczMC1lY2FhLTExZTYtOGY4OC0zNDM2M2JjN2M0YzAiOnsiY3JlYXRlIjo2MDAwMDAwMDAwMDAsImRlbGV0ZSI6OTAwMDAwMDAwMDAwfSwic2NoZW1hX3ZlcnNpb24iOiIxIn0=",
          "dependencies": [
            "module.vpc.aws_vpc.this"
          ],
          "create_before_destroy": true
        }
      ]
    },
    {
      "module": "module.clusters[\"worker2\"].module.eks",
      "mode": "managed",
      "type": "aws_security_group_rule",
      "name": "cluster",
      "provider": "provider[\"registry.terraform.io/hashicorp/aws\"]",
      "instances": [
        {
          "index_key": "ingress_nodes_443",
          "schema_version": 2,
          "attributes": {
            "cidr_blocks": null,
            "description": "Node groups to cluster API",
            "from_port": 443,
            "id": "sgrule-2022953628",
            "ipv6_cidr_blocks": null,
            "prefix_list_ids": null,
            "protocol": "tcp",
            "security_group_id": "sg-0942af470a801c374",
            "security_group_rule_id": "sgr-04daf35a62706c0e1",
            "self": false,
            "source_security_group_id": "sg-0ee4e4a55fc38d384",
            "timeouts": null,
            "to_port": 443,
            "type": "ingress"
          },
          "sensitive_attributes": [],
          "private": "eyJlMmJmYjczMC1lY2FhLTExZTYtOGY4OC0zNDM2M2JjN2M0YzAiOnsiY3JlYXRlIjozMDAwMDAwMDAwMDB9LCJzY2hlbWFfdmVyc2lvbiI6IjIifQ==",
          "dependencies": [
            "module.clusters.module.eks.aws_security_group.cluster",
            "module.clusters.module.eks.aws_security_group.node",
            "module.vpc.aws_vpc.this"
          ],
          "create_before_destroy": true
        }
      ]
    },
    {
      "module": "module.clusters[\"worker2\"].module.eks",
      "mode": "managed",
      "type": "aws_security_group_rule",
      "name": "node",
      "provider": "provider[\"registry.terraform.io/hashicorp/aws\"]",
      "instances": [
        {
          "index_key": "egress_all",
          "schema_version": 2,
          "attributes": {
            "cidr_blocks": [
              "0.0.0.0/0"
            ],
            "description": "Allow all egress",
            "from_port": 0,
            "id": "sgrule-339502358",
            "ipv6_cidr_blocks": null,
            "prefix_list_ids": [],
            "protocol": "-1",
            "security_group_id": "sg-0ee4e4a55fc38d384",
            "security_group_rule_id": "sgr-0d7da7c58719911b4",
            "self": false,
            "source_security_group_id": null,
            "timeouts": null,
            "to_port": 0,
            "type": "egress"
          },
          "sensitive_attributes": [],
          "private": "eyJlMmJmYjczMC1lY2FhLTExZTYtOGY4OC0zNDM2M2JjN2M0YzAiOnsiY3JlYXRlIjozMDAwMDAwMDAwMDB9LCJzY2hlbWFfdmVyc2lvbiI6IjIifQ==",
          "dependencies": [
            "module.clusters.module.eks.aws_security_group.cluster",
            "module.clusters.module.eks.aws_security_group.node",
            "module.vpc.aws_vpc.this"
          ],
          "create_before_destroy": true
        },
        {
          "index_key": "ingress_cluster_443",
          "schema_version": 2,
          "attributes": {
            "cidr_blocks": null,
            "description": "Cluster API to node groups",
            "from_port": 443,
            "id": "sgrule-3426293297",
            "ipv6_cidr_blocks": null,
            "prefix_list_ids": [],
            "protocol": "tcp",
            "security_group_id": "sg-0ee4e4a55fc38d384",
            "security_group_rule_id": "sgr-0b725c3569137d9ea",
            "self": false,
            "source_security_group_id": "sg-0942af470a801c374",
            "timeouts": null,
            "to_port": 443,
            "type": "ingress"
          },
          "sensitive_attributes": [],
          "private": "eyJlMmJmYjczMC1lY2FhLTExZTYtOGY4OC0zNDM2M2JjN2M0YzAiOnsiY3JlYXRlIjozMDAwMDAwMDAwMDB9LCJzY2hlbWFfdmVyc2lvbiI6IjIifQ==",
          "dependencies": [
            "module.clusters.module.eks.aws_security_group.cluster",
            "module.clusters.module.eks.aws_security_group.node",
            "module.vpc.aws_vpc.this"
          ],
          "create_before_destroy": true
        },
        {
          "index_key": "ingress_cluster_4443_webhook",
          "schema_version": 2,
          "attributes": {
            "cidr_blocks": null,
            "description": "Cluster API to node 4443/tcp webhook",
            "from_port": 4443,
            "id": "sgrule-2920945975",
            "ipv6_cidr_blocks": null,
            "prefix_list_ids": [],
            "protocol": "tcp",
            "security_group_id": "sg-0ee4e4a55fc38d384",
            "security_group_rule_id": "sgr-00c0371ef6080b24f",
            "self": false,
            "source_security_group_id": "sg-0942af470a801c374",
            "timeouts": null,
            "to_port": 4443,
            "type": "ingress"
          },
          "sensitive_attributes": [],
          "private": "eyJlMmJmYjczMC1lY2FhLTExZTYtOGY4OC0zNDM2M2JjN2M0YzAiOnsiY3JlYXRlIjozMDAwMDAwMDAwMDB9LCJzY2hlbWFfdmVyc2lvbiI6IjIifQ==",
          "dependencies": [
            "module.clusters.module.eks.aws_security_group.cluster",
            "module.clusters.module.eks.aws_security_group.node",
            "module.vpc.aws_vpc.this"
          ],
          "create_before_destroy": true
        },
        {
          "index_key": "ingress_cluster_6443_webhook",
          "schema_version": 2,
          "attributes": {
            "cidr_blocks": null,
            "description": "Cluster API to node 6443/tcp webhook",
            "from_port": 6443,
            "id": "sgrule-1733852833",
            "ipv6_cidr_blocks": null,
            "prefix_list_ids": [],
            "protocol": "tcp",
            "security_group_id": "sg-0ee4e4a55fc38d384",
            "security_group_rule_id": "sgr-0fb3c35a85d6023ed",
            "self": false,
            "source_security_group_id": "sg-0942af470a801c374",
            "timeouts": null,
            "to_port": 6443,
            "type": "ingress"
          },
          "sensitive_attributes": [],
          "private": "eyJlMmJmYjczMC1lY2FhLTExZTYtOGY4OC0zNDM2M2JjN2M0YzAiOnsiY3JlYXRlIjozMDAwMDAwMDAwMDB9LCJzY2hlbWFfdmVyc2lvbiI6IjIifQ==",
          "dependencies": [
            "module.clusters.module.eks.aws_security_group.cluster",
            "module.clusters.module.eks.aws_security_group.node",
            "module.vpc.aws_vpc.this"
          ],
          "create_before_destroy": true
        },
        {
          "index_key": "ingress_cluster_8443_webhook",
          "schema_version": 2,
          "attributes": {
            "cidr_blocks": null,
            "description": "Cluster API to node 8443/tcp webhook",
            "from_port": 8443,
            "id": "sgrule-1946436224",
            "ipv6_cidr_blocks": null,
            "prefix_list_ids": [],
            "protocol": "tcp",
            "security_group_id": "sg-0ee4e4a55fc38d384",
            "security_group_rule_id": "sgr-04316b74bf6dc96c2",
            "self": false,
            "source_security_group_id": "sg-0942af470a801c374",
            "timeouts": null,
            "to_port": 8443,
            "type": "ingress"
          },
          "sensitive_attributes": [],
          "private": "eyJlMmJmYjczMC1lY2FhLTExZTYtOGY4OC0zNDM2M2JjN2M0YzAiOnsiY3JlYXRlIjozMDAwMDAwMDAwMDB9LCJzY2hlbWFfdmVyc2lvbiI6IjIifQ==",
          "dependencies": [
            "module.clusters.module.eks.aws_security_group.cluster",
            "module.clusters.module.eks.aws_security_group.node",
            "module.vpc.aws_vpc.this"
          ],
          "create_before_destroy": true
        },
        {
          "index_key": "ingress_cluster_9443_webhook",
          "schema_version": 2,
          "attributes": {
            "cidr_blocks": null,
            "description": "Cluster API to node 9443/tcp webhook",
            "from_port": 9443,
            "id": "sgrule-279277899",
            "ipv6_cidr_blocks": null,
            "prefix_list_ids": [],
            "protocol": "tcp",
            "security_group_id": "sg-0ee4e4a55fc38d384",
            "security_group_rule_id": "sgr-0fdc16eac2bb6f575",
            "self": false,
            "source_security_group_id": "sg-0942af470a801c374",
            "timeouts": null,
            "to_port": 9443,
            "type": "ingress"
          },
          "sensitive_attributes": [],
          "private": "eyJlMmJmYjczMC1lY2FhLTExZTYtOGY4OC0zNDM2M2JjN2M0YzAiOnsiY3JlYXRlIjozMDAwMDAwMDAwMDB9LCJzY2hlbWFfdmVyc2lvbiI6IjIifQ==",
          "dependencies": [
            "module.clusters.module.eks.aws_security_group.cluster",
            "module.clusters.module.eks.aws_security_group.node",
            "module.vpc.aws_vpc.this"
          ],
          "create_before_destroy": true
        },
        {
          "index_key": "ingress_cluster_kubelet",
          "schema_version": 2,
          "attributes": {
            "cidr_blocks": null,
            "description": "Cluster API to node kubelets",
            "from_port": 10250,
            "id": "sgrule-3550025357",
            "ipv6_cidr_blocks": null,
            "prefix_list_ids": [],
            "protocol": "tcp",
            "security_group_id": "sg-0ee4e4a55fc38d384",
            "security_group_rule_id": "sgr-00629ed291ed2f28a",
            "self": false,
            "source_security_group_id": "sg-0942af470a801c374",
            "timeouts": null,
            "to_port": 10250,
            "type": "ingress"
          },
          "sensitive_attributes": [],
          "private": "eyJlMmJmYjczMC1lY2FhLTExZTYtOGY4OC0zNDM2M2JjN2M0YzAiOnsiY3JlYXRlIjozMDAwMDAwMDAwMDB9LCJzY2hlbWFfdmVyc2lvbiI6IjIifQ==",
          "dependencies": [
            "module.clusters.module.eks.aws_security_group.cluster",
            "module.clusters.module.eks.aws_security_group.node",
            "module.vpc.aws_vpc.this"
          ],
          "create_before_destroy": true
        },
        {
          "index_key": "ingress_nodes_ephemeral",
          "schema_version": 2,
          "attributes": {
            "cidr_blocks": null,
            "description": "Node to node ingress on ephemeral ports",
            "from_port": 1025,
            "id": "sgrule-2129043631",
            "ipv6_cidr_blocks": null,
            "prefix_list_ids": [],
            "protocol": "tcp",
            "security_group_id": "sg-0ee4e4a55fc38d384",
            "security_group_rule_id": "sgr-0fc9c033de9859c77",
            "self": true,
            "source_security_group_id": null,
            "timeouts": null,
            "to_port": 65535,
            "type": "ingress"
          },
          "sensitive_attributes": [],
          "private": "eyJlMmJmYjczMC1lY2FhLTExZTYtOGY4OC0zNDM2M2JjN2M0YzAiOnsiY3JlYXRlIjozMDAwMDAwMDAwMDB9LCJzY2hlbWFfdmVyc2lvbiI6IjIifQ==",
          "dependencies": [
            "module.clusters.module.eks.aws_security_group.cluster",
            "module.clusters.module.eks.aws_security_group.node",
            "module.vpc.aws_vpc.this"
          ],
          "create_before_destroy": true
        },
        {
          "index_key": "ingress_self_coredns_tcp",
          "schema_version": 2,
          "attributes": {
            "cidr_blocks": null,
            "description": "Node to node CoreDNS",
            "from_port": 53,
            "id": "sgrule-204067806",
            "ipv6_cidr_blocks": null,
            "prefix_list_ids": [],
            "protocol": "tcp",
            "security_group_id": "sg-0ee4e4a55fc38d384",
            "security_group_rule_id": "sgr-01234d58338ca269e",
            "self": true,
            "source_security_group_id": null,
            "timeouts": null,
            "to_port": 53,
            "type": "ingress"
          },
          "sensitive_attributes": [],
          "private": "eyJlMmJmYjczMC1lY2FhLTExZTYtOGY4OC0zNDM2M2JjN2M0YzAiOnsiY3JlYXRlIjozMDAwMDAwMDAwMDB9LCJzY2hlbWFfdmVyc2lvbiI6IjIifQ==",
          "dependencies": [
            "module.clusters.module.eks.aws_security_group.cluster",
            "module.clusters.module.eks.aws_security_group.node",
            "module.vpc.aws_vpc.this"
          ],
          "create_before_destroy": true
        },
        {
          "index_key": "ingress_self_coredns_udp",
          "schema_version": 2,
          "attributes": {
            "cidr_blocks": null,
            "description": "Node to node CoreDNS UDP",
            "from_port": 53,
            "id": "sgrule-2826334257",
            "ipv6_cidr_blocks": null,
            "prefix_list_ids": [],
            "protocol": "udp",
            "security_group_id": "sg-0ee4e4a55fc38d384",
            "security_group_rule_id": "sgr-0b89e994466e600a4",
            "self": true,
            "source_security_group_id": null,
            "timeouts": null,
            "to_port": 53,
            "type": "ingress"
          },
          "sensitive_attributes": [],
          "private": "eyJlMmJmYjczMC1lY2FhLTExZTYtOGY4OC0zNDM2M2JjN2M0YzAiOnsiY3JlYXRlIjozMDAwMDAwMDAwMDB9LCJzY2hlbWFfdmVyc2lvbiI6IjIifQ==",
          "dependencies": [
            "module.clusters.module.eks.aws_security_group.cluster",
            "module.clusters.module.eks.aws_security_group.node",
            "module.vpc.aws_vpc.this"
          ],
          "create_before_destroy": true
        }
      ]
    },
    {
      "module": "module.clusters[\"worker2\"].module.eks",
      "mode": "managed",
      "type": "time_sleep",
      "name": "this",
      "provider": "provider[\"registry.terraform.io/hashicorp/time\"]",
      "instances": [
        {
          "index_key": 0,
          "schema_version": 0,
          "attributes": {
            "create_duration": "30s",
            "destroy_duration": null,
            "id": "2023-09-29T04:36:23Z",
            "triggers": {
              "cluster_certificate_authority_data": "LS0tLS1CRUdJTiBDRVJUSUZJQ0FURS0tLS0tCk1JSURCVENDQWUyZ0F3SUJBZ0lJWWxzbHF5ODdMSkl3RFFZSktvWklodmNOQVFFTEJRQXdGVEVUTUJFR0ExVUUKQXhNS2EzVmlaWEp1WlhSbGN6QWVGdzB5TXpBNU1qa3dOREkxTlROYUZ3MHpNekE1TWpZd05ETXdOVE5hTUJVeApFekFSQmdOVkJBTVRDbXQxWW1WeWJtVjBaWE13Z2dFaU1BMEdDU3FHU0liM0RRRUJBUVVBQTRJQkR3QXdnZ0VLCkFvSUJBUUNoa1Nkb0ROOVJLZGdEQ0ljMjZ0bWoxVzNmMElqQ0lzcVZJaExoaDlkVFlYTHpVUCswanB3SFVBZWMKUE4zYUYyL3l6eTVmY09vNGFKMGZFeURmbjlQZXpRc3pFUzN3OEtLU3hHUGxPWU5LYldKclpHcXBtK20weStudwp1SjFySkNNemh6aG5iYmZZL0pEcW5FeWI0enNQV0VTN05wVWF4TFB0Zjd3a1M4OU9PNU9jMTMwaDMwQXkvdStnCmt3SjY0Nm51RVY4MXNlckJHemhVdFNnR1ZLQkppTW0wdTZmdXpHTUVlbS82OVE3R1JQb1l4K3N5LzNSdzE3bXQKWEJuNkhFdUVLNFZJek5rbDh6KzNpazhGWkIzWm9ld3hOYTRPM09jd21Fa1BkS0JZR3hjajBMZlBrcUtiVk45NQpNNDBkd2ZMK01WajN4K2FDZmxsRVlDNUthSVE1QWdNQkFBR2pXVEJYTUE0R0ExVWREd0VCL3dRRUF3SUNwREFQCkJnTlZIUk1CQWY4RUJUQURBUUgvTUIwR0ExVWREZ1FXQkJTVEFWaFVZSFhqa3hWYXlLV2lmWWh4bU5vZnBqQVYKQmdOVkhSRUVEakFNZ2dwcmRXSmxjbTVsZEdWek1BMEdDU3FHU0liM0RRRUJDd1VBQTRJQkFRQjYwL0t4THhjUQo0Z1dpRmtpaC9VTlRxV1M5UitVanV0YjdYcnlCbkd0M3JIK09NMHBtQWRpNkNnSW5DZ2pmbHFTSlZ4Z3pRTUhTCkM1QUorUlp4UU9CQ0JkMVhTL1JhYklwdFBleG8zZ2FoNmxQWUxzUm9DOC9ZSFVwODgyV2dPdHFkT2FnL3dCa2MKWHBVbUU1WTVTSWg4OGhtQkJhclVGZzJ2T1BOUGkwY0RqWExVQ3BXeVZnUmZjM2NNckRFRUhxampvSTR5ZjROMQptRy9nS1NLbEtqcjJGeXNna1pxR3U5Z1JRdFZtTjJVQkZ0bk50cTVveFNOeFNFSVQ5SzJwV29OSVZRVXB5TkRkCm16SUZZeHdrK0pjTG02S2pjSUhpUUg0T1JaNEhycUs5MWlTNUdvMzVsakJUZjFTRW1xRzU2WklrM05RODNZN0wKdHVFa0hVcys3endNCi0tLS0tRU5EIENFUlRJRklDQVRFLS0tLS0K",
              "cluster_endpoint": "https://15BCB9D2F3A47B27F4A553C594D3C365.gr7.us-west-2.eks.amazonaws.com",
              "cluster_name": "worker2-duchy",
              "cluster_version": "1.28"
            }
          },
          "sensitive_attributes": [],
          "dependencies": [
            "data.aws_availability_zones.available",
            "module.clusters.module.eks.aws_cloudwatch_log_group.this",
            "module.clusters.module.eks.aws_eks_cluster.this",
            "module.clusters.module.eks.aws_iam_policy.cni_ipv6_policy",
            "module.clusters.module.eks.aws_iam_role.this",
            "module.clusters.module.eks.aws_iam_role_policy_attachment.this",
            "module.clusters.module.eks.aws_security_group.cluster",
            "module.clusters.module.eks.aws_security_group.node",
            "module.clusters.module.eks.aws_security_group_rule.cluster",
            "module.clusters.module.eks.aws_security_group_rule.node",
            "module.clusters.module.eks.data.aws_caller_identity.current",
            "module.clusters.module.eks.data.aws_iam_policy_document.assume_role_policy",
            "module.clusters.module.eks.data.aws_iam_policy_document.cni_ipv6_policy",
            "module.clusters.module.eks.data.aws_iam_session_context.current",
            "module.clusters.module.eks.data.aws_partition.current",
            "module.clusters.module.eks.module.kms.aws_kms_external_key.this",
            "module.clusters.module.eks.module.kms.aws_kms_key.this",
            "module.clusters.module.eks.module.kms.data.aws_caller_identity.current",
            "module.clusters.module.eks.module.kms.data.aws_iam_policy_document.this",
            "module.clusters.module.eks.module.kms.data.aws_partition.current",
            "module.vpc.aws_subnet.intra",
            "module.vpc.aws_subnet.private",
            "module.vpc.aws_vpc.this",
            "module.vpc.aws_vpc_ipv4_cidr_block_association.this"
          ],
          "create_before_destroy": true
        }
      ]
    },
    {
      "module": "module.clusters[\"worker2\"].module.eks.module.eks_managed_node_group[\"default\"]",
      "mode": "data",
      "type": "aws_caller_identity",
      "name": "current",
      "provider": "provider[\"registry.terraform.io/hashicorp/aws\"]",
      "instances": [
        {
          "schema_version": 0,
          "attributes": {
            "account_id": "010295286036",
            "arn": "arn:aws:sts::010295286036:assumed-role/GitHubAction-AssumeRoleWithAction/TestSessionName",
            "id": "010295286036",
            "user_id": "AROAQEZNFTEKHX2ENNRZF:TestSessionName"
          },
          "sensitive_attributes": []
        }
      ]
    },
    {
      "module": "module.clusters[\"worker2\"].module.eks.module.eks_managed_node_group[\"default\"]",
      "mode": "data",
      "type": "aws_iam_policy_document",
      "name": "assume_role_policy",
      "provider": "provider[\"registry.terraform.io/hashicorp/aws\"]",
      "instances": [
        {
          "index_key": 0,
          "schema_version": 0,
          "attributes": {
            "id": "2560088296",
            "json": "{\n  \"Version\": \"2012-10-17\",\n  \"Statement\": [\n    {\n      \"Sid\": \"EKSNodeAssumeRole\",\n      \"Effect\": \"Allow\",\n      \"Action\": \"sts:AssumeRole\",\n      \"Principal\": {\n        \"Service\": \"ec2.amazonaws.com\"\n      }\n    }\n  ]\n}",
            "override_policy_documents": null,
            "policy_id": null,
            "source_policy_documents": null,
            "statement": [
              {
                "actions": [
                  "sts:AssumeRole"
                ],
                "condition": [],
                "effect": "Allow",
                "not_actions": [],
                "not_principals": [],
                "not_resources": [],
                "principals": [
                  {
                    "identifiers": [
                      "ec2.amazonaws.com"
                    ],
                    "type": "Service"
                  }
                ],
                "resources": [],
                "sid": "EKSNodeAssumeRole"
              }
            ],
            "version": "2012-10-17"
          },
          "sensitive_attributes": []
        }
      ]
    },
    {
      "module": "module.clusters[\"worker2\"].module.eks.module.eks_managed_node_group[\"default\"]",
      "mode": "data",
      "type": "aws_partition",
      "name": "current",
      "provider": "provider[\"registry.terraform.io/hashicorp/aws\"]",
      "instances": [
        {
          "schema_version": 0,
          "attributes": {
            "dns_suffix": "amazonaws.com",
            "id": "aws",
            "partition": "aws",
            "reverse_dns_prefix": "com.amazonaws"
          },
          "sensitive_attributes": []
        }
      ]
    },
    {
      "module": "module.clusters[\"worker2\"].module.eks.module.eks_managed_node_group[\"default\"]",
      "mode": "managed",
      "type": "aws_eks_node_group",
      "name": "this",
      "provider": "provider[\"registry.terraform.io/hashicorp/aws\"]",
      "instances": [
        {
          "index_key": 0,
          "schema_version": 0,
          "attributes": {
            "ami_type": "AL2_x86_64",
            "arn": "arn:aws:eks:us-west-2:010295286036:nodegroup/worker2-duchy/default-20230929164751229800000007/f2c570eb-726d-e17f-66c9-e26b87e29618",
            "capacity_type": "ON_DEMAND",
            "cluster_name": "worker2-duchy",
            "disk_size": 0,
            "force_update_version": null,
            "id": "worker2-duchy:default-20230929164751229800000007",
            "instance_types": [
              "m5.large"
            ],
            "labels": {},
            "launch_template": [
              {
                "id": "lt-0f0743945735ec246",
                "name": "default-20230929043624061200000012",
                "version": "1"
              }
            ],
            "node_group_name": "default-20230929164751229800000007",
            "node_group_name_prefix": "default-",
            "node_role_arn": "arn:aws:iam::010295286036:role/default-eks-node-group-20230929042535097400000002",
            "release_version": "1.28.1-20230919",
            "remote_access": [],
            "resources": [
              {
                "autoscaling_groups": [
                  {
                    "name": "eks-default-20230929164751229800000007-f2c570eb-726d-e17f-66c9-e26b87e29618"
                  }
                ],
                "remote_access_security_group_id": ""
              }
            ],
            "scaling_config": [
              {
                "desired_size": 1,
                "max_size": 2,
                "min_size": 1
              }
            ],
            "status": "ACTIVE",
            "subnet_ids": [
              "subnet-085cf93517760229f",
              "subnet-08f33b5931d17ad3a"
            ],
            "tags": {
              "Name": "default"
            },
            "tags_all": {
              "Environment": "halo-cmm-dev",
              "Name": "default",
              "Terraform": "true"
            },
            "taint": [],
            "timeouts": {
              "create": null,
              "delete": null,
              "update": null
            },
            "update_config": [
              {
                "max_unavailable": 0,
                "max_unavailable_percentage": 1
              }
            ],
            "version": "1.28"
          },
          "sensitive_attributes": [],
          "private": "eyJlMmJmYjczMC1lY2FhLTExZTYtOGY4OC0zNDM2M2JjN2M0YzAiOnsiY3JlYXRlIjozNjAwMDAwMDAwMDAwLCJkZWxldGUiOjM2MDAwMDAwMDAwMDAsInVwZGF0ZSI6MzYwMDAwMDAwMDAwMH19",
          "dependencies": [
            "data.aws_availability_zones.available",
            "module.clusters.module.eks.aws_cloudwatch_log_group.this",
            "module.clusters.module.eks.aws_eks_cluster.this",
            "module.clusters.module.eks.aws_iam_policy.cni_ipv6_policy",
            "module.clusters.module.eks.aws_iam_role.this",
            "module.clusters.module.eks.aws_iam_role_policy_attachment.this",
            "module.clusters.module.eks.aws_security_group.cluster",
            "module.clusters.module.eks.aws_security_group.node",
            "module.clusters.module.eks.aws_security_group_rule.cluster",
            "module.clusters.module.eks.aws_security_group_rule.node",
            "module.clusters.module.eks.data.aws_caller_identity.current",
            "module.clusters.module.eks.data.aws_iam_policy_document.assume_role_policy",
            "module.clusters.module.eks.data.aws_iam_policy_document.cni_ipv6_policy",
            "module.clusters.module.eks.data.aws_iam_session_context.current",
            "module.clusters.module.eks.data.aws_partition.current",
            "module.clusters.module.eks.module.eks_managed_node_group.aws_iam_role.this",
            "module.clusters.module.eks.module.eks_managed_node_group.aws_iam_role_policy_attachment.this",
            "module.clusters.module.eks.module.eks_managed_node_group.aws_launch_template.this",
            "module.clusters.module.eks.module.eks_managed_node_group.data.aws_caller_identity.current",
            "module.clusters.module.eks.module.eks_managed_node_group.data.aws_iam_policy_document.assume_role_policy",
            "module.clusters.module.eks.module.eks_managed_node_group.data.aws_partition.current",
            "module.clusters.module.eks.module.eks_managed_node_group.module.user_data.data.cloudinit_config.linux_eks_managed_node_group",
            "module.clusters.module.eks.module.kms.aws_kms_external_key.this",
            "module.clusters.module.eks.module.kms.aws_kms_key.this",
            "module.clusters.module.eks.module.kms.data.aws_caller_identity.current",
            "module.clusters.module.eks.module.kms.data.aws_iam_policy_document.this",
            "module.clusters.module.eks.module.kms.data.aws_partition.current",
            "module.clusters.module.eks.time_sleep.this",
            "module.vpc.aws_subnet.intra",
            "module.vpc.aws_subnet.private",
            "module.vpc.aws_vpc.this",
            "module.vpc.aws_vpc_ipv4_cidr_block_association.this"
          ],
          "create_before_destroy": true
        }
      ]
    },
    {
      "module": "module.clusters[\"worker2\"].module.eks.module.eks_managed_node_group[\"default\"]",
      "mode": "managed",
      "type": "aws_iam_role",
      "name": "this",
      "provider": "provider[\"registry.terraform.io/hashicorp/aws\"]",
      "instances": [
        {
          "index_key": 0,
          "schema_version": 0,
          "attributes": {
            "arn": "arn:aws:iam::010295286036:role/default-eks-node-group-20230929042535097400000002",
            "assume_role_policy": "{\"Statement\":[{\"Action\":\"sts:AssumeRole\",\"Effect\":\"Allow\",\"Principal\":{\"Service\":\"ec2.amazonaws.com\"},\"Sid\":\"EKSNodeAssumeRole\"}],\"Version\":\"2012-10-17\"}",
            "create_date": "2023-09-29T04:25:35Z",
            "description": "EKS managed node group IAM role",
            "force_detach_policies": true,
            "id": "default-eks-node-group-20230929042535097400000002",
            "inline_policy": [],
            "managed_policy_arns": [
              "arn:aws:iam::aws:policy/AmazonEC2ContainerRegistryReadOnly",
              "arn:aws:iam::aws:policy/AmazonEKSWorkerNodePolicy",
              "arn:aws:iam::aws:policy/AmazonEKS_CNI_Policy"
            ],
            "max_session_duration": 3600,
            "name": "default-eks-node-group-20230929042535097400000002",
            "name_prefix": "default-eks-node-group-",
            "path": "/",
            "permissions_boundary": null,
            "role_last_used": [
              {
                "last_used_date": "2023-09-29T17:07:09Z",
                "region": "us-west-2"
              }
            ],
            "tags": {},
            "tags_all": {
              "Environment": "halo-cmm-dev",
              "Terraform": "true"
            },
            "unique_id": "AROAQEZNFTEKJ2AXUFQH2"
          },
          "sensitive_attributes": [],
          "private": "bnVsbA==",
          "dependencies": [
            "module.clusters.module.eks.module.eks_managed_node_group.data.aws_iam_policy_document.assume_role_policy",
            "module.clusters.module.eks.module.eks_managed_node_group.data.aws_partition.current"
          ],
          "create_before_destroy": true
        }
      ]
    },
    {
      "module": "module.clusters[\"worker2\"].module.eks.module.eks_managed_node_group[\"default\"]",
      "mode": "managed",
      "type": "aws_iam_role_policy_attachment",
      "name": "this",
      "provider": "provider[\"registry.terraform.io/hashicorp/aws\"]",
      "instances": [
        {
          "index_key": "arn:aws:iam::aws:policy/AmazonEC2ContainerRegistryReadOnly",
          "schema_version": 0,
          "attributes": {
            "id": "default-eks-node-group-20230929042535097400000002-20230929042535321300000007",
            "policy_arn": "arn:aws:iam::aws:policy/AmazonEC2ContainerRegistryReadOnly",
            "role": "default-eks-node-group-20230929042535097400000002"
          },
          "sensitive_attributes": [],
          "private": "bnVsbA==",
          "dependencies": [
            "module.clusters.module.eks.module.eks_managed_node_group.aws_iam_role.this",
            "module.clusters.module.eks.module.eks_managed_node_group.data.aws_caller_identity.current",
            "module.clusters.module.eks.module.eks_managed_node_group.data.aws_iam_policy_document.assume_role_policy",
            "module.clusters.module.eks.module.eks_managed_node_group.data.aws_partition.current"
          ],
          "create_before_destroy": true
        },
        {
          "index_key": "arn:aws:iam::aws:policy/AmazonEKSWorkerNodePolicy",
          "schema_version": 0,
          "attributes": {
            "id": "default-eks-node-group-20230929042535097400000002-20230929042535319600000006",
            "policy_arn": "arn:aws:iam::aws:policy/AmazonEKSWorkerNodePolicy",
            "role": "default-eks-node-group-20230929042535097400000002"
          },
          "sensitive_attributes": [],
          "private": "bnVsbA==",
          "dependencies": [
            "module.clusters.module.eks.module.eks_managed_node_group.aws_iam_role.this",
            "module.clusters.module.eks.module.eks_managed_node_group.data.aws_caller_identity.current",
            "module.clusters.module.eks.module.eks_managed_node_group.data.aws_iam_policy_document.assume_role_policy",
            "module.clusters.module.eks.module.eks_managed_node_group.data.aws_partition.current"
          ],
          "create_before_destroy": true
        },
        {
          "index_key": "arn:aws:iam::aws:policy/AmazonEKS_CNI_Policy",
          "schema_version": 0,
          "attributes": {
            "id": "default-eks-node-group-20230929042535097400000002-20230929042535319600000005",
            "policy_arn": "arn:aws:iam::aws:policy/AmazonEKS_CNI_Policy",
            "role": "default-eks-node-group-20230929042535097400000002"
          },
          "sensitive_attributes": [],
          "private": "bnVsbA==",
          "dependencies": [
            "module.clusters.module.eks.module.eks_managed_node_group.aws_iam_role.this",
            "module.clusters.module.eks.module.eks_managed_node_group.data.aws_caller_identity.current",
            "module.clusters.module.eks.module.eks_managed_node_group.data.aws_iam_policy_document.assume_role_policy",
            "module.clusters.module.eks.module.eks_managed_node_group.data.aws_partition.current"
          ],
          "create_before_destroy": true
        }
      ]
    },
    {
      "module": "module.clusters[\"worker2\"].module.eks.module.eks_managed_node_group[\"default\"]",
      "mode": "managed",
      "type": "aws_launch_template",
      "name": "this",
      "provider": "provider[\"registry.terraform.io/hashicorp/aws\"]",
      "instances": [
        {
          "index_key": 0,
          "schema_version": 0,
          "attributes": {
            "arn": "arn:aws:ec2:us-west-2:010295286036:launch-template/lt-0f0743945735ec246",
            "block_device_mappings": [],
            "capacity_reservation_specification": [],
            "cpu_options": [],
            "credit_specification": [],
            "default_version": 1,
            "description": "Custom launch template for default EKS managed node group",
            "disable_api_stop": false,
            "disable_api_termination": false,
            "ebs_optimized": "",
            "elastic_gpu_specifications": [],
            "elastic_inference_accelerator": [],
            "enclave_options": [],
            "hibernation_options": [],
            "iam_instance_profile": [],
            "id": "lt-0f0743945735ec246",
            "image_id": "",
            "instance_initiated_shutdown_behavior": "",
            "instance_market_options": [],
            "instance_requirements": [],
            "instance_type": "",
            "kernel_id": "",
            "key_name": "",
            "latest_version": 1,
            "license_specification": [],
            "maintenance_options": [],
            "metadata_options": [
              {
                "http_endpoint": "enabled",
                "http_protocol_ipv6": "",
                "http_put_response_hop_limit": 2,
                "http_tokens": "required",
                "instance_metadata_tags": ""
              }
            ],
            "monitoring": [
              {
                "enabled": true
              }
            ],
            "name": "default-20230929043624061200000012",
            "name_prefix": "default-",
            "network_interfaces": [],
            "placement": [],
            "private_dns_name_options": [],
            "ram_disk_id": "",
            "security_group_names": [],
            "tag_specifications": [
              {
                "resource_type": "instance",
                "tags": {
                  "Name": "default"
                }
              },
              {
                "resource_type": "network-interface",
                "tags": {
                  "Name": "default"
                }
              },
              {
                "resource_type": "volume",
                "tags": {
                  "Name": "default"
                }
              }
            ],
            "tags": {},
            "tags_all": {
              "Environment": "halo-cmm-dev",
              "Terraform": "true"
            },
            "update_default_version": true,
            "user_data": "",
            "vpc_security_group_ids": [
              "sg-0ee4e4a55fc38d384"
            ]
          },
          "sensitive_attributes": [],
          "private": "bnVsbA==",
          "dependencies": [
            "data.aws_availability_zones.available",
            "module.clusters.module.eks.aws_cloudwatch_log_group.this",
            "module.clusters.module.eks.aws_eks_cluster.this",
            "module.clusters.module.eks.aws_iam_policy.cni_ipv6_policy",
            "module.clusters.module.eks.aws_iam_role.this",
            "module.clusters.module.eks.aws_iam_role_policy_attachment.this",
            "module.clusters.module.eks.aws_security_group.cluster",
            "module.clusters.module.eks.aws_security_group.node",
            "module.clusters.module.eks.aws_security_group_rule.cluster",
            "module.clusters.module.eks.aws_security_group_rule.node",
            "module.clusters.module.eks.data.aws_caller_identity.current",
            "module.clusters.module.eks.data.aws_iam_policy_document.assume_role_policy",
            "module.clusters.module.eks.data.aws_iam_policy_document.cni_ipv6_policy",
            "module.clusters.module.eks.data.aws_iam_session_context.current",
            "module.clusters.module.eks.data.aws_partition.current",
            "module.clusters.module.eks.module.eks_managed_node_group.aws_iam_role.this",
            "module.clusters.module.eks.module.eks_managed_node_group.aws_iam_role_policy_attachment.this",
            "module.clusters.module.eks.module.eks_managed_node_group.data.aws_caller_identity.current",
            "module.clusters.module.eks.module.eks_managed_node_group.data.aws_iam_policy_document.assume_role_policy",
            "module.clusters.module.eks.module.eks_managed_node_group.data.aws_partition.current",
            "module.clusters.module.eks.module.eks_managed_node_group.module.user_data.data.cloudinit_config.linux_eks_managed_node_group",
            "module.clusters.module.eks.module.kms.aws_kms_external_key.this",
            "module.clusters.module.eks.module.kms.aws_kms_key.this",
            "module.clusters.module.eks.module.kms.data.aws_caller_identity.current",
            "module.clusters.module.eks.module.kms.data.aws_iam_policy_document.this",
            "module.clusters.module.eks.module.kms.data.aws_partition.current",
            "module.clusters.module.eks.time_sleep.this",
            "module.vpc.aws_subnet.intra",
            "module.vpc.aws_subnet.private",
            "module.vpc.aws_vpc.this",
            "module.vpc.aws_vpc_ipv4_cidr_block_association.this"
          ],
          "create_before_destroy": true
        }
      ]
    },
    {
      "module": "module.clusters[\"worker2\"].module.eks.module.eks_managed_node_group[\"high_perf\"]",
      "mode": "data",
      "type": "aws_caller_identity",
      "name": "current",
      "provider": "provider[\"registry.terraform.io/hashicorp/aws\"]",
      "instances": [
        {
          "schema_version": 0,
          "attributes": {
            "account_id": "010295286036",
            "arn": "arn:aws:sts::010295286036:assumed-role/GitHubAction-AssumeRoleWithAction/TestSessionName",
            "id": "010295286036",
            "user_id": "AROAQEZNFTEKHX2ENNRZF:TestSessionName"
          },
          "sensitive_attributes": []
        }
      ]
    },
    {
      "module": "module.clusters[\"worker2\"].module.eks.module.eks_managed_node_group[\"high_perf\"]",
      "mode": "data",
      "type": "aws_iam_policy_document",
      "name": "assume_role_policy",
      "provider": "provider[\"registry.terraform.io/hashicorp/aws\"]",
      "instances": [
        {
          "index_key": 0,
          "schema_version": 0,
          "attributes": {
            "id": "2560088296",
            "json": "{\n  \"Version\": \"2012-10-17\",\n  \"Statement\": [\n    {\n      \"Sid\": \"EKSNodeAssumeRole\",\n      \"Effect\": \"Allow\",\n      \"Action\": \"sts:AssumeRole\",\n      \"Principal\": {\n        \"Service\": \"ec2.amazonaws.com\"\n      }\n    }\n  ]\n}",
            "override_policy_documents": null,
            "policy_id": null,
            "source_policy_documents": null,
            "statement": [
              {
                "actions": [
                  "sts:AssumeRole"
                ],
                "condition": [],
                "effect": "Allow",
                "not_actions": [],
                "not_principals": [],
                "not_resources": [],
                "principals": [
                  {
                    "identifiers": [
                      "ec2.amazonaws.com"
                    ],
                    "type": "Service"
                  }
                ],
                "resources": [],
                "sid": "EKSNodeAssumeRole"
              }
            ],
            "version": "2012-10-17"
          },
          "sensitive_attributes": []
        }
      ]
    },
    {
      "module": "module.clusters[\"worker2\"].module.eks.module.eks_managed_node_group[\"high_perf\"]",
      "mode": "data",
      "type": "aws_partition",
      "name": "current",
      "provider": "provider[\"registry.terraform.io/hashicorp/aws\"]",
      "instances": [
        {
          "schema_version": 0,
          "attributes": {
            "dns_suffix": "amazonaws.com",
            "id": "aws",
            "partition": "aws",
            "reverse_dns_prefix": "com.amazonaws"
          },
          "sensitive_attributes": []
        }
      ]
    },
    {
      "module": "module.clusters[\"worker2\"].module.eks.module.eks_managed_node_group[\"high_perf\"]",
      "mode": "managed",
      "type": "aws_eks_node_group",
      "name": "this",
      "provider": "provider[\"registry.terraform.io/hashicorp/aws\"]",
      "instances": [
        {
          "index_key": 0,
          "schema_version": 0,
          "attributes": {
            "ami_type": "AL2_x86_64",
            "arn": "arn:aws:eks:us-west-2:010295286036:nodegroup/worker2-duchy/high_perf-20230929164751230000000009/96c570eb-7268-d060-d16e-8df5d4b8298c",
            "capacity_type": "SPOT",
            "cluster_name": "worker2-duchy",
            "disk_size": 0,
            "force_update_version": null,
            "id": "worker2-duchy:high_perf-20230929164751230000000009",
            "instance_types": [
              "c5.xlarge"
            ],
            "labels": {},
            "launch_template": [
              {
                "id": "lt-070ea4e4785d5ac96",
                "name": "high_perf-20230929164750665400000005",
                "version": "1"
              }
            ],
            "node_group_name": "high_perf-20230929164751230000000009",
            "node_group_name_prefix": "high_perf-",
            "node_role_arn": "arn:aws:iam::010295286036:role/high_perf-eks-node-group-20230929164750378200000001",
            "release_version": "1.28.1-20230919",
            "remote_access": [],
            "resources": [
              {
                "autoscaling_groups": [
                  {
                    "name": "eks-high_perf-20230929164751230000000009-96c570eb-7268-d060-d16e-8df5d4b8298c"
                  }
                ],
                "remote_access_security_group_id": ""
              }
            ],
            "scaling_config": [
              {
                "desired_size": 1,
                "max_size": 2,
                "min_size": 1
              }
            ],
            "status": "ACTIVE",
            "subnet_ids": [
              "subnet-085cf93517760229f",
              "subnet-08f33b5931d17ad3a"
            ],
            "tags": {
              "Name": "high_perf"
            },
            "tags_all": {
              "Environment": "halo-cmm-dev",
              "Name": "high_perf",
              "Terraform": "true"
            },
            "taint": [
              {
                "effect": "NO_SCHEDULE",
                "key": "high_perf_spot_node",
                "value": "true"
              }
            ],
            "timeouts": {
              "create": null,
              "delete": null,
              "update": null
            },
            "update_config": [
              {
                "max_unavailable": 0,
                "max_unavailable_percentage": 1
              }
            ],
            "version": "1.28"
          },
          "sensitive_attributes": [],
          "private": "eyJlMmJmYjczMC1lY2FhLTExZTYtOGY4OC0zNDM2M2JjN2M0YzAiOnsiY3JlYXRlIjozNjAwMDAwMDAwMDAwLCJkZWxldGUiOjM2MDAwMDAwMDAwMDAsInVwZGF0ZSI6MzYwMDAwMDAwMDAwMH19",
          "dependencies": [
            "data.aws_availability_zones.available",
            "module.clusters.module.eks.module.eks_managed_node_group.aws_iam_role.this",
            "module.clusters.module.eks.module.eks_managed_node_group.aws_launch_template.this",
            "module.clusters.module.eks.time_sleep.this",
            "module.vpc.aws_subnet.private"
          ],
          "create_before_destroy": true
        }
      ]
    },
    {
      "module": "module.clusters[\"worker2\"].module.eks.module.eks_managed_node_group[\"high_perf\"]",
      "mode": "managed",
      "type": "aws_iam_role",
      "name": "this",
      "provider": "provider[\"registry.terraform.io/hashicorp/aws\"]",
      "instances": [
        {
          "index_key": 0,
          "schema_version": 0,
          "attributes": {
            "arn": "arn:aws:iam::010295286036:role/high_perf-eks-node-group-20230929164750378200000001",
            "assume_role_policy": "{\"Statement\":[{\"Action\":\"sts:AssumeRole\",\"Effect\":\"Allow\",\"Principal\":{\"Service\":\"ec2.amazonaws.com\"},\"Sid\":\"EKSNodeAssumeRole\"}],\"Version\":\"2012-10-17\"}",
            "create_date": "2023-09-29T16:47:50Z",
            "description": "EKS managed node group IAM role",
            "force_detach_policies": true,
            "id": "high_perf-eks-node-group-20230929164750378200000001",
            "inline_policy": [],
            "managed_policy_arns": [
              "arn:aws:iam::aws:policy/AmazonEC2ContainerRegistryReadOnly",
              "arn:aws:iam::aws:policy/AmazonEKSWorkerNodePolicy",
              "arn:aws:iam::aws:policy/AmazonEKS_CNI_Policy"
            ],
            "max_session_duration": 3600,
            "name": "high_perf-eks-node-group-20230929164750378200000001",
            "name_prefix": "high_perf-eks-node-group-",
            "path": "/",
            "permissions_boundary": null,
            "role_last_used": [
              {
                "last_used_date": "2023-09-29T17:17:02Z",
                "region": "us-west-2"
              }
            ],
            "tags": {},
            "tags_all": {
              "Environment": "halo-cmm-dev",
              "Terraform": "true"
            },
            "unique_id": "AROAQEZNFTEKC7IJRUHOE"
          },
          "sensitive_attributes": [],
          "private": "bnVsbA==",
          "dependencies": [
            "module.clusters.module.eks.module.eks_managed_node_group.data.aws_iam_policy_document.assume_role_policy",
            "module.clusters.module.eks.module.eks_managed_node_group.data.aws_partition.current"
          ],
          "create_before_destroy": true
        }
      ]
    },
    {
      "module": "module.clusters[\"worker2\"].module.eks.module.eks_managed_node_group[\"high_perf\"]",
      "mode": "managed",
      "type": "aws_iam_role_policy_attachment",
      "name": "this",
      "provider": "provider[\"registry.terraform.io/hashicorp/aws\"]",
      "instances": [
        {
          "index_key": "arn:aws:iam::aws:policy/AmazonEC2ContainerRegistryReadOnly",
          "schema_version": 0,
          "attributes": {
            "id": "high_perf-eks-node-group-20230929164750378200000001-20230929164750618100000004",
            "policy_arn": "arn:aws:iam::aws:policy/AmazonEC2ContainerRegistryReadOnly",
            "role": "high_perf-eks-node-group-20230929164750378200000001"
          },
          "sensitive_attributes": [],
          "private": "bnVsbA==",
          "dependencies": [
            "module.clusters.module.eks.module.eks_managed_node_group.aws_iam_role.this",
            "module.clusters.module.eks.module.eks_managed_node_group.data.aws_caller_identity.current",
            "module.clusters.module.eks.module.eks_managed_node_group.data.aws_iam_policy_document.assume_role_policy",
            "module.clusters.module.eks.module.eks_managed_node_group.data.aws_partition.current"
          ],
          "create_before_destroy": true
        },
        {
          "index_key": "arn:aws:iam::aws:policy/AmazonEKSWorkerNodePolicy",
          "schema_version": 0,
          "attributes": {
            "id": "high_perf-eks-node-group-20230929164750378200000001-20230929164750618000000003",
            "policy_arn": "arn:aws:iam::aws:policy/AmazonEKSWorkerNodePolicy",
            "role": "high_perf-eks-node-group-20230929164750378200000001"
          },
          "sensitive_attributes": [],
          "private": "bnVsbA==",
          "dependencies": [
            "module.clusters.module.eks.module.eks_managed_node_group.aws_iam_role.this",
            "module.clusters.module.eks.module.eks_managed_node_group.data.aws_caller_identity.current",
            "module.clusters.module.eks.module.eks_managed_node_group.data.aws_iam_policy_document.assume_role_policy",
            "module.clusters.module.eks.module.eks_managed_node_group.data.aws_partition.current"
          ],
          "create_before_destroy": true
        },
        {
          "index_key": "arn:aws:iam::aws:policy/AmazonEKS_CNI_Policy",
          "schema_version": 0,
          "attributes": {
            "id": "high_perf-eks-node-group-20230929164750378200000001-20230929164750549900000002",
            "policy_arn": "arn:aws:iam::aws:policy/AmazonEKS_CNI_Policy",
            "role": "high_perf-eks-node-group-20230929164750378200000001"
          },
          "sensitive_attributes": [],
          "private": "bnVsbA==",
          "dependencies": [
            "module.clusters.module.eks.module.eks_managed_node_group.aws_iam_role.this",
            "module.clusters.module.eks.module.eks_managed_node_group.data.aws_caller_identity.current",
            "module.clusters.module.eks.module.eks_managed_node_group.data.aws_iam_policy_document.assume_role_policy",
            "module.clusters.module.eks.module.eks_managed_node_group.data.aws_partition.current"
          ],
          "create_before_destroy": true
        }
      ]
    },
    {
      "module": "module.clusters[\"worker2\"].module.eks.module.eks_managed_node_group[\"high_perf\"]",
      "mode": "managed",
      "type": "aws_launch_template",
      "name": "this",
      "provider": "provider[\"registry.terraform.io/hashicorp/aws\"]",
      "instances": [
        {
          "index_key": 0,
          "schema_version": 0,
          "attributes": {
            "arn": "arn:aws:ec2:us-west-2:010295286036:launch-template/lt-070ea4e4785d5ac96",
            "block_device_mappings": [],
            "capacity_reservation_specification": [],
            "cpu_options": [],
            "credit_specification": [],
            "default_version": 1,
            "description": "Custom launch template for high_perf EKS managed node group",
            "disable_api_stop": false,
            "disable_api_termination": false,
            "ebs_optimized": "",
            "elastic_gpu_specifications": [],
            "elastic_inference_accelerator": [],
            "enclave_options": [],
            "hibernation_options": [],
            "iam_instance_profile": [],
            "id": "lt-070ea4e4785d5ac96",
            "image_id": "",
            "instance_initiated_shutdown_behavior": "",
            "instance_market_options": [],
            "instance_requirements": [],
            "instance_type": "",
            "kernel_id": "",
            "key_name": "",
            "latest_version": 1,
            "license_specification": [],
            "maintenance_options": [],
            "metadata_options": [
              {
                "http_endpoint": "enabled",
                "http_protocol_ipv6": "",
                "http_put_response_hop_limit": 2,
                "http_tokens": "required",
                "instance_metadata_tags": ""
              }
            ],
            "monitoring": [
              {
                "enabled": true
              }
            ],
            "name": "high_perf-20230929164750665400000005",
            "name_prefix": "high_perf-",
            "network_interfaces": [],
            "placement": [],
            "private_dns_name_options": [],
            "ram_disk_id": "",
            "security_group_names": [],
            "tag_specifications": [
              {
                "resource_type": "instance",
                "tags": {
                  "Name": "high_perf"
                }
              },
              {
                "resource_type": "network-interface",
                "tags": {
                  "Name": "high_perf"
                }
              },
              {
                "resource_type": "volume",
                "tags": {
                  "Name": "high_perf"
                }
              }
            ],
            "tags": {},
            "tags_all": {
              "Environment": "halo-cmm-dev",
              "Terraform": "true"
            },
            "update_default_version": true,
            "user_data": "",
            "vpc_security_group_ids": [
              "sg-0ee4e4a55fc38d384"
            ]
          },
          "sensitive_attributes": [],
          "private": "bnVsbA==",
          "dependencies": [
            "data.aws_availability_zones.available",
            "module.clusters.module.eks.aws_cloudwatch_log_group.this",
            "module.clusters.module.eks.aws_eks_cluster.this",
            "module.clusters.module.eks.aws_iam_policy.cni_ipv6_policy",
            "module.clusters.module.eks.aws_iam_role.this",
            "module.clusters.module.eks.aws_iam_role_policy_attachment.this",
            "module.clusters.module.eks.aws_security_group.cluster",
            "module.clusters.module.eks.aws_security_group.node",
            "module.clusters.module.eks.aws_security_group_rule.cluster",
            "module.clusters.module.eks.aws_security_group_rule.node",
            "module.clusters.module.eks.data.aws_caller_identity.current",
            "module.clusters.module.eks.data.aws_iam_policy_document.assume_role_policy",
            "module.clusters.module.eks.data.aws_iam_policy_document.cni_ipv6_policy",
            "module.clusters.module.eks.data.aws_iam_session_context.current",
            "module.clusters.module.eks.data.aws_partition.current",
            "module.clusters.module.eks.module.eks_managed_node_group.aws_iam_role.this",
            "module.clusters.module.eks.module.eks_managed_node_group.aws_iam_role_policy_attachment.this",
            "module.clusters.module.eks.module.eks_managed_node_group.data.aws_caller_identity.current",
            "module.clusters.module.eks.module.eks_managed_node_group.data.aws_iam_policy_document.assume_role_policy",
            "module.clusters.module.eks.module.eks_managed_node_group.data.aws_partition.current",
            "module.clusters.module.eks.module.eks_managed_node_group.module.user_data.data.cloudinit_config.linux_eks_managed_node_group",
            "module.clusters.module.eks.module.kms.aws_kms_external_key.this",
            "module.clusters.module.eks.module.kms.aws_kms_key.this",
            "module.clusters.module.eks.module.kms.data.aws_caller_identity.current",
            "module.clusters.module.eks.module.kms.data.aws_iam_policy_document.this",
            "module.clusters.module.eks.module.kms.data.aws_partition.current",
            "module.clusters.module.eks.time_sleep.this",
            "module.vpc.aws_subnet.intra",
            "module.vpc.aws_subnet.private",
            "module.vpc.aws_vpc.this",
            "module.vpc.aws_vpc_ipv4_cidr_block_association.this"
          ],
          "create_before_destroy": true
        }
      ]
    },
    {
      "module": "module.clusters[\"worker2\"].module.eks.module.kms",
      "mode": "data",
      "type": "aws_caller_identity",
      "name": "current",
      "provider": "provider[\"registry.terraform.io/hashicorp/aws\"]",
      "instances": [
        {
          "schema_version": 0,
          "attributes": {
            "account_id": "010295286036",
            "arn": "arn:aws:sts::010295286036:assumed-role/GitHubAction-AssumeRoleWithAction/TestSessionName",
            "id": "010295286036",
            "user_id": "AROAQEZNFTEKHX2ENNRZF:TestSessionName"
          },
          "sensitive_attributes": []
        }
      ]
    },
    {
      "module": "module.clusters[\"worker2\"].module.eks.module.kms",
      "mode": "data",
      "type": "aws_iam_policy_document",
      "name": "this",
      "provider": "provider[\"registry.terraform.io/hashicorp/aws\"]",
      "instances": [
        {
          "index_key": 0,
          "schema_version": 0,
          "attributes": {
            "id": "2519249941",
            "json": "{\n  \"Version\": \"2012-10-17\",\n  \"Statement\": [\n    {\n      \"Sid\": \"KeyAdministration\",\n      \"Effect\": \"Allow\",\n      \"Action\": [\n        \"kms:Update*\",\n        \"kms:UntagResource\",\n        \"kms:TagResource\",\n        \"kms:ScheduleKeyDeletion\",\n        \"kms:Revoke*\",\n        \"kms:Put*\",\n        \"kms:List*\",\n        \"kms:Get*\",\n        \"kms:Enable*\",\n        \"kms:Disable*\",\n        \"kms:Describe*\",\n        \"kms:Delete*\",\n        \"kms:Create*\",\n        \"kms:CancelKeyDeletion\"\n      ],\n      \"Resource\": \"*\",\n      \"Principal\": {\n        \"AWS\": \"arn:aws:iam::010295286036:role/GitHubAction-AssumeRoleWithAction\"\n      }\n    },\n    {\n      \"Sid\": \"KeyUsage\",\n      \"Effect\": \"Allow\",\n      \"Action\": [\n        \"kms:ReEncrypt*\",\n        \"kms:GenerateDataKey*\",\n        \"kms:Encrypt\",\n        \"kms:DescribeKey\",\n        \"kms:Decrypt\"\n      ],\n      \"Resource\": \"*\",\n      \"Principal\": {\n        \"AWS\": \"arn:aws:iam::010295286036:role/worker2-duchy-cluster-20230929042535098000000003\"\n      }\n    }\n  ]\n}",
            "override_policy_documents": null,
            "policy_id": null,
            "source_policy_documents": null,
            "statement": [
              {
                "actions": [
                  "kms:CancelKeyDeletion",
                  "kms:Create*",
                  "kms:Delete*",
                  "kms:Describe*",
                  "kms:Disable*",
                  "kms:Enable*",
                  "kms:Get*",
                  "kms:List*",
                  "kms:Put*",
                  "kms:Revoke*",
                  "kms:ScheduleKeyDeletion",
                  "kms:TagResource",
                  "kms:UntagResource",
                  "kms:Update*"
                ],
                "condition": [],
                "effect": "Allow",
                "not_actions": [],
                "not_principals": [],
                "not_resources": [],
                "principals": [
                  {
                    "identifiers": [
                      "arn:aws:iam::010295286036:role/GitHubAction-AssumeRoleWithAction"
                    ],
                    "type": "AWS"
                  }
                ],
                "resources": [
                  "*"
                ],
                "sid": "KeyAdministration"
              },
              {
                "actions": [
                  "kms:Decrypt",
                  "kms:DescribeKey",
                  "kms:Encrypt",
                  "kms:GenerateDataKey*",
                  "kms:ReEncrypt*"
                ],
                "condition": [],
                "effect": "Allow",
                "not_actions": [],
                "not_principals": [],
                "not_resources": [],
                "principals": [
                  {
                    "identifiers": [
                      "arn:aws:iam::010295286036:role/worker2-duchy-cluster-20230929042535098000000003"
                    ],
                    "type": "AWS"
                  }
                ],
                "resources": [
                  "*"
                ],
                "sid": "KeyUsage"
              }
            ],
            "version": "2012-10-17"
          },
          "sensitive_attributes": []
        }
      ]
    },
    {
      "module": "module.clusters[\"worker2\"].module.eks.module.kms",
      "mode": "data",
      "type": "aws_partition",
      "name": "current",
      "provider": "provider[\"registry.terraform.io/hashicorp/aws\"]",
      "instances": [
        {
          "schema_version": 0,
          "attributes": {
            "dns_suffix": "amazonaws.com",
            "id": "aws",
            "partition": "aws",
            "reverse_dns_prefix": "com.amazonaws"
          },
          "sensitive_attributes": []
        }
      ]
    },
    {
      "module": "module.clusters[\"worker2\"].module.eks.module.kms",
      "mode": "managed",
      "type": "aws_kms_alias",
      "name": "this",
      "provider": "provider[\"registry.terraform.io/hashicorp/aws\"]",
      "instances": [
        {
          "index_key": "cluster",
          "schema_version": 0,
          "attributes": {
            "arn": "arn:aws:kms:us-west-2:010295286036:alias/eks/worker2-duchy",
            "id": "alias/eks/worker2-duchy",
            "name": "alias/eks/worker2-duchy",
            "name_prefix": "",
            "target_key_arn": "arn:aws:kms:us-west-2:010295286036:key/dd507e8d-25e0-45e8-8a0f-37a11561e4f1",
            "target_key_id": "dd507e8d-25e0-45e8-8a0f-37a11561e4f1"
          },
          "sensitive_attributes": [],
          "private": "bnVsbA==",
          "dependencies": [
            "module.clusters.module.eks.aws_iam_role.this",
            "module.clusters.module.eks.data.aws_caller_identity.current",
            "module.clusters.module.eks.data.aws_iam_policy_document.assume_role_policy",
            "module.clusters.module.eks.data.aws_iam_session_context.current",
            "module.clusters.module.eks.data.aws_partition.current",
            "module.clusters.module.eks.module.kms.aws_kms_external_key.this",
            "module.clusters.module.eks.module.kms.aws_kms_key.this",
            "module.clusters.module.eks.module.kms.data.aws_caller_identity.current",
            "module.clusters.module.eks.module.kms.data.aws_iam_policy_document.this",
            "module.clusters.module.eks.module.kms.data.aws_partition.current"
          ]
        }
      ]
    },
    {
      "module": "module.clusters[\"worker2\"].module.eks.module.kms",
      "mode": "managed",
      "type": "aws_kms_key",
      "name": "this",
      "provider": "provider[\"registry.terraform.io/hashicorp/aws\"]",
      "instances": [
        {
          "index_key": 0,
          "schema_version": 0,
          "attributes": {
            "arn": "arn:aws:kms:us-west-2:010295286036:key/dd507e8d-25e0-45e8-8a0f-37a11561e4f1",
            "bypass_policy_lockout_safety_check": false,
            "custom_key_store_id": "",
            "customer_master_key_spec": "SYMMETRIC_DEFAULT",
            "deletion_window_in_days": null,
            "description": "worker2-duchy cluster encryption key",
            "enable_key_rotation": true,
            "id": "dd507e8d-25e0-45e8-8a0f-37a11561e4f1",
            "is_enabled": true,
            "key_id": "dd507e8d-25e0-45e8-8a0f-37a11561e4f1",
            "key_usage": "ENCRYPT_DECRYPT",
            "multi_region": false,
            "policy": "{\"Statement\":[{\"Action\":[\"kms:Update*\",\"kms:UntagResource\",\"kms:TagResource\",\"kms:ScheduleKeyDeletion\",\"kms:Revoke*\",\"kms:Put*\",\"kms:List*\",\"kms:Get*\",\"kms:Enable*\",\"kms:Disable*\",\"kms:Describe*\",\"kms:Delete*\",\"kms:Create*\",\"kms:CancelKeyDeletion\"],\"Effect\":\"Allow\",\"Principal\":{\"AWS\":\"arn:aws:iam::010295286036:role/GitHubAction-AssumeRoleWithAction\"},\"Resource\":\"*\",\"Sid\":\"KeyAdministration\"},{\"Action\":[\"kms:ReEncrypt*\",\"kms:GenerateDataKey*\",\"kms:Encrypt\",\"kms:DescribeKey\",\"kms:Decrypt\"],\"Effect\":\"Allow\",\"Principal\":{\"AWS\":\"arn:aws:iam::010295286036:role/worker2-duchy-cluster-20230929042535098000000003\"},\"Resource\":\"*\",\"Sid\":\"KeyUsage\"}],\"Version\":\"2012-10-17\"}",
            "tags": {},
            "tags_all": {
              "Environment": "halo-cmm-dev",
              "Terraform": "true"
            }
          },
          "sensitive_attributes": [],
          "private": "bnVsbA==",
          "dependencies": [
            "module.clusters.module.eks.aws_iam_role.this",
            "module.clusters.module.eks.data.aws_caller_identity.current",
            "module.clusters.module.eks.data.aws_iam_policy_document.assume_role_policy",
            "module.clusters.module.eks.data.aws_iam_session_context.current",
            "module.clusters.module.eks.data.aws_partition.current",
            "module.clusters.module.eks.module.kms.data.aws_caller_identity.current",
            "module.clusters.module.eks.module.kms.data.aws_iam_policy_document.this",
            "module.clusters.module.eks.module.kms.data.aws_partition.current"
          ],
          "create_before_destroy": true
        }
      ]
    },
    {
      "module": "module.load_balancer_controller_irsa_role",
      "mode": "data",
      "type": "aws_caller_identity",
      "name": "current",
      "provider": "provider[\"registry.terraform.io/hashicorp/aws\"]",
      "instances": [
        {
          "schema_version": 0,
          "attributes": {
            "account_id": "010295286036",
            "arn": "arn:aws:sts::010295286036:assumed-role/GitHubAction-AssumeRoleWithAction/TestSessionName",
            "id": "010295286036",
            "user_id": "AROAQEZNFTEKHX2ENNRZF:TestSessionName"
          },
          "sensitive_attributes": []
        }
      ]
    },
    {
      "module": "module.load_balancer_controller_irsa_role",
      "mode": "data",
      "type": "aws_iam_policy_document",
      "name": "load_balancer_controller",
      "provider": "provider[\"registry.terraform.io/hashicorp/aws\"]",
      "instances": [
        {
          "index_key": 0,
          "schema_version": 0,
          "attributes": {
            "id": "3014472196",
            "json": "{\n  \"Version\": \"2012-10-17\",\n  \"Statement\": [\n    {\n      \"Effect\": \"Allow\",\n      \"Action\": \"iam:CreateServiceLinkedRole\",\n      \"Resource\": \"*\",\n      \"Condition\": {\n        \"StringEquals\": {\n          \"iam:AWSServiceName\": \"elasticloadbalancing.amazonaws.com\"\n        }\n      }\n    },\n    {\n      \"Effect\": \"Allow\",\n      \"Action\": [\n        \"elasticloadbalancing:DescribeTargetHealth\",\n        \"elasticloadbalancing:DescribeTargetGroups\",\n        \"elasticloadbalancing:DescribeTargetGroupAttributes\",\n        \"elasticloadbalancing:DescribeTags\",\n        \"elasticloadbalancing:DescribeSSLPolicies\",\n        \"elasticloadbalancing:DescribeRules\",\n        \"elasticloadbalancing:DescribeLoadBalancers\",\n        \"elasticloadbalancing:DescribeLoadBalancerAttributes\",\n        \"elasticloadbalancing:DescribeListeners\",\n        \"elasticloadbalancing:DescribeListenerCertificates\",\n        \"ec2:GetCoipPoolUsage\",\n        \"ec2:DescribeVpcs\",\n        \"ec2:DescribeVpcPeeringConnections\",\n        \"ec2:DescribeTags\",\n        \"ec2:DescribeSubnets\",\n        \"ec2:DescribeSecurityGroups\",\n        \"ec2:DescribeNetworkInterfaces\",\n        \"ec2:DescribeInternetGateways\",\n        \"ec2:DescribeInstances\",\n        \"ec2:DescribeCoipPools\",\n        \"ec2:DescribeAvailabilityZones\",\n        \"ec2:DescribeAddresses\",\n        \"ec2:DescribeAccountAttributes\"\n      ],\n      \"Resource\": \"*\"\n    },\n    {\n      \"Effect\": \"Allow\",\n      \"Action\": [\n        \"wafv2:GetWebACLForResource\",\n        \"wafv2:GetWebACL\",\n        \"wafv2:DisassociateWebACL\",\n        \"wafv2:AssociateWebACL\",\n        \"waf-regional:GetWebACLForResource\",\n        \"waf-regional:GetWebACL\",\n        \"waf-regional:DisassociateWebACL\",\n        \"waf-regional:AssociateWebACL\",\n        \"shield:GetSubscriptionState\",\n        \"shield:DescribeProtection\",\n        \"shield:DeleteProtection\",\n        \"shield:CreateProtection\",\n        \"iam:ListServerCertificates\",\n        \"iam:GetServerCertificate\",\n        \"cognito-idp:DescribeUserPoolClient\",\n        \"acm:ListCertificates\",\n        \"acm:DescribeCertificate\"\n      ],\n      \"Resource\": \"*\"\n    },\n    {\n      \"Effect\": \"Allow\",\n      \"Action\": [\n        \"ec2:RevokeSecurityGroupIngress\",\n        \"ec2:CreateSecurityGroup\",\n        \"ec2:AuthorizeSecurityGroupIngress\"\n      ],\n      \"Resource\": \"*\"\n    },\n    {\n      \"Effect\": \"Allow\",\n      \"Action\": \"ec2:CreateTags\",\n      \"Resource\": \"arn:aws:ec2:*:*:security-group/*\",\n      \"Condition\": {\n        \"Null\": {\n          \"aws:RequestTag/elbv2.k8s.aws/cluster\": \"false\"\n        },\n        \"StringEquals\": {\n          \"ec2:CreateAction\": \"CreateSecurityGroup\"\n        }\n      }\n    },\n    {\n      \"Effect\": \"Allow\",\n      \"Action\": [\n        \"ec2:DeleteTags\",\n        \"ec2:CreateTags\"\n      ],\n      \"Resource\": \"arn:aws:ec2:*:*:security-group/*\",\n      \"Condition\": {\n        \"Null\": {\n          \"aws:RequestTag/elbv2.k8s.aws/cluster\": \"true\",\n          \"aws:ResourceTag/elbv2.k8s.aws/cluster\": \"false\"\n        }\n      }\n    },\n    {\n      \"Effect\": \"Allow\",\n      \"Action\": [\n        \"ec2:RevokeSecurityGroupIngress\",\n        \"ec2:DeleteSecurityGroup\",\n        \"ec2:AuthorizeSecurityGroupIngress\"\n      ],\n      \"Resource\": \"*\",\n      \"Condition\": {\n        \"Null\": {\n          \"aws:ResourceTag/elbv2.k8s.aws/cluster\": \"false\"\n        }\n      }\n    },\n    {\n      \"Effect\": \"Allow\",\n      \"Action\": [\n        \"elasticloadbalancing:CreateTargetGroup\",\n        \"elasticloadbalancing:CreateLoadBalancer\",\n        \"elasticloadbalancing:AddTags\"\n      ],\n      \"Resource\": \"*\",\n      \"Condition\": {\n        \"Null\": {\n          \"aws:RequestTag/elbv2.k8s.aws/cluster\": \"false\"\n        }\n      }\n    },\n    {\n      \"Effect\": \"Allow\",\n      \"Action\": [\n        \"elasticloadbalancing:DeleteRule\",\n        \"elasticloadbalancing:DeleteListener\",\n        \"elasticloadbalancing:CreateRule\",\n        \"elasticloadbalancing:CreateListener\",\n        \"elasticloadbalancing:AddTags\"\n      ],\n      \"Resource\": \"*\"\n    },\n    {\n      \"Effect\": \"Allow\",\n      \"Action\": [\n        \"elasticloadbalancing:RemoveTags\",\n        \"elasticloadbalancing:AddTags\"\n      ],\n      \"Resource\": [\n        \"arn:aws:elasticloadbalancing:*:*:targetgroup/*/*\",\n        \"arn:aws:elasticloadbalancing:*:*:loadbalancer/net/*/*\",\n        \"arn:aws:elasticloadbalancing:*:*:loadbalancer/app/*/*\"\n      ],\n      \"Condition\": {\n        \"Null\": {\n          \"aws:RequestTag/elbv2.k8s.aws/cluster\": \"true\",\n          \"aws:ResourceTag/elbv2.k8s.aws/cluster\": \"false\"\n        }\n      }\n    },\n    {\n      \"Effect\": \"Allow\",\n      \"Action\": [\n        \"elasticloadbalancing:RemoveTags\",\n        \"elasticloadbalancing:AddTags\"\n      ],\n      \"Resource\": [\n        \"arn:aws:elasticloadbalancing:*:*:listener/net/*/*/*\",\n        \"arn:aws:elasticloadbalancing:*:*:listener/app/*/*/*\",\n        \"arn:aws:elasticloadbalancing:*:*:listener-rule/net/*/*/*\",\n        \"arn:aws:elasticloadbalancing:*:*:listener-rule/app/*/*/*\"\n      ]\n    },\n    {\n      \"Effect\": \"Allow\",\n      \"Action\": [\n        \"elasticloadbalancing:SetSubnets\",\n        \"elasticloadbalancing:SetSecurityGroups\",\n        \"elasticloadbalancing:SetIpAddressType\",\n        \"elasticloadbalancing:ModifyTargetGroupAttributes\",\n        \"elasticloadbalancing:ModifyTargetGroup\",\n        \"elasticloadbalancing:ModifyLoadBalancerAttributes\",\n        \"elasticloadbalancing:DeleteTargetGroup\",\n        \"elasticloadbalancing:DeleteLoadBalancer\"\n      ],\n      \"Resource\": \"*\",\n      \"Condition\": {\n        \"Null\": {\n          \"aws:ResourceTag/elbv2.k8s.aws/cluster\": \"false\"\n        }\n      }\n    },\n    {\n      \"Effect\": \"Allow\",\n      \"Action\": \"elasticloadbalancing:AddTags\",\n      \"Resource\": [\n        \"arn:aws:elasticloadbalancing:*:*:targetgroup/*/*\",\n        \"arn:aws:elasticloadbalancing:*:*:loadbalancer/net/*/*\",\n        \"arn:aws:elasticloadbalancing:*:*:loadbalancer/app/*/*\"\n      ],\n      \"Condition\": {\n        \"Null\": {\n          \"aws:RequestTag/elbv2.k8s.aws/cluster\": \"false\"\n        },\n        \"StringEquals\": {\n          \"elasticloadbalancing:CreateAction\": [\n            \"CreateTargetGroup\",\n            \"CreateLoadBalancer\"\n          ]\n        }\n      }\n    },\n    {\n      \"Effect\": \"Allow\",\n      \"Action\": [\n        \"elasticloadbalancing:RegisterTargets\",\n        \"elasticloadbalancing:DeregisterTargets\"\n      ],\n      \"Resource\": \"arn:aws:elasticloadbalancing:*:*:targetgroup/*/*\"\n    },\n    {\n      \"Effect\": \"Allow\",\n      \"Action\": [\n        \"elasticloadbalancing:SetWebAcl\",\n        \"elasticloadbalancing:RemoveListenerCertificates\",\n        \"elasticloadbalancing:ModifyRule\",\n        \"elasticloadbalancing:ModifyListener\",\n        \"elasticloadbalancing:AddListenerCertificates\"\n      ],\n      \"Resource\": \"*\"\n    }\n  ]\n}",
            "override_policy_documents": null,
            "policy_id": null,
            "source_policy_documents": null,
            "statement": [
              {
                "actions": [
                  "iam:CreateServiceLinkedRole"
                ],
                "condition": [
                  {
                    "test": "StringEquals",
                    "values": [
                      "elasticloadbalancing.amazonaws.com"
                    ],
                    "variable": "iam:AWSServiceName"
                  }
                ],
                "effect": "Allow",
                "not_actions": [],
                "not_principals": [],
                "not_resources": [],
                "principals": [],
                "resources": [
                  "*"
                ],
                "sid": ""
              },
              {
                "actions": [
                  "ec2:DescribeAccountAttributes",
                  "ec2:DescribeAddresses",
                  "ec2:DescribeAvailabilityZones",
                  "ec2:DescribeCoipPools",
                  "ec2:DescribeInstances",
                  "ec2:DescribeInternetGateways",
                  "ec2:DescribeNetworkInterfaces",
                  "ec2:DescribeSecurityGroups",
                  "ec2:DescribeSubnets",
                  "ec2:DescribeTags",
                  "ec2:DescribeVpcPeeringConnections",
                  "ec2:DescribeVpcs",
                  "ec2:GetCoipPoolUsage",
                  "elasticloadbalancing:DescribeListenerCertificates",
                  "elasticloadbalancing:DescribeListeners",
                  "elasticloadbalancing:DescribeLoadBalancerAttributes",
                  "elasticloadbalancing:DescribeLoadBalancers",
                  "elasticloadbalancing:DescribeRules",
                  "elasticloadbalancing:DescribeSSLPolicies",
                  "elasticloadbalancing:DescribeTags",
                  "elasticloadbalancing:DescribeTargetGroupAttributes",
                  "elasticloadbalancing:DescribeTargetGroups",
                  "elasticloadbalancing:DescribeTargetHealth"
                ],
                "condition": [],
                "effect": "Allow",
                "not_actions": [],
                "not_principals": [],
                "not_resources": [],
                "principals": [],
                "resources": [
                  "*"
                ],
                "sid": ""
              },
              {
                "actions": [
                  "acm:DescribeCertificate",
                  "acm:ListCertificates",
                  "cognito-idp:DescribeUserPoolClient",
                  "iam:GetServerCertificate",
                  "iam:ListServerCertificates",
                  "shield:CreateProtection",
                  "shield:DeleteProtection",
                  "shield:DescribeProtection",
                  "shield:GetSubscriptionState",
                  "waf-regional:AssociateWebACL",
                  "waf-regional:DisassociateWebACL",
                  "waf-regional:GetWebACL",
                  "waf-regional:GetWebACLForResource",
                  "wafv2:AssociateWebACL",
                  "wafv2:DisassociateWebACL",
                  "wafv2:GetWebACL",
                  "wafv2:GetWebACLForResource"
                ],
                "condition": [],
                "effect": "Allow",
                "not_actions": [],
                "not_principals": [],
                "not_resources": [],
                "principals": [],
                "resources": [
                  "*"
                ],
                "sid": ""
              },
              {
                "actions": [
                  "ec2:AuthorizeSecurityGroupIngress",
                  "ec2:CreateSecurityGroup",
                  "ec2:RevokeSecurityGroupIngress"
                ],
                "condition": [],
                "effect": "Allow",
                "not_actions": [],
                "not_principals": [],
                "not_resources": [],
                "principals": [],
                "resources": [
                  "*"
                ],
                "sid": ""
              },
              {
                "actions": [
                  "ec2:CreateTags"
                ],
                "condition": [
                  {
                    "test": "Null",
                    "values": [
                      "false"
                    ],
                    "variable": "aws:RequestTag/elbv2.k8s.aws/cluster"
                  },
                  {
                    "test": "StringEquals",
                    "values": [
                      "CreateSecurityGroup"
                    ],
                    "variable": "ec2:CreateAction"
                  }
                ],
                "effect": "Allow",
                "not_actions": [],
                "not_principals": [],
                "not_resources": [],
                "principals": [],
                "resources": [
                  "arn:aws:ec2:*:*:security-group/*"
                ],
                "sid": ""
              },
              {
                "actions": [
                  "ec2:CreateTags",
                  "ec2:DeleteTags"
                ],
                "condition": [
                  {
                    "test": "Null",
                    "values": [
                      "false"
                    ],
                    "variable": "aws:ResourceTag/elbv2.k8s.aws/cluster"
                  },
                  {
                    "test": "Null",
                    "values": [
                      "true"
                    ],
                    "variable": "aws:RequestTag/elbv2.k8s.aws/cluster"
                  }
                ],
                "effect": "Allow",
                "not_actions": [],
                "not_principals": [],
                "not_resources": [],
                "principals": [],
                "resources": [
                  "arn:aws:ec2:*:*:security-group/*"
                ],
                "sid": ""
              },
              {
                "actions": [
                  "ec2:AuthorizeSecurityGroupIngress",
                  "ec2:DeleteSecurityGroup",
                  "ec2:RevokeSecurityGroupIngress"
                ],
                "condition": [
                  {
                    "test": "Null",
                    "values": [
                      "false"
                    ],
                    "variable": "aws:ResourceTag/elbv2.k8s.aws/cluster"
                  }
                ],
                "effect": "Allow",
                "not_actions": [],
                "not_principals": [],
                "not_resources": [],
                "principals": [],
                "resources": [
                  "*"
                ],
                "sid": ""
              },
              {
                "actions": [
                  "elasticloadbalancing:AddTags",
                  "elasticloadbalancing:CreateLoadBalancer",
                  "elasticloadbalancing:CreateTargetGroup"
                ],
                "condition": [
                  {
                    "test": "Null",
                    "values": [
                      "false"
                    ],
                    "variable": "aws:RequestTag/elbv2.k8s.aws/cluster"
                  }
                ],
                "effect": "Allow",
                "not_actions": [],
                "not_principals": [],
                "not_resources": [],
                "principals": [],
                "resources": [
                  "*"
                ],
                "sid": ""
              },
              {
                "actions": [
                  "elasticloadbalancing:AddTags",
                  "elasticloadbalancing:CreateListener",
                  "elasticloadbalancing:CreateRule",
                  "elasticloadbalancing:DeleteListener",
                  "elasticloadbalancing:DeleteRule"
                ],
                "condition": [],
                "effect": "Allow",
                "not_actions": [],
                "not_principals": [],
                "not_resources": [],
                "principals": [],
                "resources": [
                  "*"
                ],
                "sid": ""
              },
              {
                "actions": [
                  "elasticloadbalancing:AddTags",
                  "elasticloadbalancing:RemoveTags"
                ],
                "condition": [
                  {
                    "test": "Null",
                    "values": [
                      "false"
                    ],
                    "variable": "aws:ResourceTag/elbv2.k8s.aws/cluster"
                  },
                  {
                    "test": "Null",
                    "values": [
                      "true"
                    ],
                    "variable": "aws:RequestTag/elbv2.k8s.aws/cluster"
                  }
                ],
                "effect": "Allow",
                "not_actions": [],
                "not_principals": [],
                "not_resources": [],
                "principals": [],
                "resources": [
                  "arn:aws:elasticloadbalancing:*:*:loadbalancer/app/*/*",
                  "arn:aws:elasticloadbalancing:*:*:loadbalancer/net/*/*",
                  "arn:aws:elasticloadbalancing:*:*:targetgroup/*/*"
                ],
                "sid": ""
              },
              {
                "actions": [
                  "elasticloadbalancing:AddTags",
                  "elasticloadbalancing:RemoveTags"
                ],
                "condition": [],
                "effect": "Allow",
                "not_actions": [],
                "not_principals": [],
                "not_resources": [],
                "principals": [],
                "resources": [
                  "arn:aws:elasticloadbalancing:*:*:listener-rule/app/*/*/*",
                  "arn:aws:elasticloadbalancing:*:*:listener-rule/net/*/*/*",
                  "arn:aws:elasticloadbalancing:*:*:listener/app/*/*/*",
                  "arn:aws:elasticloadbalancing:*:*:listener/net/*/*/*"
                ],
                "sid": ""
              },
              {
                "actions": [
                  "elasticloadbalancing:DeleteLoadBalancer",
                  "elasticloadbalancing:DeleteTargetGroup",
                  "elasticloadbalancing:ModifyLoadBalancerAttributes",
                  "elasticloadbalancing:ModifyTargetGroup",
                  "elasticloadbalancing:ModifyTargetGroupAttributes",
                  "elasticloadbalancing:SetIpAddressType",
                  "elasticloadbalancing:SetSecurityGroups",
                  "elasticloadbalancing:SetSubnets"
                ],
                "condition": [
                  {
                    "test": "Null",
                    "values": [
                      "false"
                    ],
                    "variable": "aws:ResourceTag/elbv2.k8s.aws/cluster"
                  }
                ],
                "effect": "Allow",
                "not_actions": [],
                "not_principals": [],
                "not_resources": [],
                "principals": [],
                "resources": [
                  "*"
                ],
                "sid": ""
              },
              {
                "actions": [
                  "elasticloadbalancing:AddTags"
                ],
                "condition": [
                  {
                    "test": "Null",
                    "values": [
                      "false"
                    ],
                    "variable": "aws:RequestTag/elbv2.k8s.aws/cluster"
                  },
                  {
                    "test": "StringEquals",
                    "values": [
                      "CreateTargetGroup",
                      "CreateLoadBalancer"
                    ],
                    "variable": "elasticloadbalancing:CreateAction"
                  }
                ],
                "effect": "Allow",
                "not_actions": [],
                "not_principals": [],
                "not_resources": [],
                "principals": [],
                "resources": [
                  "arn:aws:elasticloadbalancing:*:*:loadbalancer/app/*/*",
                  "arn:aws:elasticloadbalancing:*:*:loadbalancer/net/*/*",
                  "arn:aws:elasticloadbalancing:*:*:targetgroup/*/*"
                ],
                "sid": ""
              },
              {
                "actions": [
                  "elasticloadbalancing:DeregisterTargets",
                  "elasticloadbalancing:RegisterTargets"
                ],
                "condition": [],
                "effect": "Allow",
                "not_actions": [],
                "not_principals": [],
                "not_resources": [],
                "principals": [],
                "resources": [
                  "arn:aws:elasticloadbalancing:*:*:targetgroup/*/*"
                ],
                "sid": ""
              },
              {
                "actions": [
                  "elasticloadbalancing:AddListenerCertificates",
                  "elasticloadbalancing:ModifyListener",
                  "elasticloadbalancing:ModifyRule",
                  "elasticloadbalancing:RemoveListenerCertificates",
                  "elasticloadbalancing:SetWebAcl"
                ],
                "condition": [],
                "effect": "Allow",
                "not_actions": [],
                "not_principals": [],
                "not_resources": [],
                "principals": [],
                "resources": [
                  "*"
                ],
                "sid": ""
              }
            ],
            "version": "2012-10-17"
          },
          "sensitive_attributes": []
        }
      ]
    },
    {
      "module": "module.load_balancer_controller_irsa_role",
      "mode": "data",
      "type": "aws_iam_policy_document",
      "name": "this",
      "provider": "provider[\"registry.terraform.io/hashicorp/aws\"]",
      "instances": [
        {
          "index_key": 0,
          "schema_version": 0,
          "attributes": {
            "id": "51956803",
            "json": "{\n  \"Version\": \"2012-10-17\",\n  \"Statement\": [\n    {\n      \"Effect\": \"Allow\",\n      \"Action\": \"sts:AssumeRoleWithWebIdentity\",\n      \"Principal\": {\n        \"Federated\": \"arn:aws:iam::010295286036:oidc-provider/oidc.eks.us-west-2.amazonaws.com/id/15BCB9D2F3A47B27F4A553C594D3C365\"\n      },\n      \"Condition\": {\n        \"StringEquals\": {\n          \"oidc.eks.us-west-2.amazonaws.com/id/15BCB9D2F3A47B27F4A553C594D3C365:aud\": \"sts.amazonaws.com\",\n          \"oidc.eks.us-west-2.amazonaws.com/id/15BCB9D2F3A47B27F4A553C594D3C365:sub\": \"system:serviceaccount:kube-system:aws-load-balancer-controller\"\n        }\n      }\n    }\n  ]\n}",
            "override_policy_documents": null,
            "policy_id": null,
            "source_policy_documents": null,
            "statement": [
              {
                "actions": [
                  "sts:AssumeRoleWithWebIdentity"
                ],
                "condition": [
                  {
                    "test": "StringEquals",
                    "values": [
                      "sts.amazonaws.com"
                    ],
                    "variable": "oidc.eks.us-west-2.amazonaws.com/id/15BCB9D2F3A47B27F4A553C594D3C365:aud"
                  },
                  {
                    "test": "StringEquals",
                    "values": [
                      "system:serviceaccount:kube-system:aws-load-balancer-controller"
                    ],
                    "variable": "oidc.eks.us-west-2.amazonaws.com/id/15BCB9D2F3A47B27F4A553C594D3C365:sub"
                  }
                ],
                "effect": "Allow",
                "not_actions": [],
                "not_principals": [],
                "not_resources": [],
                "principals": [
                  {
                    "identifiers": [
                      "arn:aws:iam::010295286036:oidc-provider/oidc.eks.us-west-2.amazonaws.com/id/15BCB9D2F3A47B27F4A553C594D3C365"
                    ],
                    "type": "Federated"
                  }
                ],
                "resources": [],
                "sid": ""
              }
            ],
            "version": "2012-10-17"
          },
          "sensitive_attributes": []
        }
      ]
    },
    {
      "module": "module.load_balancer_controller_irsa_role",
      "mode": "data",
      "type": "aws_partition",
      "name": "current",
      "provider": "provider[\"registry.terraform.io/hashicorp/aws\"]",
      "instances": [
        {
          "schema_version": 0,
          "attributes": {
            "dns_suffix": "amazonaws.com",
            "id": "aws",
            "partition": "aws",
            "reverse_dns_prefix": "com.amazonaws"
          },
          "sensitive_attributes": []
        }
      ]
    },
    {
      "module": "module.load_balancer_controller_irsa_role",
      "mode": "data",
      "type": "aws_region",
      "name": "current",
      "provider": "provider[\"registry.terraform.io/hashicorp/aws\"]",
      "instances": [
        {
          "schema_version": 0,
          "attributes": {
            "description": "US West (Oregon)",
            "endpoint": "ec2.us-west-2.amazonaws.com",
            "id": "us-west-2",
            "name": "us-west-2"
          },
          "sensitive_attributes": []
        }
      ]
    },
    {
      "module": "module.load_balancer_controller_irsa_role",
      "mode": "managed",
      "type": "aws_iam_policy",
      "name": "load_balancer_controller",
      "provider": "provider[\"registry.terraform.io/hashicorp/aws\"]",
      "instances": [
        {
          "index_key": 0,
          "schema_version": 0,
          "attributes": {
            "arn": "arn:aws:iam::010295286036:policy/AmazonEKS_AWS_Load_Balancer_Controller-20230929042535100600000004",
            "description": "Provides permissions for AWS Load Balancer Controller addon",
            "id": "arn:aws:iam::010295286036:policy/AmazonEKS_AWS_Load_Balancer_Controller-20230929042535100600000004",
            "name": "AmazonEKS_AWS_Load_Balancer_Controller-20230929042535100600000004",
            "name_prefix": "AmazonEKS_AWS_Load_Balancer_Controller-",
            "path": "/",
            "policy": "{\"Statement\":[{\"Action\":\"iam:CreateServiceLinkedRole\",\"Condition\":{\"StringEquals\":{\"iam:AWSServiceName\":\"elasticloadbalancing.amazonaws.com\"}},\"Effect\":\"Allow\",\"Resource\":\"*\"},{\"Action\":[\"elasticloadbalancing:DescribeTargetHealth\",\"elasticloadbalancing:DescribeTargetGroups\",\"elasticloadbalancing:DescribeTargetGroupAttributes\",\"elasticloadbalancing:DescribeTags\",\"elasticloadbalancing:DescribeSSLPolicies\",\"elasticloadbalancing:DescribeRules\",\"elasticloadbalancing:DescribeLoadBalancers\",\"elasticloadbalancing:DescribeLoadBalancerAttributes\",\"elasticloadbalancing:DescribeListeners\",\"elasticloadbalancing:DescribeListenerCertificates\",\"ec2:GetCoipPoolUsage\",\"ec2:DescribeVpcs\",\"ec2:DescribeVpcPeeringConnections\",\"ec2:DescribeTags\",\"ec2:DescribeSubnets\",\"ec2:DescribeSecurityGroups\",\"ec2:DescribeNetworkInterfaces\",\"ec2:DescribeInternetGateways\",\"ec2:DescribeInstances\",\"ec2:DescribeCoipPools\",\"ec2:DescribeAvailabilityZones\",\"ec2:DescribeAddresses\",\"ec2:DescribeAccountAttributes\"],\"Effect\":\"Allow\",\"Resource\":\"*\"},{\"Action\":[\"wafv2:GetWebACLForResource\",\"wafv2:GetWebACL\",\"wafv2:DisassociateWebACL\",\"wafv2:AssociateWebACL\",\"waf-regional:GetWebACLForResource\",\"waf-regional:GetWebACL\",\"waf-regional:DisassociateWebACL\",\"waf-regional:AssociateWebACL\",\"shield:GetSubscriptionState\",\"shield:DescribeProtection\",\"shield:DeleteProtection\",\"shield:CreateProtection\",\"iam:ListServerCertificates\",\"iam:GetServerCertificate\",\"cognito-idp:DescribeUserPoolClient\",\"acm:ListCertificates\",\"acm:DescribeCertificate\"],\"Effect\":\"Allow\",\"Resource\":\"*\"},{\"Action\":[\"ec2:RevokeSecurityGroupIngress\",\"ec2:CreateSecurityGroup\",\"ec2:AuthorizeSecurityGroupIngress\"],\"Effect\":\"Allow\",\"Resource\":\"*\"},{\"Action\":\"ec2:CreateTags\",\"Condition\":{\"Null\":{\"aws:RequestTag/elbv2.k8s.aws/cluster\":\"false\"},\"StringEquals\":{\"ec2:CreateAction\":\"CreateSecurityGroup\"}},\"Effect\":\"Allow\",\"Resource\":\"arn:aws:ec2:*:*:security-group/*\"},{\"Action\":[\"ec2:DeleteTags\",\"ec2:CreateTags\"],\"Condition\":{\"Null\":{\"aws:RequestTag/elbv2.k8s.aws/cluster\":\"true\",\"aws:ResourceTag/elbv2.k8s.aws/cluster\":\"false\"}},\"Effect\":\"Allow\",\"Resource\":\"arn:aws:ec2:*:*:security-group/*\"},{\"Action\":[\"ec2:RevokeSecurityGroupIngress\",\"ec2:DeleteSecurityGroup\",\"ec2:AuthorizeSecurityGroupIngress\"],\"Condition\":{\"Null\":{\"aws:ResourceTag/elbv2.k8s.aws/cluster\":\"false\"}},\"Effect\":\"Allow\",\"Resource\":\"*\"},{\"Action\":[\"elasticloadbalancing:CreateTargetGroup\",\"elasticloadbalancing:CreateLoadBalancer\",\"elasticloadbalancing:AddTags\"],\"Condition\":{\"Null\":{\"aws:RequestTag/elbv2.k8s.aws/cluster\":\"false\"}},\"Effect\":\"Allow\",\"Resource\":\"*\"},{\"Action\":[\"elasticloadbalancing:DeleteRule\",\"elasticloadbalancing:DeleteListener\",\"elasticloadbalancing:CreateRule\",\"elasticloadbalancing:CreateListener\",\"elasticloadbalancing:AddTags\"],\"Effect\":\"Allow\",\"Resource\":\"*\"},{\"Action\":[\"elasticloadbalancing:RemoveTags\",\"elasticloadbalancing:AddTags\"],\"Condition\":{\"Null\":{\"aws:RequestTag/elbv2.k8s.aws/cluster\":\"true\",\"aws:ResourceTag/elbv2.k8s.aws/cluster\":\"false\"}},\"Effect\":\"Allow\",\"Resource\":[\"arn:aws:elasticloadbalancing:*:*:targetgroup/*/*\",\"arn:aws:elasticloadbalancing:*:*:loadbalancer/net/*/*\",\"arn:aws:elasticloadbalancing:*:*:loadbalancer/app/*/*\"]},{\"Action\":[\"elasticloadbalancing:RemoveTags\",\"elasticloadbalancing:AddTags\"],\"Effect\":\"Allow\",\"Resource\":[\"arn:aws:elasticloadbalancing:*:*:listener/net/*/*/*\",\"arn:aws:elasticloadbalancing:*:*:listener/app/*/*/*\",\"arn:aws:elasticloadbalancing:*:*:listener-rule/net/*/*/*\",\"arn:aws:elasticloadbalancing:*:*:listener-rule/app/*/*/*\"]},{\"Action\":[\"elasticloadbalancing:SetSubnets\",\"elasticloadbalancing:SetSecurityGroups\",\"elasticloadbalancing:SetIpAddressType\",\"elasticloadbalancing:ModifyTargetGroupAttributes\",\"elasticloadbalancing:ModifyTargetGroup\",\"elasticloadbalancing:ModifyLoadBalancerAttributes\",\"elasticloadbalancing:DeleteTargetGroup\",\"elasticloadbalancing:DeleteLoadBalancer\"],\"Condition\":{\"Null\":{\"aws:ResourceTag/elbv2.k8s.aws/cluster\":\"false\"}},\"Effect\":\"Allow\",\"Resource\":\"*\"},{\"Action\":\"elasticloadbalancing:AddTags\",\"Condition\":{\"Null\":{\"aws:RequestTag/elbv2.k8s.aws/cluster\":\"false\"},\"StringEquals\":{\"elasticloadbalancing:CreateAction\":[\"CreateTargetGroup\",\"CreateLoadBalancer\"]}},\"Effect\":\"Allow\",\"Resource\":[\"arn:aws:elasticloadbalancing:*:*:targetgroup/*/*\",\"arn:aws:elasticloadbalancing:*:*:loadbalancer/net/*/*\",\"arn:aws:elasticloadbalancing:*:*:loadbalancer/app/*/*\"]},{\"Action\":[\"elasticloadbalancing:RegisterTargets\",\"elasticloadbalancing:DeregisterTargets\"],\"Effect\":\"Allow\",\"Resource\":\"arn:aws:elasticloadbalancing:*:*:targetgroup/*/*\"},{\"Action\":[\"elasticloadbalancing:SetWebAcl\",\"elasticloadbalancing:RemoveListenerCertificates\",\"elasticloadbalancing:ModifyRule\",\"elasticloadbalancing:ModifyListener\",\"elasticloadbalancing:AddListenerCertificates\"],\"Effect\":\"Allow\",\"Resource\":\"*\"}],\"Version\":\"2012-10-17\"}",
            "policy_id": "ANPAQEZNFTEKJTSCYSEZK",
            "tags": {},
            "tags_all": {
              "Environment": "halo-cmm-dev",
              "Terraform": "true"
            }
          },
          "sensitive_attributes": [],
          "private": "bnVsbA==",
          "dependencies": [
            "module.load_balancer_controller_irsa_role.data.aws_iam_policy_document.load_balancer_controller",
            "module.load_balancer_controller_irsa_role.data.aws_partition.current"
          ]
        }
      ]
    },
    {
      "module": "module.load_balancer_controller_irsa_role",
      "mode": "managed",
      "type": "aws_iam_role",
      "name": "this",
      "provider": "provider[\"registry.terraform.io/hashicorp/aws\"]",
      "instances": [
        {
          "index_key": 0,
          "schema_version": 0,
          "attributes": {
            "arn": "arn:aws:iam::010295286036:role/load-balancer-controller",
            "assume_role_policy": "{\"Statement\":[{\"Action\":\"sts:AssumeRoleWithWebIdentity\",\"Condition\":{\"StringEquals\":{\"oidc.eks.us-west-2.amazonaws.com/id/15BCB9D2F3A47B27F4A553C594D3C365:aud\":\"sts.amazonaws.com\",\"oidc.eks.us-west-2.amazonaws.com/id/15BCB9D2F3A47B27F4A553C594D3C365:sub\":\"system:serviceaccount:kube-system:aws-load-balancer-controller\"}},\"Effect\":\"Allow\",\"Principal\":{\"Federated\":\"arn:aws:iam::010295286036:oidc-provider/oidc.eks.us-west-2.amazonaws.com/id/15BCB9D2F3A47B27F4A553C594D3C365\"}}],\"Version\":\"2012-10-17\"}",
            "create_date": "2023-09-29T04:39:09Z",
            "description": "",
            "force_detach_policies": true,
            "id": "load-balancer-controller",
            "inline_policy": [],
            "managed_policy_arns": [
              "arn:aws:iam::010295286036:policy/AmazonEKS_AWS_Load_Balancer_Controller-20230929042535100600000004"
            ],
            "max_session_duration": 3600,
            "name": "load-balancer-controller",
            "name_prefix": "",
            "path": "/",
            "permissions_boundary": null,
            "role_last_used": [
              {
                "last_used_date": "2023-09-29T16:50:34Z",
                "region": "us-west-2"
              }
            ],
            "tags": {},
            "tags_all": {
              "Environment": "halo-cmm-dev",
              "Terraform": "true"
            },
            "unique_id": "AROAQEZNFTEKJ74673ESI"
          },
          "sensitive_attributes": [],
          "private": "bnVsbA==",
          "dependencies": [
            "data.aws_availability_zones.available",
            "module.clusters.module.eks.aws_cloudwatch_log_group.this",
            "module.clusters.module.eks.aws_ec2_tag.cluster_primary_security_group",
            "module.clusters.module.eks.aws_eks_addon.before_compute",
            "module.clusters.module.eks.aws_eks_addon.this",
            "module.clusters.module.eks.aws_eks_cluster.this",
            "module.clusters.module.eks.aws_eks_identity_provider_config.this",
            "module.clusters.module.eks.aws_iam_openid_connect_provider.oidc_provider",
            "module.clusters.module.eks.aws_iam_policy.cluster_encryption",
            "module.clusters.module.eks.aws_iam_policy.cni_ipv6_policy",
            "module.clusters.module.eks.aws_iam_role.this",
            "module.clusters.module.eks.aws_iam_role_policy_attachment.additional",
            "module.clusters.module.eks.aws_iam_role_policy_attachment.cluster_encryption",
            "module.clusters.module.eks.aws_iam_role_policy_attachment.this",
            "module.clusters.module.eks.aws_security_group.cluster",
            "module.clusters.module.eks.aws_security_group.node",
            "module.clusters.module.eks.aws_security_group_rule.cluster",
            "module.clusters.module.eks.aws_security_group_rule.node",
            "module.clusters.module.eks.data.aws_caller_identity.current",
            "module.clusters.module.eks.data.aws_eks_addon_version.this",
            "module.clusters.module.eks.data.aws_iam_policy_document.assume_role_policy",
            "module.clusters.module.eks.data.aws_iam_policy_document.cni_ipv6_policy",
            "module.clusters.module.eks.data.aws_iam_session_context.current",
            "module.clusters.module.eks.data.aws_partition.current",
            "module.clusters.module.eks.data.tls_certificate.this",
            "module.clusters.module.eks.kubernetes_config_map.aws_auth",
            "module.clusters.module.eks.kubernetes_config_map_v1_data.aws_auth",
            "module.clusters.module.eks.module.eks_managed_node_group.aws_autoscaling_schedule.this",
            "module.clusters.module.eks.module.eks_managed_node_group.aws_eks_node_group.this",
            "module.clusters.module.eks.module.eks_managed_node_group.aws_iam_role.this",
            "module.clusters.module.eks.module.eks_managed_node_group.aws_iam_role_policy_attachment.additional",
            "module.clusters.module.eks.module.eks_managed_node_group.aws_iam_role_policy_attachment.this",
            "module.clusters.module.eks.module.eks_managed_node_group.aws_launch_template.this",
            "module.clusters.module.eks.module.eks_managed_node_group.data.aws_caller_identity.current",
            "module.clusters.module.eks.module.eks_managed_node_group.data.aws_iam_policy_document.assume_role_policy",
            "module.clusters.module.eks.module.eks_managed_node_group.data.aws_partition.current",
            "module.clusters.module.eks.module.eks_managed_node_group.module.user_data.data.cloudinit_config.linux_eks_managed_node_group",
            "module.clusters.module.eks.module.fargate_profile.aws_eks_fargate_profile.this",
            "module.clusters.module.eks.module.fargate_profile.aws_iam_role.this",
            "module.clusters.module.eks.module.fargate_profile.aws_iam_role_policy_attachment.additional",
            "module.clusters.module.eks.module.fargate_profile.aws_iam_role_policy_attachment.this",
            "module.clusters.module.eks.module.fargate_profile.data.aws_caller_identity.current",
            "module.clusters.module.eks.module.fargate_profile.data.aws_iam_policy_document.assume_role_policy",
            "module.clusters.module.eks.module.fargate_profile.data.aws_partition.current",
            "module.clusters.module.eks.module.kms.aws_kms_alias.this",
            "module.clusters.module.eks.module.kms.aws_kms_external_key.this",
            "module.clusters.module.eks.module.kms.aws_kms_grant.this",
            "module.clusters.module.eks.module.kms.aws_kms_key.this",
            "module.clusters.module.eks.module.kms.data.aws_caller_identity.current",
            "module.clusters.module.eks.module.kms.data.aws_iam_policy_document.this",
            "module.clusters.module.eks.module.kms.data.aws_partition.current",
            "module.clusters.module.eks.module.self_managed_node_group.aws_autoscaling_group.this",
            "module.clusters.module.eks.module.self_managed_node_group.aws_autoscaling_schedule.this",
            "module.clusters.module.eks.module.self_managed_node_group.aws_iam_instance_profile.this",
            "module.clusters.module.eks.module.self_managed_node_group.aws_iam_role.this",
            "module.clusters.module.eks.module.self_managed_node_group.aws_iam_role_policy_attachment.additional",
            "module.clusters.module.eks.module.self_managed_node_group.aws_iam_role_policy_attachment.this",
            "module.clusters.module.eks.module.self_managed_node_group.aws_launch_template.this",
            "module.clusters.module.eks.module.self_managed_node_group.data.aws_ami.eks_default",
            "module.clusters.module.eks.module.self_managed_node_group.data.aws_caller_identity.current",
            "module.clusters.module.eks.module.self_managed_node_group.data.aws_iam_policy_document.assume_role_policy",
            "module.clusters.module.eks.module.self_managed_node_group.data.aws_partition.current",
            "module.clusters.module.eks.module.self_managed_node_group.module.user_data.data.cloudinit_config.linux_eks_managed_node_group",
            "module.clusters.module.eks.time_sleep.this",
            "module.load_balancer_controller_irsa_role.data.aws_caller_identity.current",
            "module.load_balancer_controller_irsa_role.data.aws_iam_policy_document.this",
            "module.load_balancer_controller_irsa_role.data.aws_partition.current",
            "module.vpc.aws_subnet.intra",
            "module.vpc.aws_subnet.private",
            "module.vpc.aws_vpc.this",
            "module.vpc.aws_vpc_ipv4_cidr_block_association.this"
          ]
        }
      ]
    },
    {
      "module": "module.load_balancer_controller_irsa_role",
      "mode": "managed",
      "type": "aws_iam_role_policy_attachment",
      "name": "load_balancer_controller",
      "provider": "provider[\"registry.terraform.io/hashicorp/aws\"]",
      "instances": [
        {
          "index_key": 0,
          "schema_version": 0,
          "attributes": {
            "id": "load-balancer-controller-20230929043909483800000019",
            "policy_arn": "arn:aws:iam::010295286036:policy/AmazonEKS_AWS_Load_Balancer_Controller-20230929042535100600000004",
            "role": "load-balancer-controller"
          },
          "sensitive_attributes": [],
          "private": "bnVsbA==",
          "dependencies": [
            "data.aws_availability_zones.available",
            "module.clusters.module.eks.aws_cloudwatch_log_group.this",
            "module.clusters.module.eks.aws_ec2_tag.cluster_primary_security_group",
            "module.clusters.module.eks.aws_eks_addon.before_compute",
            "module.clusters.module.eks.aws_eks_addon.this",
            "module.clusters.module.eks.aws_eks_cluster.this",
            "module.clusters.module.eks.aws_eks_identity_provider_config.this",
            "module.clusters.module.eks.aws_iam_openid_connect_provider.oidc_provider",
            "module.clusters.module.eks.aws_iam_policy.cluster_encryption",
            "module.clusters.module.eks.aws_iam_policy.cni_ipv6_policy",
            "module.clusters.module.eks.aws_iam_role.this",
            "module.clusters.module.eks.aws_iam_role_policy_attachment.additional",
            "module.clusters.module.eks.aws_iam_role_policy_attachment.cluster_encryption",
            "module.clusters.module.eks.aws_iam_role_policy_attachment.this",
            "module.clusters.module.eks.aws_security_group.cluster",
            "module.clusters.module.eks.aws_security_group.node",
            "module.clusters.module.eks.aws_security_group_rule.cluster",
            "module.clusters.module.eks.aws_security_group_rule.node",
            "module.clusters.module.eks.data.aws_caller_identity.current",
            "module.clusters.module.eks.data.aws_eks_addon_version.this",
            "module.clusters.module.eks.data.aws_iam_policy_document.assume_role_policy",
            "module.clusters.module.eks.data.aws_iam_policy_document.cni_ipv6_policy",
            "module.clusters.module.eks.data.aws_iam_session_context.current",
            "module.clusters.module.eks.data.aws_partition.current",
            "module.clusters.module.eks.data.tls_certificate.this",
            "module.clusters.module.eks.kubernetes_config_map.aws_auth",
            "module.clusters.module.eks.kubernetes_config_map_v1_data.aws_auth",
            "module.clusters.module.eks.module.eks_managed_node_group.aws_autoscaling_schedule.this",
            "module.clusters.module.eks.module.eks_managed_node_group.aws_eks_node_group.this",
            "module.clusters.module.eks.module.eks_managed_node_group.aws_iam_role.this",
            "module.clusters.module.eks.module.eks_managed_node_group.aws_iam_role_policy_attachment.additional",
            "module.clusters.module.eks.module.eks_managed_node_group.aws_iam_role_policy_attachment.this",
            "module.clusters.module.eks.module.eks_managed_node_group.aws_launch_template.this",
            "module.clusters.module.eks.module.eks_managed_node_group.data.aws_caller_identity.current",
            "module.clusters.module.eks.module.eks_managed_node_group.data.aws_iam_policy_document.assume_role_policy",
            "module.clusters.module.eks.module.eks_managed_node_group.data.aws_partition.current",
            "module.clusters.module.eks.module.eks_managed_node_group.module.user_data.data.cloudinit_config.linux_eks_managed_node_group",
            "module.clusters.module.eks.module.fargate_profile.aws_eks_fargate_profile.this",
            "module.clusters.module.eks.module.fargate_profile.aws_iam_role.this",
            "module.clusters.module.eks.module.fargate_profile.aws_iam_role_policy_attachment.additional",
            "module.clusters.module.eks.module.fargate_profile.aws_iam_role_policy_attachment.this",
            "module.clusters.module.eks.module.fargate_profile.data.aws_caller_identity.current",
            "module.clusters.module.eks.module.fargate_profile.data.aws_iam_policy_document.assume_role_policy",
            "module.clusters.module.eks.module.fargate_profile.data.aws_partition.current",
            "module.clusters.module.eks.module.kms.aws_kms_alias.this",
            "module.clusters.module.eks.module.kms.aws_kms_external_key.this",
            "module.clusters.module.eks.module.kms.aws_kms_grant.this",
            "module.clusters.module.eks.module.kms.aws_kms_key.this",
            "module.clusters.module.eks.module.kms.data.aws_caller_identity.current",
            "module.clusters.module.eks.module.kms.data.aws_iam_policy_document.this",
            "module.clusters.module.eks.module.kms.data.aws_partition.current",
            "module.clusters.module.eks.module.self_managed_node_group.aws_autoscaling_group.this",
            "module.clusters.module.eks.module.self_managed_node_group.aws_autoscaling_schedule.this",
            "module.clusters.module.eks.module.self_managed_node_group.aws_iam_instance_profile.this",
            "module.clusters.module.eks.module.self_managed_node_group.aws_iam_role.this",
            "module.clusters.module.eks.module.self_managed_node_group.aws_iam_role_policy_attachment.additional",
            "module.clusters.module.eks.module.self_managed_node_group.aws_iam_role_policy_attachment.this",
            "module.clusters.module.eks.module.self_managed_node_group.aws_launch_template.this",
            "module.clusters.module.eks.module.self_managed_node_group.data.aws_ami.eks_default",
            "module.clusters.module.eks.module.self_managed_node_group.data.aws_caller_identity.current",
            "module.clusters.module.eks.module.self_managed_node_group.data.aws_iam_policy_document.assume_role_policy",
            "module.clusters.module.eks.module.self_managed_node_group.data.aws_partition.current",
            "module.clusters.module.eks.module.self_managed_node_group.module.user_data.data.cloudinit_config.linux_eks_managed_node_group",
            "module.clusters.module.eks.time_sleep.this",
            "module.load_balancer_controller_irsa_role.aws_iam_policy.load_balancer_controller",
            "module.load_balancer_controller_irsa_role.aws_iam_role.this",
            "module.load_balancer_controller_irsa_role.data.aws_caller_identity.current",
            "module.load_balancer_controller_irsa_role.data.aws_iam_policy_document.load_balancer_controller",
            "module.load_balancer_controller_irsa_role.data.aws_iam_policy_document.this",
            "module.load_balancer_controller_irsa_role.data.aws_partition.current",
            "module.vpc.aws_subnet.intra",
            "module.vpc.aws_subnet.private",
            "module.vpc.aws_vpc.this",
            "module.vpc.aws_vpc_ipv4_cidr_block_association.this"
          ]
        }
      ]
    },
    {
      "module": "module.postgres.module.db",
      "mode": "data",
      "type": "aws_iam_policy_document",
      "name": "enhanced_monitoring",
      "provider": "provider[\"registry.terraform.io/hashicorp/aws\"]",
      "instances": [
        {
          "schema_version": 0,
          "attributes": {
            "id": "76086537",
            "json": "{\n  \"Version\": \"2012-10-17\",\n  \"Statement\": [\n    {\n      \"Effect\": \"Allow\",\n      \"Action\": \"sts:AssumeRole\",\n      \"Principal\": {\n        \"Service\": \"monitoring.rds.amazonaws.com\"\n      }\n    }\n  ]\n}",
            "override_policy_documents": null,
            "policy_id": null,
            "source_policy_documents": null,
            "statement": [
              {
                "actions": [
                  "sts:AssumeRole"
                ],
                "condition": [],
                "effect": "Allow",
                "not_actions": [],
                "not_principals": [],
                "not_resources": [],
                "principals": [
                  {
                    "identifiers": [
                      "monitoring.rds.amazonaws.com"
                    ],
                    "type": "Service"
                  }
                ],
                "resources": [],
                "sid": ""
              }
            ],
            "version": "2012-10-17"
          },
          "sensitive_attributes": []
        }
      ]
    },
    {
      "module": "module.postgres.module.db",
      "mode": "data",
      "type": "aws_partition",
      "name": "current",
      "provider": "provider[\"registry.terraform.io/hashicorp/aws\"]",
      "instances": [
        {
          "schema_version": 0,
          "attributes": {
            "dns_suffix": "amazonaws.com",
            "id": "aws",
            "partition": "aws",
            "reverse_dns_prefix": "com.amazonaws"
          },
          "sensitive_attributes": []
        }
      ]
    },
    {
      "module": "module.postgres.module.db",
      "mode": "managed",
      "type": "aws_db_instance",
      "name": "this",
      "provider": "provider[\"registry.terraform.io/hashicorp/aws\"]",
      "instances": [
        {
          "index_key": 0,
          "schema_version": 2,
          "attributes": {
            "address": "dev-postgres.c7lbzsffeehq.us-west-2.rds.amazonaws.com",
            "allocated_storage": 20,
            "allow_major_version_upgrade": false,
            "apply_immediately": false,
            "arn": "arn:aws:rds:us-west-2:010295286036:db:dev-postgres",
            "auto_minor_version_upgrade": true,
            "availability_zone": "us-west-2a",
            "backup_retention_period": 0,
            "backup_window": "03:00-06:00",
            "blue_green_update": [],
            "ca_cert_identifier": "rds-ca-rsa4096-g1",
            "character_set_name": "",
            "copy_tags_to_snapshot": false,
            "custom_iam_instance_profile": "",
            "customer_owned_ip_enabled": false,
            "db_name": "postgres",
            "db_subnet_group_name": "halo-cmm-dev",
            "delete_automated_backups": true,
            "deletion_protection": false,
            "domain": "",
            "domain_iam_role_name": "",
            "enabled_cloudwatch_logs_exports": [],
            "endpoint": "dev-postgres.c7lbzsffeehq.us-west-2.rds.amazonaws.com:5432",
            "engine": "postgres",
            "engine_version": "15.4",
            "engine_version_actual": "15.4",
            "final_snapshot_identifier": "final-dev-postgres-c1caabeb",
            "hosted_zone_id": "Z1PVIF0B656C1W",
            "iam_database_authentication_enabled": false,
            "id": "db-YW2S7TAPULNM2GYUDK26IFJI4I",
            "identifier": "dev-postgres",
            "identifier_prefix": "",
            "instance_class": "db.t3.micro",
            "iops": 0,
            "kms_key_id": "arn:aws:kms:us-west-2:010295286036:key/85ec80e6-1363-469d-9f06-2936486e4439",
            "latest_restorable_time": "",
            "license_model": "postgresql-license",
            "listener_endpoint": [],
            "maintenance_window": "mon:00:00-mon:03:00",
            "manage_master_user_password": true,
            "master_user_secret": [
              {
                "kms_key_id": "arn:aws:kms:us-west-2:010295286036:key/14d9e3c8-f30d-42f9-bb67-79f42c7a26b0",
                "secret_arn": "arn:aws:secretsmanager:us-west-2:010295286036:secret:rds!db-b4bebc1a-b72d-4d6f-96d4-d3cde3c6af91-VLxmGN",
                "secret_status": "active"
              }
            ],
            "master_user_secret_kms_key_id": null,
            "max_allocated_storage": 0,
            "monitoring_interval": 0,
            "monitoring_role_arn": "",
            "multi_az": false,
            "nchar_character_set_name": "",
            "network_type": "IPV4",
            "option_group_name": "default:postgres-15",
            "parameter_group_name": "default.postgres15",
            "password": null,
            "performance_insights_enabled": false,
            "performance_insights_kms_key_id": "",
            "performance_insights_retention_period": 0,
            "port": 5432,
            "publicly_accessible": false,
            "replica_mode": "",
            "replicas": [],
            "replicate_source_db": "",
            "resource_id": "db-YW2S7TAPULNM2GYUDK26IFJI4I",
            "restore_to_point_in_time": [],
            "s3_import": [],
            "skip_final_snapshot": false,
            "snapshot_identifier": null,
            "status": "available",
            "storage_encrypted": true,
            "storage_throughput": 0,
            "storage_type": "gp2",
            "tags": {},
            "tags_all": {
              "Environment": "halo-cmm-dev",
              "Terraform": "true"
            },
            "timeouts": {
              "create": null,
              "delete": null,
              "update": null
            },
            "timezone": "",
            "username": "postgres",
            "vpc_security_group_ids": [
              "sg-0c73fa1efa0f64b07"
            ]
          },
          "sensitive_attributes": [],
          "private": "eyJlMmJmYjczMC1lY2FhLTExZTYtOGY4OC0zNDM2M2JjN2M0YzAiOnsiY3JlYXRlIjoyNDAwMDAwMDAwMDAwLCJkZWxldGUiOjM2MDAwMDAwMDAwMDAsInVwZGF0ZSI6NDgwMDAwMDAwMDAwMH0sInNjaGVtYV92ZXJzaW9uIjoiMiJ9",
          "dependencies": [
            "data.aws_availability_zones.available",
            "module.postgres.module.db.aws_cloudwatch_log_group.this",
            "module.postgres.module.db.aws_iam_role.enhanced_monitoring",
            "module.postgres.module.db.data.aws_iam_policy_document.enhanced_monitoring",
            "module.postgres.module.db.random_id.snapshot_identifier",
            "module.postgres.module.security_group.aws_security_group.this",
            "module.postgres.module.security_group.aws_security_group.this_name_prefix",
            "module.vpc.aws_db_subnet_group.database",
            "module.vpc.aws_subnet.database",
            "module.vpc.aws_vpc.this",
            "module.vpc.aws_vpc_ipv4_cidr_block_association.this"
          ]
        }
      ]
    },
    {
      "module": "module.postgres.module.db",
      "mode": "managed",
      "type": "random_id",
      "name": "snapshot_identifier",
      "provider": "provider[\"registry.terraform.io/hashicorp/random\"]",
      "instances": [
        {
          "index_key": 0,
          "schema_version": 0,
          "attributes": {
            "b64_std": "wcqr6w==",
            "b64_url": "wcqr6w",
            "byte_length": 4,
            "dec": "3251284971",
            "hex": "c1caabeb",
            "id": "wcqr6w",
            "keepers": {
              "id": "dev-postgres"
            },
            "prefix": null
          },
          "sensitive_attributes": []
        }
      ]
    },
    {
      "module": "module.postgres.module.security_group",
      "mode": "managed",
      "type": "aws_security_group",
      "name": "this_name_prefix",
      "provider": "provider[\"registry.terraform.io/hashicorp/aws\"]",
      "instances": [
        {
          "index_key": 0,
          "schema_version": 1,
          "attributes": {
            "arn": "arn:aws:ec2:us-west-2:010295286036:security-group/sg-0c73fa1efa0f64b07",
            "description": "Complete PostgreSQL example security group",
            "egress": [],
            "id": "sg-0c73fa1efa0f64b07",
            "ingress": [
              {
                "cidr_blocks": [
                  "10.0.0.0/16"
                ],
                "description": "PostgreSQL access from within VPC",
                "from_port": 5432,
                "ipv6_cidr_blocks": [],
                "prefix_list_ids": [],
                "protocol": "tcp",
                "security_groups": [],
                "self": false,
                "to_port": 5432
              }
            ],
            "name": "dev-postgres-sg-2023092904254870120000000c",
            "name_prefix": "dev-postgres-sg-",
            "owner_id": "010295286036",
            "revoke_rules_on_delete": false,
            "tags": {
              "Name": "dev-postgres-sg"
            },
            "tags_all": {
              "Environment": "halo-cmm-dev",
              "Name": "dev-postgres-sg",
              "Terraform": "true"
            },
            "timeouts": {
              "create": "10m",
              "delete": "15m"
            },
            "vpc_id": "vpc-092b49754685f4b46"
          },
          "sensitive_attributes": [],
          "private": "eyJlMmJmYjczMC1lY2FhLTExZTYtOGY4OC0zNDM2M2JjN2M0YzAiOnsiY3JlYXRlIjo2MDAwMDAwMDAwMDAsImRlbGV0ZSI6OTAwMDAwMDAwMDAwfSwic2NoZW1hX3ZlcnNpb24iOiIxIn0=",
          "dependencies": [
            "module.vpc.aws_vpc.this"
          ],
          "create_before_destroy": true
        }
      ]
    },
    {
      "module": "module.postgres.module.security_group",
      "mode": "managed",
      "type": "aws_security_group_rule",
      "name": "ingress_with_cidr_blocks",
      "provider": "provider[\"registry.terraform.io/hashicorp/aws\"]",
      "instances": [
        {
          "index_key": 0,
          "schema_version": 2,
          "attributes": {
            "cidr_blocks": [
              "10.0.0.0/16"
            ],
            "description": "PostgreSQL access from within VPC",
            "from_port": 5432,
            "id": "sgrule-232028085",
            "ipv6_cidr_blocks": null,
            "prefix_list_ids": [],
            "protocol": "tcp",
            "security_group_id": "sg-0c73fa1efa0f64b07",
            "security_group_rule_id": "sgr-09d50fc134bfb839b",
            "self": false,
            "source_security_group_id": null,
            "timeouts": null,
            "to_port": 5432,
            "type": "ingress"
          },
          "sensitive_attributes": [],
          "private": "eyJlMmJmYjczMC1lY2FhLTExZTYtOGY4OC0zNDM2M2JjN2M0YzAiOnsiY3JlYXRlIjozMDAwMDAwMDAwMDB9LCJzY2hlbWFfdmVyc2lvbiI6IjIifQ==",
          "dependencies": [
            "module.postgres.module.security_group.aws_security_group.this",
            "module.postgres.module.security_group.aws_security_group.this_name_prefix",
            "module.vpc.aws_vpc.this"
          ]
        }
      ]
    },
    {
      "module": "module.storage",
      "mode": "managed",
      "type": "aws_s3_bucket",
      "name": "bucket",
      "provider": "provider[\"registry.terraform.io/hashicorp/aws\"]",
      "instances": [
        {
          "schema_version": 0,
          "attributes": {
            "acceleration_status": "",
            "acl": null,
            "arn": "arn:aws:s3:::halo-cmm-dev-bucket",
            "bucket": "halo-cmm-dev-bucket",
            "bucket_domain_name": "halo-cmm-dev-bucket.s3.amazonaws.com",
            "bucket_prefix": "",
            "bucket_regional_domain_name": "halo-cmm-dev-bucket.s3.us-west-2.amazonaws.com",
            "cors_rule": [],
            "force_destroy": false,
            "grant": [
              {
                "id": "a1102284bd0faffa8fcbbf15ec5fa367d735415906d076d352aab47a067742c0",
                "permissions": [
                  "FULL_CONTROL"
                ],
                "type": "CanonicalUser",
                "uri": ""
              }
            ],
            "hosted_zone_id": "Z3BJ6K6RIION7M",
            "id": "halo-cmm-dev-bucket",
            "lifecycle_rule": [],
            "logging": [],
            "object_lock_configuration": [],
            "object_lock_enabled": false,
            "policy": "",
            "region": "us-west-2",
            "replication_configuration": [],
            "request_payer": "BucketOwner",
            "server_side_encryption_configuration": [
              {
                "rule": [
                  {
                    "apply_server_side_encryption_by_default": [
                      {
                        "kms_master_key_id": "",
                        "sse_algorithm": "AES256"
                      }
                    ],
                    "bucket_key_enabled": false
                  }
                ]
              }
            ],
            "tags": {},
            "tags_all": {
              "Environment": "halo-cmm-dev",
              "Terraform": "true"
            },
            "timeouts": null,
            "versioning": [
              {
                "enabled": false,
                "mfa_delete": false
              }
            ],
            "website": [],
            "website_domain": null,
            "website_endpoint": null
          },
          "sensitive_attributes": [],
          "private": "eyJlMmJmYjczMC1lY2FhLTExZTYtOGY4OC0zNDM2M2JjN2M0YzAiOnsiY3JlYXRlIjoxMjAwMDAwMDAwMDAwLCJkZWxldGUiOjM2MDAwMDAwMDAwMDAsInJlYWQiOjEyMDAwMDAwMDAwMDAsInVwZGF0ZSI6MTIwMDAwMDAwMDAwMH19"
        }
      ]
    },
    {
      "module": "module.storage",
      "mode": "managed",
      "type": "aws_s3_bucket_public_access_block",
      "name": "protected_bucket_access",
      "provider": "provider[\"registry.terraform.io/hashicorp/aws\"]",
      "instances": [
        {
          "schema_version": 0,
          "attributes": {
            "block_public_acls": true,
            "block_public_policy": true,
            "bucket": "halo-cmm-dev-bucket",
            "id": "halo-cmm-dev-bucket",
            "ignore_public_acls": true,
            "restrict_public_buckets": true
          },
          "sensitive_attributes": [],
          "private": "bnVsbA==",
          "dependencies": [
            "module.storage.aws_s3_bucket.bucket"
          ]
        }
      ]
    },
    {
      "module": "module.vpc",
      "mode": "managed",
      "type": "aws_db_subnet_group",
      "name": "database",
      "provider": "provider[\"registry.terraform.io/hashicorp/aws\"]",
      "instances": [
        {
          "index_key": 0,
          "schema_version": 0,
          "attributes": {
            "arn": "arn:aws:rds:us-west-2:010295286036:subgrp:halo-cmm-dev",
            "description": "Database subnet group for halo-cmm-dev",
            "id": "halo-cmm-dev",
            "name": "halo-cmm-dev",
            "name_prefix": "",
            "subnet_ids": [
              "subnet-0f940bf19bef72929",
              "subnet-0fa99b750e1a1a553"
            ],
            "supported_network_types": [
              "IPV4"
            ],
            "tags": {
              "Name": "halo-cmm-dev"
            },
            "tags_all": {
              "Environment": "halo-cmm-dev",
              "Name": "halo-cmm-dev",
              "Terraform": "true"
            },
            "vpc_id": "vpc-092b49754685f4b46"
          },
          "sensitive_attributes": [],
          "private": "bnVsbA==",
          "dependencies": [
            "data.aws_availability_zones.available",
            "module.vpc.aws_subnet.database",
            "module.vpc.aws_vpc.this",
            "module.vpc.aws_vpc_ipv4_cidr_block_association.this"
          ]
        }
      ]
    },
    {
      "module": "module.vpc",
      "mode": "managed",
      "type": "aws_default_network_acl",
      "name": "this",
      "provider": "provider[\"registry.terraform.io/hashicorp/aws\"]",
      "instances": [
        {
          "index_key": 0,
          "schema_version": 0,
          "attributes": {
            "arn": "arn:aws:ec2:us-west-2:010295286036:network-acl/acl-02613a034c6f1ae50",
            "default_network_acl_id": "acl-02613a034c6f1ae50",
            "egress": [
              {
                "action": "allow",
                "cidr_block": "",
                "from_port": 0,
                "icmp_code": 0,
                "icmp_type": 0,
                "ipv6_cidr_block": "::/0",
                "protocol": "-1",
                "rule_no": 101,
                "to_port": 0
              },
              {
                "action": "allow",
                "cidr_block": "0.0.0.0/0",
                "from_port": 0,
                "icmp_code": 0,
                "icmp_type": 0,
                "ipv6_cidr_block": "",
                "protocol": "-1",
                "rule_no": 100,
                "to_port": 0
              }
            ],
            "id": "acl-02613a034c6f1ae50",
            "ingress": [
              {
                "action": "allow",
                "cidr_block": "",
                "from_port": 0,
                "icmp_code": 0,
                "icmp_type": 0,
                "ipv6_cidr_block": "::/0",
                "protocol": "-1",
                "rule_no": 101,
                "to_port": 0
              },
              {
                "action": "allow",
                "cidr_block": "0.0.0.0/0",
                "from_port": 0,
                "icmp_code": 0,
                "icmp_type": 0,
                "ipv6_cidr_block": "",
                "protocol": "-1",
                "rule_no": 100,
                "to_port": 0
              }
            ],
            "owner_id": "010295286036",
            "subnet_ids": [
              "subnet-003b76465085336df",
              "subnet-0204b106f03783a9f",
              "subnet-03ebf293b9a6b8b00",
              "subnet-085cf93517760229f",
              "subnet-08f33b5931d17ad3a",
              "subnet-0af5f1238bc39ffda",
              "subnet-0f940bf19bef72929",
              "subnet-0fa99b750e1a1a553"
            ],
            "tags": {
              "Name": "halo-cmm-dev-default"
            },
            "tags_all": {
              "Environment": "halo-cmm-dev",
              "Name": "halo-cmm-dev-default",
              "Terraform": "true"
            },
            "vpc_id": "vpc-092b49754685f4b46"
          },
          "sensitive_attributes": [],
          "private": "bnVsbA==",
          "dependencies": [
            "module.vpc.aws_vpc.this"
          ]
        }
      ]
    },
    {
      "module": "module.vpc",
      "mode": "managed",
      "type": "aws_default_route_table",
      "name": "default",
      "provider": "provider[\"registry.terraform.io/hashicorp/aws\"]",
      "instances": [
        {
          "index_key": 0,
          "schema_version": 0,
          "attributes": {
            "arn": "arn:aws:ec2:us-west-2:010295286036:route-table/rtb-073af4cca9be8325e",
            "default_route_table_id": "rtb-073af4cca9be8325e",
            "id": "rtb-073af4cca9be8325e",
            "owner_id": "010295286036",
            "propagating_vgws": [],
            "route": [],
            "tags": {
              "Name": "halo-cmm-dev-default"
            },
            "tags_all": {
              "Environment": "halo-cmm-dev",
              "Name": "halo-cmm-dev-default",
              "Terraform": "true"
            },
            "timeouts": {
              "create": "5m",
              "update": "5m"
            },
            "vpc_id": "vpc-092b49754685f4b46"
          },
          "sensitive_attributes": [],
          "private": "eyJlMmJmYjczMC1lY2FhLTExZTYtOGY4OC0zNDM2M2JjN2M0YzAiOnsiY3JlYXRlIjozMDAwMDAwMDAwMDAsInVwZGF0ZSI6MzAwMDAwMDAwMDAwfX0=",
          "dependencies": [
            "module.vpc.aws_vpc.this"
          ]
        }
      ]
    },
    {
      "module": "module.vpc",
      "mode": "managed",
      "type": "aws_default_security_group",
      "name": "this",
      "provider": "provider[\"registry.terraform.io/hashicorp/aws\"]",
      "instances": [
        {
          "index_key": 0,
          "schema_version": 1,
          "attributes": {
            "arn": "arn:aws:ec2:us-west-2:010295286036:security-group/sg-043d6be998c97b572",
            "description": "default VPC security group",
            "egress": [],
            "id": "sg-043d6be998c97b572",
            "ingress": [],
            "name": "default",
            "name_prefix": "",
            "owner_id": "010295286036",
            "revoke_rules_on_delete": false,
            "tags": {
              "Name": "halo-cmm-dev-default"
            },
            "tags_all": {
              "Environment": "halo-cmm-dev",
              "Name": "halo-cmm-dev-default",
              "Terraform": "true"
            },
            "vpc_id": "vpc-092b49754685f4b46"
          },
          "sensitive_attributes": [],
          "private": "eyJzY2hlbWFfdmVyc2lvbiI6IjEifQ==",
          "dependencies": [
            "module.vpc.aws_vpc.this"
          ]
        }
      ]
    },
    {
      "module": "module.vpc",
      "mode": "managed",
      "type": "aws_eip",
      "name": "nat",
      "provider": "provider[\"registry.terraform.io/hashicorp/aws\"]",
      "instances": [
        {
          "index_key": 0,
          "schema_version": 0,
          "attributes": {
            "address": null,
            "allocation_id": "eipalloc-0b17ec44cd5e475f2",
            "associate_with_private_ip": null,
            "association_id": "eipassoc-06e17c8c131a9c624",
            "carrier_ip": "",
            "customer_owned_ip": "",
            "customer_owned_ipv4_pool": "",
            "domain": "vpc",
            "id": "eipalloc-0b17ec44cd5e475f2",
            "instance": "",
            "network_border_group": "us-west-2",
            "network_interface": "eni-0092fb69ffa39c2db",
            "private_dns": "ip-10-0-8-110.us-west-2.compute.internal",
            "private_ip": "10.0.8.110",
            "public_dns": "ec2-54-68-37-62.us-west-2.compute.amazonaws.com",
            "public_ip": "54.68.37.62",
            "public_ipv4_pool": "amazon",
            "tags": {
              "Name": "halo-cmm-dev-us-west-2a"
            },
            "tags_all": {
              "Environment": "halo-cmm-dev",
              "Name": "halo-cmm-dev-us-west-2a",
              "Terraform": "true"
            },
            "timeouts": null,
            "vpc": true
          },
          "sensitive_attributes": [],
          "private": "eyJlMmJmYjczMC1lY2FhLTExZTYtOGY4OC0zNDM2M2JjN2M0YzAiOnsiZGVsZXRlIjoxODAwMDAwMDAwMDAsInJlYWQiOjkwMDAwMDAwMDAwMCwidXBkYXRlIjozMDAwMDAwMDAwMDB9fQ==",
          "dependencies": [
            "data.aws_availability_zones.available",
            "module.vpc.aws_internet_gateway.this",
            "module.vpc.aws_vpc.this",
            "module.vpc.aws_vpc_ipv4_cidr_block_association.this"
          ]
        }
      ]
    },
    {
      "module": "module.vpc",
      "mode": "managed",
      "type": "aws_internet_gateway",
      "name": "this",
      "provider": "provider[\"registry.terraform.io/hashicorp/aws\"]",
      "instances": [
        {
          "index_key": 0,
          "schema_version": 0,
          "attributes": {
            "arn": "arn:aws:ec2:us-west-2:010295286036:internet-gateway/igw-04bf9e49c41429d24",
            "id": "igw-04bf9e49c41429d24",
            "owner_id": "010295286036",
            "tags": {
              "Name": "halo-cmm-dev"
            },
            "tags_all": {
              "Environment": "halo-cmm-dev",
              "Name": "halo-cmm-dev",
              "Terraform": "true"
            },
            "timeouts": null,
            "vpc_id": "vpc-092b49754685f4b46"
          },
          "sensitive_attributes": [],
          "private": "eyJlMmJmYjczMC1lY2FhLTExZTYtOGY4OC0zNDM2M2JjN2M0YzAiOnsiY3JlYXRlIjoxMjAwMDAwMDAwMDAwLCJkZWxldGUiOjEyMDAwMDAwMDAwMDAsInVwZGF0ZSI6MTIwMDAwMDAwMDAwMH19",
          "dependencies": [
            "data.aws_availability_zones.available",
            "module.vpc.aws_vpc.this",
            "module.vpc.aws_vpc_ipv4_cidr_block_association.this"
          ]
        }
      ]
    },
    {
      "module": "module.vpc",
      "mode": "managed",
      "type": "aws_nat_gateway",
      "name": "this",
      "provider": "provider[\"registry.terraform.io/hashicorp/aws\"]",
      "instances": [
        {
          "index_key": 0,
          "schema_version": 0,
          "attributes": {
            "allocation_id": "eipalloc-0b17ec44cd5e475f2",
            "association_id": "eipassoc-06e17c8c131a9c624",
            "connectivity_type": "public",
            "id": "nat-0d23e4112c2a67e10",
            "network_interface_id": "eni-0092fb69ffa39c2db",
            "private_ip": "10.0.8.110",
            "public_ip": "54.68.37.62",
            "subnet_id": "subnet-003b76465085336df",
            "tags": {
              "Name": "halo-cmm-dev-us-west-2a"
            },
            "tags_all": {
              "Environment": "halo-cmm-dev",
              "Name": "halo-cmm-dev-us-west-2a",
              "Terraform": "true"
            }
          },
          "sensitive_attributes": [],
          "private": "bnVsbA==",
          "dependencies": [
            "data.aws_availability_zones.available",
            "module.vpc.aws_eip.nat",
            "module.vpc.aws_internet_gateway.this",
            "module.vpc.aws_subnet.public",
            "module.vpc.aws_vpc.this",
            "module.vpc.aws_vpc_ipv4_cidr_block_association.this"
          ]
        }
      ]
    },
    {
      "module": "module.vpc",
      "mode": "managed",
      "type": "aws_route",
      "name": "private_nat_gateway",
      "provider": "provider[\"registry.terraform.io/hashicorp/aws\"]",
      "instances": [
        {
          "index_key": 0,
          "schema_version": 0,
          "attributes": {
            "carrier_gateway_id": "",
            "core_network_arn": "",
            "destination_cidr_block": "0.0.0.0/0",
            "destination_ipv6_cidr_block": "",
            "destination_prefix_list_id": "",
            "egress_only_gateway_id": "",
            "gateway_id": "",
            "id": "r-rtb-09b13d304740c79b91080289494",
            "instance_id": "",
            "instance_owner_id": "",
            "local_gateway_id": "",
            "nat_gateway_id": "nat-0d23e4112c2a67e10",
            "network_interface_id": "",
            "origin": "CreateRoute",
            "route_table_id": "rtb-09b13d304740c79b9",
            "state": "active",
            "timeouts": {
              "create": "5m",
              "delete": null,
              "update": null
            },
            "transit_gateway_id": "",
            "vpc_endpoint_id": "",
            "vpc_peering_connection_id": ""
          },
          "sensitive_attributes": [],
          "private": "eyJlMmJmYjczMC1lY2FhLTExZTYtOGY4OC0zNDM2M2JjN2M0YzAiOnsiY3JlYXRlIjozMDAwMDAwMDAwMDAsImRlbGV0ZSI6MzAwMDAwMDAwMDAwLCJ1cGRhdGUiOjEyMDAwMDAwMDAwMH19",
          "dependencies": [
            "data.aws_availability_zones.available",
            "module.vpc.aws_eip.nat",
            "module.vpc.aws_internet_gateway.this",
            "module.vpc.aws_nat_gateway.this",
            "module.vpc.aws_route_table.private",
            "module.vpc.aws_subnet.public",
            "module.vpc.aws_vpc.this",
            "module.vpc.aws_vpc_ipv4_cidr_block_association.this"
          ]
        }
      ]
    },
    {
      "module": "module.vpc",
      "mode": "managed",
      "type": "aws_route",
      "name": "public_internet_gateway",
      "provider": "provider[\"registry.terraform.io/hashicorp/aws\"]",
      "instances": [
        {
          "index_key": 0,
          "schema_version": 0,
          "attributes": {
            "carrier_gateway_id": "",
            "core_network_arn": "",
            "destination_cidr_block": "0.0.0.0/0",
            "destination_ipv6_cidr_block": "",
            "destination_prefix_list_id": "",
            "egress_only_gateway_id": "",
            "gateway_id": "igw-04bf9e49c41429d24",
            "id": "r-rtb-0edafc27b58405e651080289494",
            "instance_id": "",
            "instance_owner_id": "",
            "local_gateway_id": "",
            "nat_gateway_id": "",
            "network_interface_id": "",
            "origin": "CreateRoute",
            "route_table_id": "rtb-0edafc27b58405e65",
            "state": "active",
            "timeouts": {
              "create": "5m",
              "delete": null,
              "update": null
            },
            "transit_gateway_id": "",
            "vpc_endpoint_id": "",
            "vpc_peering_connection_id": ""
          },
          "sensitive_attributes": [],
          "private": "eyJlMmJmYjczMC1lY2FhLTExZTYtOGY4OC0zNDM2M2JjN2M0YzAiOnsiY3JlYXRlIjozMDAwMDAwMDAwMDAsImRlbGV0ZSI6MzAwMDAwMDAwMDAwLCJ1cGRhdGUiOjEyMDAwMDAwMDAwMH19",
          "dependencies": [
            "data.aws_availability_zones.available",
            "module.vpc.aws_internet_gateway.this",
            "module.vpc.aws_route_table.public",
            "module.vpc.aws_vpc.this",
            "module.vpc.aws_vpc_ipv4_cidr_block_association.this"
          ]
        }
      ]
    },
    {
      "module": "module.vpc",
      "mode": "managed",
      "type": "aws_route_table",
      "name": "intra",
      "provider": "provider[\"registry.terraform.io/hashicorp/aws\"]",
      "instances": [
        {
          "index_key": 0,
          "schema_version": 0,
          "attributes": {
            "arn": "arn:aws:ec2:us-west-2:010295286036:route-table/rtb-065689cd14078a5b1",
            "id": "rtb-065689cd14078a5b1",
            "owner_id": "010295286036",
            "propagating_vgws": [],
            "route": [],
            "tags": {
              "Name": "halo-cmm-dev-intra"
            },
            "tags_all": {
              "Environment": "halo-cmm-dev",
              "Name": "halo-cmm-dev-intra",
              "Terraform": "true"
            },
            "timeouts": null,
            "vpc_id": "vpc-092b49754685f4b46"
          },
          "sensitive_attributes": [],
          "private": "eyJlMmJmYjczMC1lY2FhLTExZTYtOGY4OC0zNDM2M2JjN2M0YzAiOnsiY3JlYXRlIjozMDAwMDAwMDAwMDAsImRlbGV0ZSI6MzAwMDAwMDAwMDAwLCJ1cGRhdGUiOjEyMDAwMDAwMDAwMH19",
          "dependencies": [
            "data.aws_availability_zones.available",
            "module.vpc.aws_vpc.this",
            "module.vpc.aws_vpc_ipv4_cidr_block_association.this"
          ]
        }
      ]
    },
    {
      "module": "module.vpc",
      "mode": "managed",
      "type": "aws_route_table",
      "name": "private",
      "provider": "provider[\"registry.terraform.io/hashicorp/aws\"]",
      "instances": [
        {
          "index_key": 0,
          "schema_version": 0,
          "attributes": {
            "arn": "arn:aws:ec2:us-west-2:010295286036:route-table/rtb-09b13d304740c79b9",
            "id": "rtb-09b13d304740c79b9",
            "owner_id": "010295286036",
            "propagating_vgws": [],
            "route": [
              {
                "carrier_gateway_id": "",
                "cidr_block": "0.0.0.0/0",
                "core_network_arn": "",
                "destination_prefix_list_id": "",
                "egress_only_gateway_id": "",
                "gateway_id": "",
                "ipv6_cidr_block": "",
                "local_gateway_id": "",
                "nat_gateway_id": "nat-0d23e4112c2a67e10",
                "network_interface_id": "",
                "transit_gateway_id": "",
                "vpc_endpoint_id": "",
                "vpc_peering_connection_id": ""
              }
            ],
            "tags": {
              "Name": "halo-cmm-dev-private"
            },
            "tags_all": {
              "Environment": "halo-cmm-dev",
              "Name": "halo-cmm-dev-private",
              "Terraform": "true"
            },
            "timeouts": null,
            "vpc_id": "vpc-092b49754685f4b46"
          },
          "sensitive_attributes": [],
          "private": "eyJlMmJmYjczMC1lY2FhLTExZTYtOGY4OC0zNDM2M2JjN2M0YzAiOnsiY3JlYXRlIjozMDAwMDAwMDAwMDAsImRlbGV0ZSI6MzAwMDAwMDAwMDAwLCJ1cGRhdGUiOjEyMDAwMDAwMDAwMH19",
          "dependencies": [
            "data.aws_availability_zones.available",
            "module.vpc.aws_vpc.this",
            "module.vpc.aws_vpc_ipv4_cidr_block_association.this"
          ]
        }
      ]
    },
    {
      "module": "module.vpc",
      "mode": "managed",
      "type": "aws_route_table",
      "name": "public",
      "provider": "provider[\"registry.terraform.io/hashicorp/aws\"]",
      "instances": [
        {
          "index_key": 0,
          "schema_version": 0,
          "attributes": {
            "arn": "arn:aws:ec2:us-west-2:010295286036:route-table/rtb-0edafc27b58405e65",
            "id": "rtb-0edafc27b58405e65",
            "owner_id": "010295286036",
            "propagating_vgws": [],
            "route": [
              {
                "carrier_gateway_id": "",
                "cidr_block": "0.0.0.0/0",
                "core_network_arn": "",
                "destination_prefix_list_id": "",
                "egress_only_gateway_id": "",
                "gateway_id": "igw-04bf9e49c41429d24",
                "ipv6_cidr_block": "",
                "local_gateway_id": "",
                "nat_gateway_id": "",
                "network_interface_id": "",
                "transit_gateway_id": "",
                "vpc_endpoint_id": "",
                "vpc_peering_connection_id": ""
              }
            ],
            "tags": {
              "Name": "halo-cmm-dev-public"
            },
            "tags_all": {
              "Environment": "halo-cmm-dev",
              "Name": "halo-cmm-dev-public",
              "Terraform": "true"
            },
            "timeouts": null,
            "vpc_id": "vpc-092b49754685f4b46"
          },
          "sensitive_attributes": [],
          "private": "eyJlMmJmYjczMC1lY2FhLTExZTYtOGY4OC0zNDM2M2JjN2M0YzAiOnsiY3JlYXRlIjozMDAwMDAwMDAwMDAsImRlbGV0ZSI6MzAwMDAwMDAwMDAwLCJ1cGRhdGUiOjEyMDAwMDAwMDAwMH19",
          "dependencies": [
            "data.aws_availability_zones.available",
            "module.vpc.aws_vpc.this",
            "module.vpc.aws_vpc_ipv4_cidr_block_association.this"
          ]
        }
      ]
    },
    {
      "module": "module.vpc",
      "mode": "managed",
      "type": "aws_route_table_association",
      "name": "database",
      "provider": "provider[\"registry.terraform.io/hashicorp/aws\"]",
      "instances": [
        {
          "index_key": 0,
          "schema_version": 0,
          "attributes": {
            "gateway_id": "",
            "id": "rtbassoc-0c0df3c754068668b",
            "route_table_id": "rtb-09b13d304740c79b9",
            "subnet_id": "subnet-0fa99b750e1a1a553",
            "timeouts": null
          },
          "sensitive_attributes": [],
          "private": "eyJlMmJmYjczMC1lY2FhLTExZTYtOGY4OC0zNDM2M2JjN2M0YzAiOnsiY3JlYXRlIjozMDAwMDAwMDAwMDAsImRlbGV0ZSI6MzAwMDAwMDAwMDAwLCJ1cGRhdGUiOjEyMDAwMDAwMDAwMH19",
          "dependencies": [
            "data.aws_availability_zones.available",
            "module.vpc.aws_route_table.database",
            "module.vpc.aws_route_table.private",
            "module.vpc.aws_subnet.database",
            "module.vpc.aws_vpc.this",
            "module.vpc.aws_vpc_ipv4_cidr_block_association.this"
          ]
        },
        {
          "index_key": 1,
          "schema_version": 0,
          "attributes": {
            "gateway_id": "",
            "id": "rtbassoc-04e04ed456cc15611",
            "route_table_id": "rtb-09b13d304740c79b9",
            "subnet_id": "subnet-0f940bf19bef72929",
            "timeouts": null
          },
          "sensitive_attributes": [],
          "private": "eyJlMmJmYjczMC1lY2FhLTExZTYtOGY4OC0zNDM2M2JjN2M0YzAiOnsiY3JlYXRlIjozMDAwMDAwMDAwMDAsImRlbGV0ZSI6MzAwMDAwMDAwMDAwLCJ1cGRhdGUiOjEyMDAwMDAwMDAwMH19",
          "dependencies": [
            "data.aws_availability_zones.available",
            "module.vpc.aws_route_table.database",
            "module.vpc.aws_route_table.private",
            "module.vpc.aws_subnet.database",
            "module.vpc.aws_vpc.this",
            "module.vpc.aws_vpc_ipv4_cidr_block_association.this"
          ]
        }
      ]
    },
    {
      "module": "module.vpc",
      "mode": "managed",
      "type": "aws_route_table_association",
      "name": "intra",
      "provider": "provider[\"registry.terraform.io/hashicorp/aws\"]",
      "instances": [
        {
          "index_key": 0,
          "schema_version": 0,
          "attributes": {
            "gateway_id": "",
            "id": "rtbassoc-01bee93eeb69821ed",
            "route_table_id": "rtb-065689cd14078a5b1",
            "subnet_id": "subnet-03ebf293b9a6b8b00",
            "timeouts": null
          },
          "sensitive_attributes": [],
          "private": "eyJlMmJmYjczMC1lY2FhLTExZTYtOGY4OC0zNDM2M2JjN2M0YzAiOnsiY3JlYXRlIjozMDAwMDAwMDAwMDAsImRlbGV0ZSI6MzAwMDAwMDAwMDAwLCJ1cGRhdGUiOjEyMDAwMDAwMDAwMH19",
          "dependencies": [
            "data.aws_availability_zones.available",
            "module.vpc.aws_route_table.intra",
            "module.vpc.aws_subnet.intra",
            "module.vpc.aws_vpc.this",
            "module.vpc.aws_vpc_ipv4_cidr_block_association.this"
          ]
        },
        {
          "index_key": 1,
          "schema_version": 0,
          "attributes": {
            "gateway_id": "",
            "id": "rtbassoc-022bc047759891cd4",
            "route_table_id": "rtb-065689cd14078a5b1",
            "subnet_id": "subnet-0204b106f03783a9f",
            "timeouts": null
          },
          "sensitive_attributes": [],
          "private": "eyJlMmJmYjczMC1lY2FhLTExZTYtOGY4OC0zNDM2M2JjN2M0YzAiOnsiY3JlYXRlIjozMDAwMDAwMDAwMDAsImRlbGV0ZSI6MzAwMDAwMDAwMDAwLCJ1cGRhdGUiOjEyMDAwMDAwMDAwMH19",
          "dependencies": [
            "data.aws_availability_zones.available",
            "module.vpc.aws_route_table.intra",
            "module.vpc.aws_subnet.intra",
            "module.vpc.aws_vpc.this",
            "module.vpc.aws_vpc_ipv4_cidr_block_association.this"
          ]
        }
      ]
    },
    {
      "module": "module.vpc",
      "mode": "managed",
      "type": "aws_route_table_association",
      "name": "private",
      "provider": "provider[\"registry.terraform.io/hashicorp/aws\"]",
      "instances": [
        {
          "index_key": 0,
          "schema_version": 0,
          "attributes": {
            "gateway_id": "",
            "id": "rtbassoc-042312fc00e165e83",
            "route_table_id": "rtb-09b13d304740c79b9",
            "subnet_id": "subnet-08f33b5931d17ad3a",
            "timeouts": null
          },
          "sensitive_attributes": [],
          "private": "eyJlMmJmYjczMC1lY2FhLTExZTYtOGY4OC0zNDM2M2JjN2M0YzAiOnsiY3JlYXRlIjozMDAwMDAwMDAwMDAsImRlbGV0ZSI6MzAwMDAwMDAwMDAwLCJ1cGRhdGUiOjEyMDAwMDAwMDAwMH19",
          "dependencies": [
            "data.aws_availability_zones.available",
            "module.vpc.aws_route_table.private",
            "module.vpc.aws_subnet.private",
            "module.vpc.aws_vpc.this",
            "module.vpc.aws_vpc_ipv4_cidr_block_association.this"
          ]
        },
        {
          "index_key": 1,
          "schema_version": 0,
          "attributes": {
            "gateway_id": "",
            "id": "rtbassoc-00f60934100fed81e",
            "route_table_id": "rtb-09b13d304740c79b9",
            "subnet_id": "subnet-085cf93517760229f",
            "timeouts": null
          },
          "sensitive_attributes": [],
          "private": "eyJlMmJmYjczMC1lY2FhLTExZTYtOGY4OC0zNDM2M2JjN2M0YzAiOnsiY3JlYXRlIjozMDAwMDAwMDAwMDAsImRlbGV0ZSI6MzAwMDAwMDAwMDAwLCJ1cGRhdGUiOjEyMDAwMDAwMDAwMH19",
          "dependencies": [
            "data.aws_availability_zones.available",
            "module.vpc.aws_route_table.private",
            "module.vpc.aws_subnet.private",
            "module.vpc.aws_vpc.this",
            "module.vpc.aws_vpc_ipv4_cidr_block_association.this"
          ]
        }
      ]
    },
    {
      "module": "module.vpc",
      "mode": "managed",
      "type": "aws_route_table_association",
      "name": "public",
      "provider": "provider[\"registry.terraform.io/hashicorp/aws\"]",
      "instances": [
        {
          "index_key": 0,
          "schema_version": 0,
          "attributes": {
            "gateway_id": "",
            "id": "rtbassoc-02d6ba1903406d9ac",
            "route_table_id": "rtb-0edafc27b58405e65",
            "subnet_id": "subnet-003b76465085336df",
            "timeouts": null
          },
          "sensitive_attributes": [],
          "private": "eyJlMmJmYjczMC1lY2FhLTExZTYtOGY4OC0zNDM2M2JjN2M0YzAiOnsiY3JlYXRlIjozMDAwMDAwMDAwMDAsImRlbGV0ZSI6MzAwMDAwMDAwMDAwLCJ1cGRhdGUiOjEyMDAwMDAwMDAwMH19",
          "dependencies": [
            "data.aws_availability_zones.available",
            "module.vpc.aws_route_table.public",
            "module.vpc.aws_subnet.public",
            "module.vpc.aws_vpc.this",
            "module.vpc.aws_vpc_ipv4_cidr_block_association.this"
          ]
        },
        {
          "index_key": 1,
          "schema_version": 0,
          "attributes": {
            "gateway_id": "",
            "id": "rtbassoc-01a289fe824b277d5",
            "route_table_id": "rtb-0edafc27b58405e65",
            "subnet_id": "subnet-0af5f1238bc39ffda",
            "timeouts": null
          },
          "sensitive_attributes": [],
          "private": "eyJlMmJmYjczMC1lY2FhLTExZTYtOGY4OC0zNDM2M2JjN2M0YzAiOnsiY3JlYXRlIjozMDAwMDAwMDAwMDAsImRlbGV0ZSI6MzAwMDAwMDAwMDAwLCJ1cGRhdGUiOjEyMDAwMDAwMDAwMH19",
          "dependencies": [
            "data.aws_availability_zones.available",
            "module.vpc.aws_route_table.public",
            "module.vpc.aws_subnet.public",
            "module.vpc.aws_vpc.this",
            "module.vpc.aws_vpc_ipv4_cidr_block_association.this"
          ]
        }
      ]
    },
    {
      "module": "module.vpc",
      "mode": "managed",
      "type": "aws_subnet",
      "name": "database",
      "provider": "provider[\"registry.terraform.io/hashicorp/aws\"]",
      "instances": [
        {
          "index_key": 0,
          "schema_version": 1,
          "attributes": {
            "arn": "arn:aws:ec2:us-west-2:010295286036:subnet/subnet-0fa99b750e1a1a553",
            "assign_ipv6_address_on_creation": false,
            "availability_zone": "us-west-2a",
            "availability_zone_id": "usw2-az2",
            "cidr_block": "10.0.12.0/24",
            "customer_owned_ipv4_pool": "",
            "enable_dns64": false,
            "enable_lni_at_device_index": 0,
            "enable_resource_name_dns_a_record_on_launch": false,
            "enable_resource_name_dns_aaaa_record_on_launch": false,
            "id": "subnet-0fa99b750e1a1a553",
            "ipv6_cidr_block": "",
            "ipv6_cidr_block_association_id": "",
            "ipv6_native": false,
            "map_customer_owned_ip_on_launch": false,
            "map_public_ip_on_launch": false,
            "outpost_arn": "",
            "owner_id": "010295286036",
            "private_dns_hostname_type_on_launch": "ip-name",
            "tags": {
              "Name": "halo-cmm-dev-db-us-west-2a"
            },
            "tags_all": {
              "Environment": "halo-cmm-dev",
              "Name": "halo-cmm-dev-db-us-west-2a",
              "Terraform": "true"
            },
            "timeouts": null,
            "vpc_id": "vpc-092b49754685f4b46"
          },
          "sensitive_attributes": [],
          "private": "eyJlMmJmYjczMC1lY2FhLTExZTYtOGY4OC0zNDM2M2JjN2M0YzAiOnsiY3JlYXRlIjo2MDAwMDAwMDAwMDAsImRlbGV0ZSI6MTIwMDAwMDAwMDAwMH0sInNjaGVtYV92ZXJzaW9uIjoiMSJ9",
          "dependencies": [
            "data.aws_availability_zones.available",
            "module.vpc.aws_vpc.this",
            "module.vpc.aws_vpc_ipv4_cidr_block_association.this"
          ]
        },
        {
          "index_key": 1,
          "schema_version": 1,
          "attributes": {
            "arn": "arn:aws:ec2:us-west-2:010295286036:subnet/subnet-0f940bf19bef72929",
            "assign_ipv6_address_on_creation": false,
            "availability_zone": "us-west-2b",
            "availability_zone_id": "usw2-az1",
            "cidr_block": "10.0.13.0/24",
            "customer_owned_ipv4_pool": "",
            "enable_dns64": false,
            "enable_lni_at_device_index": 0,
            "enable_resource_name_dns_a_record_on_launch": false,
            "enable_resource_name_dns_aaaa_record_on_launch": false,
            "id": "subnet-0f940bf19bef72929",
            "ipv6_cidr_block": "",
            "ipv6_cidr_block_association_id": "",
            "ipv6_native": false,
            "map_customer_owned_ip_on_launch": false,
            "map_public_ip_on_launch": false,
            "outpost_arn": "",
            "owner_id": "010295286036",
            "private_dns_hostname_type_on_launch": "ip-name",
            "tags": {
              "Name": "halo-cmm-dev-db-us-west-2b"
            },
            "tags_all": {
              "Environment": "halo-cmm-dev",
              "Name": "halo-cmm-dev-db-us-west-2b",
              "Terraform": "true"
            },
            "timeouts": null,
            "vpc_id": "vpc-092b49754685f4b46"
          },
          "sensitive_attributes": [],
          "private": "eyJlMmJmYjczMC1lY2FhLTExZTYtOGY4OC0zNDM2M2JjN2M0YzAiOnsiY3JlYXRlIjo2MDAwMDAwMDAwMDAsImRlbGV0ZSI6MTIwMDAwMDAwMDAwMH0sInNjaGVtYV92ZXJzaW9uIjoiMSJ9",
          "dependencies": [
            "data.aws_availability_zones.available",
            "module.vpc.aws_vpc.this",
            "module.vpc.aws_vpc_ipv4_cidr_block_association.this"
          ]
        }
      ]
    },
    {
      "module": "module.vpc",
      "mode": "managed",
      "type": "aws_subnet",
      "name": "intra",
      "provider": "provider[\"registry.terraform.io/hashicorp/aws\"]",
      "instances": [
        {
          "index_key": 0,
          "schema_version": 1,
          "attributes": {
            "arn": "arn:aws:ec2:us-west-2:010295286036:subnet/subnet-03ebf293b9a6b8b00",
            "assign_ipv6_address_on_creation": false,
            "availability_zone": "us-west-2a",
            "availability_zone_id": "usw2-az2",
            "cidr_block": "10.0.16.0/24",
            "customer_owned_ipv4_pool": "",
            "enable_dns64": false,
            "enable_lni_at_device_index": 0,
            "enable_resource_name_dns_a_record_on_launch": false,
            "enable_resource_name_dns_aaaa_record_on_launch": false,
            "id": "subnet-03ebf293b9a6b8b00",
            "ipv6_cidr_block": "",
            "ipv6_cidr_block_association_id": "",
            "ipv6_native": false,
            "map_customer_owned_ip_on_launch": false,
            "map_public_ip_on_launch": false,
            "outpost_arn": "",
            "owner_id": "010295286036",
            "private_dns_hostname_type_on_launch": "ip-name",
            "tags": {
              "Name": "halo-cmm-dev-intra-us-west-2a"
            },
            "tags_all": {
              "Environment": "halo-cmm-dev",
              "Name": "halo-cmm-dev-intra-us-west-2a",
              "Terraform": "true"
            },
            "timeouts": null,
            "vpc_id": "vpc-092b49754685f4b46"
          },
          "sensitive_attributes": [],
          "private": "eyJlMmJmYjczMC1lY2FhLTExZTYtOGY4OC0zNDM2M2JjN2M0YzAiOnsiY3JlYXRlIjo2MDAwMDAwMDAwMDAsImRlbGV0ZSI6MTIwMDAwMDAwMDAwMH0sInNjaGVtYV92ZXJzaW9uIjoiMSJ9",
          "dependencies": [
            "data.aws_availability_zones.available",
            "module.vpc.aws_vpc.this",
            "module.vpc.aws_vpc_ipv4_cidr_block_association.this"
          ],
          "create_before_destroy": true
        },
        {
          "index_key": 1,
          "schema_version": 1,
          "attributes": {
            "arn": "arn:aws:ec2:us-west-2:010295286036:subnet/subnet-0204b106f03783a9f",
            "assign_ipv6_address_on_creation": false,
            "availability_zone": "us-west-2b",
            "availability_zone_id": "usw2-az1",
            "cidr_block": "10.0.17.0/24",
            "customer_owned_ipv4_pool": "",
            "enable_dns64": false,
            "enable_lni_at_device_index": 0,
            "enable_resource_name_dns_a_record_on_launch": false,
            "enable_resource_name_dns_aaaa_record_on_launch": false,
            "id": "subnet-0204b106f03783a9f",
            "ipv6_cidr_block": "",
            "ipv6_cidr_block_association_id": "",
            "ipv6_native": false,
            "map_customer_owned_ip_on_launch": false,
            "map_public_ip_on_launch": false,
            "outpost_arn": "",
            "owner_id": "010295286036",
            "private_dns_hostname_type_on_launch": "ip-name",
            "tags": {
              "Name": "halo-cmm-dev-intra-us-west-2b"
            },
            "tags_all": {
              "Environment": "halo-cmm-dev",
              "Name": "halo-cmm-dev-intra-us-west-2b",
              "Terraform": "true"
            },
            "timeouts": null,
            "vpc_id": "vpc-092b49754685f4b46"
          },
          "sensitive_attributes": [],
          "private": "eyJlMmJmYjczMC1lY2FhLTExZTYtOGY4OC0zNDM2M2JjN2M0YzAiOnsiY3JlYXRlIjo2MDAwMDAwMDAwMDAsImRlbGV0ZSI6MTIwMDAwMDAwMDAwMH0sInNjaGVtYV92ZXJzaW9uIjoiMSJ9",
          "dependencies": [
            "data.aws_availability_zones.available",
            "module.vpc.aws_vpc.this",
            "module.vpc.aws_vpc_ipv4_cidr_block_association.this"
          ],
          "create_before_destroy": true
        }
      ]
    },
    {
      "module": "module.vpc",
      "mode": "managed",
      "type": "aws_subnet",
      "name": "private",
      "provider": "provider[\"registry.terraform.io/hashicorp/aws\"]",
      "instances": [
        {
          "index_key": 0,
          "schema_version": 1,
          "attributes": {
            "arn": "arn:aws:ec2:us-west-2:010295286036:subnet/subnet-08f33b5931d17ad3a",
            "assign_ipv6_address_on_creation": false,
            "availability_zone": "us-west-2a",
            "availability_zone_id": "usw2-az2",
            "cidr_block": "10.0.4.0/24",
            "customer_owned_ipv4_pool": "",
            "enable_dns64": false,
            "enable_lni_at_device_index": 0,
            "enable_resource_name_dns_a_record_on_launch": false,
            "enable_resource_name_dns_aaaa_record_on_launch": false,
            "id": "subnet-08f33b5931d17ad3a",
            "ipv6_cidr_block": "",
            "ipv6_cidr_block_association_id": "",
            "ipv6_native": false,
            "map_customer_owned_ip_on_launch": false,
            "map_public_ip_on_launch": false,
            "outpost_arn": "",
            "owner_id": "010295286036",
            "private_dns_hostname_type_on_launch": "ip-name",
            "tags": {
              "Name": "halo-cmm-dev-private-us-west-2a",
              "kubernetes.io/cluster/worker2-duchy": "shared",
              "kubernetes.io/role/internal-elb": "1"
            },
            "tags_all": {
              "Environment": "halo-cmm-dev",
              "Name": "halo-cmm-dev-private-us-west-2a",
              "Terraform": "true",
              "kubernetes.io/cluster/worker2-duchy": "shared",
              "kubernetes.io/role/internal-elb": "1"
            },
            "timeouts": null,
            "vpc_id": "vpc-092b49754685f4b46"
          },
          "sensitive_attributes": [],
          "private": "eyJlMmJmYjczMC1lY2FhLTExZTYtOGY4OC0zNDM2M2JjN2M0YzAiOnsiY3JlYXRlIjo2MDAwMDAwMDAwMDAsImRlbGV0ZSI6MTIwMDAwMDAwMDAwMH0sInNjaGVtYV92ZXJzaW9uIjoiMSJ9",
          "dependencies": [
            "data.aws_availability_zones.available",
            "module.vpc.aws_vpc.this",
            "module.vpc.aws_vpc_ipv4_cidr_block_association.this"
          ],
          "create_before_destroy": true
        },
        {
          "index_key": 1,
          "schema_version": 1,
          "attributes": {
            "arn": "arn:aws:ec2:us-west-2:010295286036:subnet/subnet-085cf93517760229f",
            "assign_ipv6_address_on_creation": false,
            "availability_zone": "us-west-2b",
            "availability_zone_id": "usw2-az1",
            "cidr_block": "10.0.5.0/24",
            "customer_owned_ipv4_pool": "",
            "enable_dns64": false,
            "enable_lni_at_device_index": 0,
            "enable_resource_name_dns_a_record_on_launch": false,
            "enable_resource_name_dns_aaaa_record_on_launch": false,
            "id": "subnet-085cf93517760229f",
            "ipv6_cidr_block": "",
            "ipv6_cidr_block_association_id": "",
            "ipv6_native": false,
            "map_customer_owned_ip_on_launch": false,
            "map_public_ip_on_launch": false,
            "outpost_arn": "",
            "owner_id": "010295286036",
            "private_dns_hostname_type_on_launch": "ip-name",
            "tags": {
              "Name": "halo-cmm-dev-private-us-west-2b",
              "kubernetes.io/cluster/worker2-duchy": "shared",
              "kubernetes.io/role/internal-elb": "1"
            },
            "tags_all": {
              "Environment": "halo-cmm-dev",
              "Name": "halo-cmm-dev-private-us-west-2b",
              "Terraform": "true",
              "kubernetes.io/cluster/worker2-duchy": "shared",
              "kubernetes.io/role/internal-elb": "1"
            },
            "timeouts": null,
            "vpc_id": "vpc-092b49754685f4b46"
          },
          "sensitive_attributes": [],
          "private": "eyJlMmJmYjczMC1lY2FhLTExZTYtOGY4OC0zNDM2M2JjN2M0YzAiOnsiY3JlYXRlIjo2MDAwMDAwMDAwMDAsImRlbGV0ZSI6MTIwMDAwMDAwMDAwMH0sInNjaGVtYV92ZXJzaW9uIjoiMSJ9",
          "dependencies": [
            "data.aws_availability_zones.available",
            "module.vpc.aws_vpc.this",
            "module.vpc.aws_vpc_ipv4_cidr_block_association.this"
          ],
          "create_before_destroy": true
        }
      ]
    },
    {
      "module": "module.vpc",
      "mode": "managed",
      "type": "aws_subnet",
      "name": "public",
      "provider": "provider[\"registry.terraform.io/hashicorp/aws\"]",
      "instances": [
        {
          "index_key": 0,
          "schema_version": 1,
          "attributes": {
            "arn": "arn:aws:ec2:us-west-2:010295286036:subnet/subnet-003b76465085336df",
            "assign_ipv6_address_on_creation": false,
            "availability_zone": "us-west-2a",
            "availability_zone_id": "usw2-az2",
            "cidr_block": "10.0.8.0/24",
            "customer_owned_ipv4_pool": "",
            "enable_dns64": false,
            "enable_lni_at_device_index": 0,
            "enable_resource_name_dns_a_record_on_launch": false,
            "enable_resource_name_dns_aaaa_record_on_launch": false,
            "id": "subnet-003b76465085336df",
            "ipv6_cidr_block": "",
            "ipv6_cidr_block_association_id": "",
            "ipv6_native": false,
            "map_customer_owned_ip_on_launch": false,
            "map_public_ip_on_launch": false,
            "outpost_arn": "",
            "owner_id": "010295286036",
            "private_dns_hostname_type_on_launch": "ip-name",
            "tags": {
              "Name": "halo-cmm-dev-public-us-west-2a",
              "kubernetes.io/cluster/worker2-duchy": "shared",
              "kubernetes.io/role/elb": "1"
            },
            "tags_all": {
              "Environment": "halo-cmm-dev",
              "Name": "halo-cmm-dev-public-us-west-2a",
              "Terraform": "true",
              "kubernetes.io/cluster/worker2-duchy": "shared",
              "kubernetes.io/role/elb": "1"
            },
            "timeouts": null,
            "vpc_id": "vpc-092b49754685f4b46"
          },
          "sensitive_attributes": [],
          "private": "eyJlMmJmYjczMC1lY2FhLTExZTYtOGY4OC0zNDM2M2JjN2M0YzAiOnsiY3JlYXRlIjo2MDAwMDAwMDAwMDAsImRlbGV0ZSI6MTIwMDAwMDAwMDAwMH0sInNjaGVtYV92ZXJzaW9uIjoiMSJ9",
          "dependencies": [
            "data.aws_availability_zones.available",
            "module.vpc.aws_vpc.this",
            "module.vpc.aws_vpc_ipv4_cidr_block_association.this"
          ]
        },
        {
          "index_key": 1,
          "schema_version": 1,
          "attributes": {
            "arn": "arn:aws:ec2:us-west-2:010295286036:subnet/subnet-0af5f1238bc39ffda",
            "assign_ipv6_address_on_creation": false,
            "availability_zone": "us-west-2b",
            "availability_zone_id": "usw2-az1",
            "cidr_block": "10.0.9.0/24",
            "customer_owned_ipv4_pool": "",
            "enable_dns64": false,
            "enable_lni_at_device_index": 0,
            "enable_resource_name_dns_a_record_on_launch": false,
            "enable_resource_name_dns_aaaa_record_on_launch": false,
            "id": "subnet-0af5f1238bc39ffda",
            "ipv6_cidr_block": "",
            "ipv6_cidr_block_association_id": "",
            "ipv6_native": false,
            "map_customer_owned_ip_on_launch": false,
            "map_public_ip_on_launch": false,
            "outpost_arn": "",
            "owner_id": "010295286036",
            "private_dns_hostname_type_on_launch": "ip-name",
            "tags": {
              "Name": "halo-cmm-dev-public-us-west-2b",
              "kubernetes.io/cluster/worker2-duchy": "shared",
              "kubernetes.io/role/elb": "1"
            },
            "tags_all": {
              "Environment": "halo-cmm-dev",
              "Name": "halo-cmm-dev-public-us-west-2b",
              "Terraform": "true",
              "kubernetes.io/cluster/worker2-duchy": "shared",
              "kubernetes.io/role/elb": "1"
            },
            "timeouts": null,
            "vpc_id": "vpc-092b49754685f4b46"
          },
          "sensitive_attributes": [],
          "private": "eyJlMmJmYjczMC1lY2FhLTExZTYtOGY4OC0zNDM2M2JjN2M0YzAiOnsiY3JlYXRlIjo2MDAwMDAwMDAwMDAsImRlbGV0ZSI6MTIwMDAwMDAwMDAwMH0sInNjaGVtYV92ZXJzaW9uIjoiMSJ9",
          "dependencies": [
            "data.aws_availability_zones.available",
            "module.vpc.aws_vpc.this",
            "module.vpc.aws_vpc_ipv4_cidr_block_association.this"
          ]
        }
      ]
    },
    {
      "module": "module.vpc",
      "mode": "managed",
      "type": "aws_vpc",
      "name": "this",
      "provider": "provider[\"registry.terraform.io/hashicorp/aws\"]",
      "instances": [
        {
          "index_key": 0,
          "schema_version": 1,
          "attributes": {
            "arn": "arn:aws:ec2:us-west-2:010295286036:vpc/vpc-092b49754685f4b46",
            "assign_generated_ipv6_cidr_block": false,
            "cidr_block": "10.0.0.0/16",
            "default_network_acl_id": "acl-02613a034c6f1ae50",
            "default_route_table_id": "rtb-073af4cca9be8325e",
            "default_security_group_id": "sg-043d6be998c97b572",
            "dhcp_options_id": "dopt-0fff58ea31c17c2a3",
            "enable_dns_hostnames": true,
            "enable_dns_support": true,
            "enable_network_address_usage_metrics": false,
            "id": "vpc-092b49754685f4b46",
            "instance_tenancy": "default",
            "ipv4_ipam_pool_id": null,
            "ipv4_netmask_length": null,
            "ipv6_association_id": "",
            "ipv6_cidr_block": "",
            "ipv6_cidr_block_network_border_group": "",
            "ipv6_ipam_pool_id": "",
            "ipv6_netmask_length": 0,
            "main_route_table_id": "rtb-073af4cca9be8325e",
            "owner_id": "010295286036",
            "tags": {
              "Name": "halo-cmm-dev"
            },
            "tags_all": {
              "Environment": "halo-cmm-dev",
              "Name": "halo-cmm-dev",
              "Terraform": "true"
            }
          },
          "sensitive_attributes": [],
          "private": "eyJzY2hlbWFfdmVyc2lvbiI6IjEifQ==",
          "create_before_destroy": true
        }
      ]
    },
    {
      "module": "module.worker2_cluster_addons[\"worker2\"]",
      "mode": "managed",
      "type": "helm_release",
      "name": "aws_load_balancer_controller",
      "provider": "provider[\"registry.terraform.io/hashicorp/helm\"].worker2",
      "instances": [
        {
          "schema_version": 1,
          "attributes": {
            "atomic": false,
            "chart": "aws-load-balancer-controller",
            "cleanup_on_fail": true,
            "create_namespace": false,
            "dependency_update": false,
            "description": null,
            "devel": null,
            "disable_crd_hooks": false,
            "disable_openapi_validation": false,
            "disable_webhooks": false,
            "force_update": false,
            "id": "aws-load-balancer-controller",
            "keyring": null,
            "lint": false,
            "manifest": null,
            "max_history": 0,
            "metadata": [
              {
                "app_version": "v2.6.1",
                "chart": "aws-load-balancer-controller",
                "name": "aws-load-balancer-controller",
                "namespace": "kube-system",
                "revision": 1,
                "values": "{\"clusterName\":\"worker2-duchy\",\"region\":\"us-west-2\",\"serviceAccount\":{\"create\":false,\"name\":\"aws-load-balancer-controller\"},\"vpcId\":\"vpc-092b49754685f4b46\"}",
                "version": "1.6.1"
              }
            ],
            "name": "aws-load-balancer-controller",
            "namespace": "kube-system",
            "pass_credentials": false,
            "postrender": [],
            "recreate_pods": false,
            "render_subchart_notes": true,
            "replace": false,
            "repository": "https://aws.github.io/eks-charts",
            "repository_ca_file": null,
            "repository_cert_file": null,
            "repository_key_file": null,
            "repository_password": null,
            "repository_username": null,
            "reset_values": false,
            "reuse_values": false,
            "set": [
              {
                "name": "clusterName",
                "type": "",
                "value": "worker2-duchy"
              },
              {
                "name": "region",
                "type": "",
                "value": "us-west-2"
              },
              {
                "name": "serviceAccount.create",
                "type": "",
                "value": "false"
              },
              {
                "name": "serviceAccount.name",
                "type": "",
                "value": "aws-load-balancer-controller"
              },
              {
                "name": "vpcId",
                "type": "",
                "value": "vpc-092b49754685f4b46"
              }
            ],
            "set_list": [],
            "set_sensitive": [],
            "skip_crds": false,
            "status": "deployed",
            "timeout": 300,
            "values": null,
            "verify": false,
            "version": "1.6.1",
            "wait": true,
            "wait_for_jobs": false
          },
          "sensitive_attributes": [],
          "private": "eyJzY2hlbWFfdmVyc2lvbiI6IjEifQ==",
          "dependencies": [
            "data.aws_availability_zones.available",
            "module.clusters.module.eks.aws_cloudwatch_log_group.this",
            "module.clusters.module.eks.aws_ec2_tag.cluster_primary_security_group",
            "module.clusters.module.eks.aws_eks_addon.before_compute",
            "module.clusters.module.eks.aws_eks_addon.this",
            "module.clusters.module.eks.aws_eks_cluster.this",
            "module.clusters.module.eks.aws_eks_identity_provider_config.this",
            "module.clusters.module.eks.aws_iam_openid_connect_provider.oidc_provider",
            "module.clusters.module.eks.aws_iam_policy.cluster_encryption",
            "module.clusters.module.eks.aws_iam_policy.cni_ipv6_policy",
            "module.clusters.module.eks.aws_iam_role.this",
            "module.clusters.module.eks.aws_iam_role_policy_attachment.additional",
            "module.clusters.module.eks.aws_iam_role_policy_attachment.cluster_encryption",
            "module.clusters.module.eks.aws_iam_role_policy_attachment.this",
            "module.clusters.module.eks.aws_security_group.cluster",
            "module.clusters.module.eks.aws_security_group.node",
            "module.clusters.module.eks.aws_security_group_rule.cluster",
            "module.clusters.module.eks.aws_security_group_rule.node",
            "module.clusters.module.eks.data.aws_caller_identity.current",
            "module.clusters.module.eks.data.aws_eks_addon_version.this",
            "module.clusters.module.eks.data.aws_iam_policy_document.assume_role_policy",
            "module.clusters.module.eks.data.aws_iam_policy_document.cni_ipv6_policy",
            "module.clusters.module.eks.data.aws_iam_session_context.current",
            "module.clusters.module.eks.data.aws_partition.current",
            "module.clusters.module.eks.data.tls_certificate.this",
            "module.clusters.module.eks.kubernetes_config_map.aws_auth",
            "module.clusters.module.eks.kubernetes_config_map_v1_data.aws_auth",
            "module.clusters.module.eks.module.eks_managed_node_group.aws_autoscaling_schedule.this",
            "module.clusters.module.eks.module.eks_managed_node_group.aws_eks_node_group.this",
            "module.clusters.module.eks.module.eks_managed_node_group.aws_iam_role.this",
            "module.clusters.module.eks.module.eks_managed_node_group.aws_iam_role_policy_attachment.additional",
            "module.clusters.module.eks.module.eks_managed_node_group.aws_iam_role_policy_attachment.this",
            "module.clusters.module.eks.module.eks_managed_node_group.aws_launch_template.this",
            "module.clusters.module.eks.module.eks_managed_node_group.data.aws_caller_identity.current",
            "module.clusters.module.eks.module.eks_managed_node_group.data.aws_iam_policy_document.assume_role_policy",
            "module.clusters.module.eks.module.eks_managed_node_group.data.aws_partition.current",
            "module.clusters.module.eks.module.eks_managed_node_group.module.user_data.data.cloudinit_config.linux_eks_managed_node_group",
            "module.clusters.module.eks.module.fargate_profile.aws_eks_fargate_profile.this",
            "module.clusters.module.eks.module.fargate_profile.aws_iam_role.this",
            "module.clusters.module.eks.module.fargate_profile.aws_iam_role_policy_attachment.additional",
            "module.clusters.module.eks.module.fargate_profile.aws_iam_role_policy_attachment.this",
            "module.clusters.module.eks.module.fargate_profile.data.aws_caller_identity.current",
            "module.clusters.module.eks.module.fargate_profile.data.aws_iam_policy_document.assume_role_policy",
            "module.clusters.module.eks.module.fargate_profile.data.aws_partition.current",
            "module.clusters.module.eks.module.kms.aws_kms_alias.this",
            "module.clusters.module.eks.module.kms.aws_kms_external_key.this",
            "module.clusters.module.eks.module.kms.aws_kms_grant.this",
            "module.clusters.module.eks.module.kms.aws_kms_key.this",
            "module.clusters.module.eks.module.kms.data.aws_caller_identity.current",
            "module.clusters.module.eks.module.kms.data.aws_iam_policy_document.this",
            "module.clusters.module.eks.module.kms.data.aws_partition.current",
            "module.clusters.module.eks.module.self_managed_node_group.aws_autoscaling_group.this",
            "module.clusters.module.eks.module.self_managed_node_group.aws_autoscaling_schedule.this",
            "module.clusters.module.eks.module.self_managed_node_group.aws_iam_instance_profile.this",
            "module.clusters.module.eks.module.self_managed_node_group.aws_iam_role.this",
            "module.clusters.module.eks.module.self_managed_node_group.aws_iam_role_policy_attachment.additional",
            "module.clusters.module.eks.module.self_managed_node_group.aws_iam_role_policy_attachment.this",
            "module.clusters.module.eks.module.self_managed_node_group.aws_launch_template.this",
            "module.clusters.module.eks.module.self_managed_node_group.data.aws_ami.eks_default",
            "module.clusters.module.eks.module.self_managed_node_group.data.aws_caller_identity.current",
            "module.clusters.module.eks.module.self_managed_node_group.data.aws_iam_policy_document.assume_role_policy",
            "module.clusters.module.eks.module.self_managed_node_group.data.aws_partition.current",
            "module.clusters.module.eks.module.self_managed_node_group.module.user_data.data.cloudinit_config.linux_eks_managed_node_group",
            "module.clusters.module.eks.time_sleep.this",
            "module.vpc.aws_subnet.intra",
            "module.vpc.aws_subnet.private",
            "module.vpc.aws_vpc.this",
            "module.vpc.aws_vpc_ipv4_cidr_block_association.this"
          ]
        }
      ]
    },
    {
      "module": "module.worker2_cluster_addons[\"worker2\"]",
      "mode": "managed",
      "type": "kubernetes_service_account",
      "name": "load-balancer-controller-service-account",
      "provider": "provider[\"registry.terraform.io/hashicorp/kubernetes\"].worker2",
      "instances": [
        {
          "schema_version": 0,
          "attributes": {
            "automount_service_account_token": true,
            "default_secret_name": "",
            "id": "kube-system/aws-load-balancer-controller",
            "image_pull_secret": [],
            "metadata": [
              {
                "annotations": {
                  "eks.amazonaws.com/role-arn": "arn:aws:iam::010295286036:role/load-balancer-controller"
                },
                "generate_name": "",
                "generation": 0,
                "labels": {},
                "name": "aws-load-balancer-controller",
                "namespace": "kube-system",
                "resource_version": "1647",
                "uid": "c849a229-7ac8-4627-ad8e-9540ee131f86"
              }
            ],
            "secret": [],
            "timeouts": null
          },
          "sensitive_attributes": [],
          "private": "eyJlMmJmYjczMC1lY2FhLTExZTYtOGY4OC0zNDM2M2JjN2M0YzAiOnsiY3JlYXRlIjozMDAwMDAwMDAwMH19",
          "dependencies": [
            "data.aws_availability_zones.available",
            "module.clusters.module.eks.aws_cloudwatch_log_group.this",
            "module.clusters.module.eks.aws_ec2_tag.cluster_primary_security_group",
            "module.clusters.module.eks.aws_eks_addon.before_compute",
            "module.clusters.module.eks.aws_eks_addon.this",
            "module.clusters.module.eks.aws_eks_cluster.this",
            "module.clusters.module.eks.aws_eks_identity_provider_config.this",
            "module.clusters.module.eks.aws_iam_openid_connect_provider.oidc_provider",
            "module.clusters.module.eks.aws_iam_policy.cluster_encryption",
            "module.clusters.module.eks.aws_iam_policy.cni_ipv6_policy",
            "module.clusters.module.eks.aws_iam_role.this",
            "module.clusters.module.eks.aws_iam_role_policy_attachment.additional",
            "module.clusters.module.eks.aws_iam_role_policy_attachment.cluster_encryption",
            "module.clusters.module.eks.aws_iam_role_policy_attachment.this",
            "module.clusters.module.eks.aws_security_group.cluster",
            "module.clusters.module.eks.aws_security_group.node",
            "module.clusters.module.eks.aws_security_group_rule.cluster",
            "module.clusters.module.eks.aws_security_group_rule.node",
            "module.clusters.module.eks.data.aws_caller_identity.current",
            "module.clusters.module.eks.data.aws_eks_addon_version.this",
            "module.clusters.module.eks.data.aws_iam_policy_document.assume_role_policy",
            "module.clusters.module.eks.data.aws_iam_policy_document.cni_ipv6_policy",
            "module.clusters.module.eks.data.aws_iam_session_context.current",
            "module.clusters.module.eks.data.aws_partition.current",
            "module.clusters.module.eks.data.tls_certificate.this",
            "module.clusters.module.eks.kubernetes_config_map.aws_auth",
            "module.clusters.module.eks.kubernetes_config_map_v1_data.aws_auth",
            "module.clusters.module.eks.module.eks_managed_node_group.aws_autoscaling_schedule.this",
            "module.clusters.module.eks.module.eks_managed_node_group.aws_eks_node_group.this",
            "module.clusters.module.eks.module.eks_managed_node_group.aws_iam_role.this",
            "module.clusters.module.eks.module.eks_managed_node_group.aws_iam_role_policy_attachment.additional",
            "module.clusters.module.eks.module.eks_managed_node_group.aws_iam_role_policy_attachment.this",
            "module.clusters.module.eks.module.eks_managed_node_group.aws_launch_template.this",
            "module.clusters.module.eks.module.eks_managed_node_group.data.aws_caller_identity.current",
            "module.clusters.module.eks.module.eks_managed_node_group.data.aws_iam_policy_document.assume_role_policy",
            "module.clusters.module.eks.module.eks_managed_node_group.data.aws_partition.current",
            "module.clusters.module.eks.module.eks_managed_node_group.module.user_data.data.cloudinit_config.linux_eks_managed_node_group",
            "module.clusters.module.eks.module.fargate_profile.aws_eks_fargate_profile.this",
            "module.clusters.module.eks.module.fargate_profile.aws_iam_role.this",
            "module.clusters.module.eks.module.fargate_profile.aws_iam_role_policy_attachment.additional",
            "module.clusters.module.eks.module.fargate_profile.aws_iam_role_policy_attachment.this",
            "module.clusters.module.eks.module.fargate_profile.data.aws_caller_identity.current",
            "module.clusters.module.eks.module.fargate_profile.data.aws_iam_policy_document.assume_role_policy",
            "module.clusters.module.eks.module.fargate_profile.data.aws_partition.current",
            "module.clusters.module.eks.module.kms.aws_kms_alias.this",
            "module.clusters.module.eks.module.kms.aws_kms_external_key.this",
            "module.clusters.module.eks.module.kms.aws_kms_grant.this",
            "module.clusters.module.eks.module.kms.aws_kms_key.this",
            "module.clusters.module.eks.module.kms.data.aws_caller_identity.current",
            "module.clusters.module.eks.module.kms.data.aws_iam_policy_document.this",
            "module.clusters.module.eks.module.kms.data.aws_partition.current",
            "module.clusters.module.eks.module.self_managed_node_group.aws_autoscaling_group.this",
            "module.clusters.module.eks.module.self_managed_node_group.aws_autoscaling_schedule.this",
            "module.clusters.module.eks.module.self_managed_node_group.aws_iam_instance_profile.this",
            "module.clusters.module.eks.module.self_managed_node_group.aws_iam_role.this",
            "module.clusters.module.eks.module.self_managed_node_group.aws_iam_role_policy_attachment.additional",
            "module.clusters.module.eks.module.self_managed_node_group.aws_iam_role_policy_attachment.this",
            "module.clusters.module.eks.module.self_managed_node_group.aws_launch_template.this",
            "module.clusters.module.eks.module.self_managed_node_group.data.aws_ami.eks_default",
            "module.clusters.module.eks.module.self_managed_node_group.data.aws_caller_identity.current",
            "module.clusters.module.eks.module.self_managed_node_group.data.aws_iam_policy_document.assume_role_policy",
            "module.clusters.module.eks.module.self_managed_node_group.data.aws_partition.current",
            "module.clusters.module.eks.module.self_managed_node_group.module.user_data.data.cloudinit_config.linux_eks_managed_node_group",
            "module.clusters.module.eks.time_sleep.this",
            "module.load_balancer_controller_irsa_role.aws_iam_role.this",
            "module.load_balancer_controller_irsa_role.data.aws_caller_identity.current",
            "module.load_balancer_controller_irsa_role.data.aws_iam_policy_document.this",
            "module.load_balancer_controller_irsa_role.data.aws_partition.current",
            "module.vpc.aws_subnet.intra",
            "module.vpc.aws_subnet.private",
            "module.vpc.aws_vpc.this",
            "module.vpc.aws_vpc_ipv4_cidr_block_association.this"
          ]
        }
      ]
    },
    {
      "module": "module.worker2_cluster_addons[\"worker2\"].module.load_balancer_controller_targetgroup_binding_only_irsa_role",
      "mode": "data",
      "type": "aws_caller_identity",
      "name": "current",
      "provider": "provider[\"registry.terraform.io/hashicorp/aws\"]",
      "instances": [
        {
          "schema_version": 0,
          "attributes": {
            "account_id": "010295286036",
            "arn": "arn:aws:sts::010295286036:assumed-role/GitHubAction-AssumeRoleWithAction/TestSessionName",
            "id": "010295286036",
            "user_id": "AROAQEZNFTEKHX2ENNRZF:TestSessionName"
          },
          "sensitive_attributes": []
        }
      ]
    },
    {
      "module": "module.worker2_cluster_addons[\"worker2\"].module.load_balancer_controller_targetgroup_binding_only_irsa_role",
      "mode": "data",
      "type": "aws_iam_policy_document",
      "name": "load_balancer_controller_targetgroup_only",
      "provider": "provider[\"registry.terraform.io/hashicorp/aws\"]",
      "instances": [
        {
          "index_key": 0,
          "schema_version": 0,
          "attributes": {
            "id": "296852103",
            "json": "{\n  \"Version\": \"2012-10-17\",\n  \"Statement\": [\n    {\n      \"Effect\": \"Allow\",\n      \"Action\": [\n        \"elasticloadbalancing:DescribeTargetHealth\",\n        \"elasticloadbalancing:DescribeTargetGroups\",\n        \"ec2:RevokeSecurityGroupIngress\",\n        \"ec2:DescribeVpcs\",\n        \"ec2:DescribeSecurityGroups\",\n        \"ec2:DescribeInstances\",\n        \"ec2:AuthorizeSecurityGroupIngress\"\n      ],\n      \"Resource\": \"*\"\n    },\n    {\n      \"Effect\": \"Allow\",\n      \"Action\": [\n        \"elasticloadbalancing:RegisterTargets\",\n        \"elasticloadbalancing:ModifyTargetGroupAttributes\",\n        \"elasticloadbalancing:ModifyTargetGroup\",\n        \"elasticloadbalancing:DeregisterTargets\"\n      ],\n      \"Resource\": \"arn:aws:elasticloadbalancing:*:*:targetgroup/*/*\"\n    }\n  ]\n}",
            "override_policy_documents": null,
            "policy_id": null,
            "source_policy_documents": null,
            "statement": [
              {
                "actions": [
                  "ec2:AuthorizeSecurityGroupIngress",
                  "ec2:DescribeInstances",
                  "ec2:DescribeSecurityGroups",
                  "ec2:DescribeVpcs",
                  "ec2:RevokeSecurityGroupIngress",
                  "elasticloadbalancing:DescribeTargetGroups",
                  "elasticloadbalancing:DescribeTargetHealth"
                ],
                "condition": [],
                "effect": "Allow",
                "not_actions": [],
                "not_principals": [],
                "not_resources": [],
                "principals": [],
                "resources": [
                  "*"
                ],
                "sid": ""
              },
              {
                "actions": [
                  "elasticloadbalancing:DeregisterTargets",
                  "elasticloadbalancing:ModifyTargetGroup",
                  "elasticloadbalancing:ModifyTargetGroupAttributes",
                  "elasticloadbalancing:RegisterTargets"
                ],
                "condition": [],
                "effect": "Allow",
                "not_actions": [],
                "not_principals": [],
                "not_resources": [],
                "principals": [],
                "resources": [
                  "arn:aws:elasticloadbalancing:*:*:targetgroup/*/*"
                ],
                "sid": ""
              }
            ],
            "version": "2012-10-17"
          },
          "sensitive_attributes": []
        }
      ]
    },
    {
      "module": "module.worker2_cluster_addons[\"worker2\"].module.load_balancer_controller_targetgroup_binding_only_irsa_role",
      "mode": "data",
      "type": "aws_iam_policy_document",
      "name": "this",
      "provider": "provider[\"registry.terraform.io/hashicorp/aws\"]",
      "instances": [
        {
          "index_key": 0,
          "schema_version": 0,
          "attributes": {
            "id": "51956803",
            "json": "{\n  \"Version\": \"2012-10-17\",\n  \"Statement\": [\n    {\n      \"Effect\": \"Allow\",\n      \"Action\": \"sts:AssumeRoleWithWebIdentity\",\n      \"Principal\": {\n        \"Federated\": \"arn:aws:iam::010295286036:oidc-provider/oidc.eks.us-west-2.amazonaws.com/id/15BCB9D2F3A47B27F4A553C594D3C365\"\n      },\n      \"Condition\": {\n        \"StringEquals\": {\n          \"oidc.eks.us-west-2.amazonaws.com/id/15BCB9D2F3A47B27F4A553C594D3C365:aud\": \"sts.amazonaws.com\",\n          \"oidc.eks.us-west-2.amazonaws.com/id/15BCB9D2F3A47B27F4A553C594D3C365:sub\": \"system:serviceaccount:kube-system:aws-load-balancer-controller\"\n        }\n      }\n    }\n  ]\n}",
            "override_policy_documents": null,
            "policy_id": null,
            "source_policy_documents": null,
            "statement": [
              {
                "actions": [
                  "sts:AssumeRoleWithWebIdentity"
                ],
                "condition": [
                  {
                    "test": "StringEquals",
                    "values": [
                      "sts.amazonaws.com"
                    ],
                    "variable": "oidc.eks.us-west-2.amazonaws.com/id/15BCB9D2F3A47B27F4A553C594D3C365:aud"
                  },
                  {
                    "test": "StringEquals",
                    "values": [
                      "system:serviceaccount:kube-system:aws-load-balancer-controller"
                    ],
                    "variable": "oidc.eks.us-west-2.amazonaws.com/id/15BCB9D2F3A47B27F4A553C594D3C365:sub"
                  }
                ],
                "effect": "Allow",
                "not_actions": [],
                "not_principals": [],
                "not_resources": [],
                "principals": [
                  {
                    "identifiers": [
                      "arn:aws:iam::010295286036:oidc-provider/oidc.eks.us-west-2.amazonaws.com/id/15BCB9D2F3A47B27F4A553C594D3C365"
                    ],
                    "type": "Federated"
                  }
                ],
                "resources": [],
                "sid": ""
              }
            ],
            "version": "2012-10-17"
          },
          "sensitive_attributes": []
        }
      ]
    },
    {
      "module": "module.worker2_cluster_addons[\"worker2\"].module.load_balancer_controller_targetgroup_binding_only_irsa_role",
      "mode": "data",
      "type": "aws_partition",
      "name": "current",
      "provider": "provider[\"registry.terraform.io/hashicorp/aws\"]",
      "instances": [
        {
          "schema_version": 0,
          "attributes": {
            "dns_suffix": "amazonaws.com",
            "id": "aws",
            "partition": "aws",
            "reverse_dns_prefix": "com.amazonaws"
          },
          "sensitive_attributes": []
        }
      ]
    },
    {
      "module": "module.worker2_cluster_addons[\"worker2\"].module.load_balancer_controller_targetgroup_binding_only_irsa_role",
      "mode": "data",
      "type": "aws_region",
      "name": "current",
      "provider": "provider[\"registry.terraform.io/hashicorp/aws\"]",
      "instances": [
        {
          "schema_version": 0,
          "attributes": {
            "description": "US West (Oregon)",
            "endpoint": "ec2.us-west-2.amazonaws.com",
            "id": "us-west-2",
            "name": "us-west-2"
          },
          "sensitive_attributes": []
        }
      ]
    },
    {
      "module": "module.worker2_cluster_addons[\"worker2\"].module.load_balancer_controller_targetgroup_binding_only_irsa_role",
      "mode": "managed",
      "type": "aws_iam_policy",
      "name": "load_balancer_controller_targetgroup_only",
      "provider": "provider[\"registry.terraform.io/hashicorp/aws\"]",
      "instances": [
        {
          "index_key": 0,
          "schema_version": 0,
          "attributes": {
            "arn": "arn:aws:iam::010295286036:policy/AmazonEKS_AWS_Load_Balancer_Controller_TargetGroup_Only-20230929042535096600000001",
            "description": "Provides permissions for AWS Load Balancer Controller addon in TargetGroup binding only scenario",
            "id": "arn:aws:iam::010295286036:policy/AmazonEKS_AWS_Load_Balancer_Controller_TargetGroup_Only-20230929042535096600000001",
            "name": "AmazonEKS_AWS_Load_Balancer_Controller_TargetGroup_Only-20230929042535096600000001",
            "name_prefix": "AmazonEKS_AWS_Load_Balancer_Controller_TargetGroup_Only-",
            "path": "/",
            "policy": "{\"Statement\":[{\"Action\":[\"elasticloadbalancing:DescribeTargetHealth\",\"elasticloadbalancing:DescribeTargetGroups\",\"ec2:RevokeSecurityGroupIngress\",\"ec2:DescribeVpcs\",\"ec2:DescribeSecurityGroups\",\"ec2:DescribeInstances\",\"ec2:AuthorizeSecurityGroupIngress\"],\"Effect\":\"Allow\",\"Resource\":\"*\"},{\"Action\":[\"elasticloadbalancing:RegisterTargets\",\"elasticloadbalancing:ModifyTargetGroupAttributes\",\"elasticloadbalancing:ModifyTargetGroup\",\"elasticloadbalancing:DeregisterTargets\"],\"Effect\":\"Allow\",\"Resource\":\"arn:aws:elasticloadbalancing:*:*:targetgroup/*/*\"}],\"Version\":\"2012-10-17\"}",
            "policy_id": "ANPAQEZNFTEKBSEUS6RN3",
            "tags": {},
            "tags_all": {
              "Environment": "halo-cmm-dev",
              "Terraform": "true"
            }
          },
          "sensitive_attributes": [],
          "private": "bnVsbA==",
          "dependencies": [
            "module.worker2_cluster_addons.module.load_balancer_controller_targetgroup_binding_only_irsa_role.data.aws_iam_policy_document.load_balancer_controller_targetgroup_only"
          ]
        }
      ]
    },
    {
      "module": "module.worker2_cluster_addons[\"worker2\"].module.load_balancer_controller_targetgroup_binding_only_irsa_role",
      "mode": "managed",
      "type": "aws_iam_role",
      "name": "this",
      "provider": "provider[\"registry.terraform.io/hashicorp/aws\"]",
      "instances": [
        {
          "index_key": 0,
          "schema_version": 0,
          "attributes": {
            "arn": "arn:aws:iam::010295286036:role/load-balancer-controller-targetgroup-binding-only",
            "assume_role_policy": "{\"Statement\":[{\"Action\":\"sts:AssumeRoleWithWebIdentity\",\"Condition\":{\"StringEquals\":{\"oidc.eks.us-west-2.amazonaws.com/id/15BCB9D2F3A47B27F4A553C594D3C365:aud\":\"sts.amazonaws.com\",\"oidc.eks.us-west-2.amazonaws.com/id/15BCB9D2F3A47B27F4A553C594D3C365:sub\":\"system:serviceaccount:kube-system:aws-load-balancer-controller\"}},\"Effect\":\"Allow\",\"Principal\":{\"Federated\":\"arn:aws:iam::010295286036:oidc-provider/oidc.eks.us-west-2.amazonaws.com/id/15BCB9D2F3A47B27F4A553C594D3C365\"}}],\"Version\":\"2012-10-17\"}",
            "create_date": "2023-09-29T04:39:09Z",
            "description": "",
            "force_detach_policies": true,
            "id": "load-balancer-controller-targetgroup-binding-only",
            "inline_policy": [],
            "managed_policy_arns": [
              "arn:aws:iam::010295286036:policy/AmazonEKS_AWS_Load_Balancer_Controller_TargetGroup_Only-20230929042535096600000001"
            ],
            "max_session_duration": 3600,
            "name": "load-balancer-controller-targetgroup-binding-only",
            "name_prefix": "",
            "path": "/",
            "permissions_boundary": null,
            "role_last_used": [
              {
                "last_used_date": "",
                "region": ""
              }
            ],
            "tags": {},
            "tags_all": {
              "Environment": "halo-cmm-dev",
              "Terraform": "true"
            },
            "unique_id": "AROAQEZNFTEKKIDFUGAFI"
          },
          "sensitive_attributes": [],
          "private": "bnVsbA==",
          "dependencies": [
            "data.aws_availability_zones.available",
            "module.clusters.module.eks.aws_cloudwatch_log_group.this",
            "module.clusters.module.eks.aws_ec2_tag.cluster_primary_security_group",
            "module.clusters.module.eks.aws_eks_addon.before_compute",
            "module.clusters.module.eks.aws_eks_addon.this",
            "module.clusters.module.eks.aws_eks_cluster.this",
            "module.clusters.module.eks.aws_eks_identity_provider_config.this",
            "module.clusters.module.eks.aws_iam_openid_connect_provider.oidc_provider",
            "module.clusters.module.eks.aws_iam_policy.cluster_encryption",
            "module.clusters.module.eks.aws_iam_policy.cni_ipv6_policy",
            "module.clusters.module.eks.aws_iam_role.this",
            "module.clusters.module.eks.aws_iam_role_policy_attachment.additional",
            "module.clusters.module.eks.aws_iam_role_policy_attachment.cluster_encryption",
            "module.clusters.module.eks.aws_iam_role_policy_attachment.this",
            "module.clusters.module.eks.aws_security_group.cluster",
            "module.clusters.module.eks.aws_security_group.node",
            "module.clusters.module.eks.aws_security_group_rule.cluster",
            "module.clusters.module.eks.aws_security_group_rule.node",
            "module.clusters.module.eks.data.aws_caller_identity.current",
            "module.clusters.module.eks.data.aws_eks_addon_version.this",
            "module.clusters.module.eks.data.aws_iam_policy_document.assume_role_policy",
            "module.clusters.module.eks.data.aws_iam_policy_document.cni_ipv6_policy",
            "module.clusters.module.eks.data.aws_iam_session_context.current",
            "module.clusters.module.eks.data.aws_partition.current",
            "module.clusters.module.eks.data.tls_certificate.this",
            "module.clusters.module.eks.kubernetes_config_map.aws_auth",
            "module.clusters.module.eks.kubernetes_config_map_v1_data.aws_auth",
            "module.clusters.module.eks.module.eks_managed_node_group.aws_autoscaling_schedule.this",
            "module.clusters.module.eks.module.eks_managed_node_group.aws_eks_node_group.this",
            "module.clusters.module.eks.module.eks_managed_node_group.aws_iam_role.this",
            "module.clusters.module.eks.module.eks_managed_node_group.aws_iam_role_policy_attachment.additional",
            "module.clusters.module.eks.module.eks_managed_node_group.aws_iam_role_policy_attachment.this",
            "module.clusters.module.eks.module.eks_managed_node_group.aws_launch_template.this",
            "module.clusters.module.eks.module.eks_managed_node_group.data.aws_caller_identity.current",
            "module.clusters.module.eks.module.eks_managed_node_group.data.aws_iam_policy_document.assume_role_policy",
            "module.clusters.module.eks.module.eks_managed_node_group.data.aws_partition.current",
            "module.clusters.module.eks.module.eks_managed_node_group.module.user_data.data.cloudinit_config.linux_eks_managed_node_group",
            "module.clusters.module.eks.module.fargate_profile.aws_eks_fargate_profile.this",
            "module.clusters.module.eks.module.fargate_profile.aws_iam_role.this",
            "module.clusters.module.eks.module.fargate_profile.aws_iam_role_policy_attachment.additional",
            "module.clusters.module.eks.module.fargate_profile.aws_iam_role_policy_attachment.this",
            "module.clusters.module.eks.module.fargate_profile.data.aws_caller_identity.current",
            "module.clusters.module.eks.module.fargate_profile.data.aws_iam_policy_document.assume_role_policy",
            "module.clusters.module.eks.module.fargate_profile.data.aws_partition.current",
            "module.clusters.module.eks.module.kms.aws_kms_alias.this",
            "module.clusters.module.eks.module.kms.aws_kms_external_key.this",
            "module.clusters.module.eks.module.kms.aws_kms_grant.this",
            "module.clusters.module.eks.module.kms.aws_kms_key.this",
            "module.clusters.module.eks.module.kms.data.aws_caller_identity.current",
            "module.clusters.module.eks.module.kms.data.aws_iam_policy_document.this",
            "module.clusters.module.eks.module.kms.data.aws_partition.current",
            "module.clusters.module.eks.module.self_managed_node_group.aws_autoscaling_group.this",
            "module.clusters.module.eks.module.self_managed_node_group.aws_autoscaling_schedule.this",
            "module.clusters.module.eks.module.self_managed_node_group.aws_iam_instance_profile.this",
            "module.clusters.module.eks.module.self_managed_node_group.aws_iam_role.this",
            "module.clusters.module.eks.module.self_managed_node_group.aws_iam_role_policy_attachment.additional",
            "module.clusters.module.eks.module.self_managed_node_group.aws_iam_role_policy_attachment.this",
            "module.clusters.module.eks.module.self_managed_node_group.aws_launch_template.this",
            "module.clusters.module.eks.module.self_managed_node_group.data.aws_ami.eks_default",
            "module.clusters.module.eks.module.self_managed_node_group.data.aws_caller_identity.current",
            "module.clusters.module.eks.module.self_managed_node_group.data.aws_iam_policy_document.assume_role_policy",
            "module.clusters.module.eks.module.self_managed_node_group.data.aws_partition.current",
            "module.clusters.module.eks.module.self_managed_node_group.module.user_data.data.cloudinit_config.linux_eks_managed_node_group",
            "module.clusters.module.eks.time_sleep.this",
            "module.vpc.aws_subnet.intra",
            "module.vpc.aws_subnet.private",
            "module.vpc.aws_vpc.this",
            "module.vpc.aws_vpc_ipv4_cidr_block_association.this",
            "module.worker2_cluster_addons.module.load_balancer_controller_targetgroup_binding_only_irsa_role.data.aws_caller_identity.current",
            "module.worker2_cluster_addons.module.load_balancer_controller_targetgroup_binding_only_irsa_role.data.aws_iam_policy_document.this",
            "module.worker2_cluster_addons.module.load_balancer_controller_targetgroup_binding_only_irsa_role.data.aws_partition.current"
          ]
        }
      ]
    },
    {
      "module": "module.worker2_cluster_addons[\"worker2\"].module.load_balancer_controller_targetgroup_binding_only_irsa_role",
      "mode": "managed",
      "type": "aws_iam_role_policy_attachment",
      "name": "load_balancer_controller_targetgroup_only",
      "provider": "provider[\"registry.terraform.io/hashicorp/aws\"]",
      "instances": [
        {
          "index_key": 0,
          "schema_version": 0,
          "attributes": {
            "id": "load-balancer-controller-targetgroup-binding-only-2023092904390949800000001a",
            "policy_arn": "arn:aws:iam::010295286036:policy/AmazonEKS_AWS_Load_Balancer_Controller_TargetGroup_Only-20230929042535096600000001",
            "role": "load-balancer-controller-targetgroup-binding-only"
          },
          "sensitive_attributes": [],
          "private": "bnVsbA==",
          "dependencies": [
            "data.aws_availability_zones.available",
            "module.clusters.module.eks.aws_cloudwatch_log_group.this",
            "module.clusters.module.eks.aws_ec2_tag.cluster_primary_security_group",
            "module.clusters.module.eks.aws_eks_addon.before_compute",
            "module.clusters.module.eks.aws_eks_addon.this",
            "module.clusters.module.eks.aws_eks_cluster.this",
            "module.clusters.module.eks.aws_eks_identity_provider_config.this",
            "module.clusters.module.eks.aws_iam_openid_connect_provider.oidc_provider",
            "module.clusters.module.eks.aws_iam_policy.cluster_encryption",
            "module.clusters.module.eks.aws_iam_policy.cni_ipv6_policy",
            "module.clusters.module.eks.aws_iam_role.this",
            "module.clusters.module.eks.aws_iam_role_policy_attachment.additional",
            "module.clusters.module.eks.aws_iam_role_policy_attachment.cluster_encryption",
            "module.clusters.module.eks.aws_iam_role_policy_attachment.this",
            "module.clusters.module.eks.aws_security_group.cluster",
            "module.clusters.module.eks.aws_security_group.node",
            "module.clusters.module.eks.aws_security_group_rule.cluster",
            "module.clusters.module.eks.aws_security_group_rule.node",
            "module.clusters.module.eks.data.aws_caller_identity.current",
            "module.clusters.module.eks.data.aws_eks_addon_version.this",
            "module.clusters.module.eks.data.aws_iam_policy_document.assume_role_policy",
            "module.clusters.module.eks.data.aws_iam_policy_document.cni_ipv6_policy",
            "module.clusters.module.eks.data.aws_iam_session_context.current",
            "module.clusters.module.eks.data.aws_partition.current",
            "module.clusters.module.eks.data.tls_certificate.this",
            "module.clusters.module.eks.kubernetes_config_map.aws_auth",
            "module.clusters.module.eks.kubernetes_config_map_v1_data.aws_auth",
            "module.clusters.module.eks.module.eks_managed_node_group.aws_autoscaling_schedule.this",
            "module.clusters.module.eks.module.eks_managed_node_group.aws_eks_node_group.this",
            "module.clusters.module.eks.module.eks_managed_node_group.aws_iam_role.this",
            "module.clusters.module.eks.module.eks_managed_node_group.aws_iam_role_policy_attachment.additional",
            "module.clusters.module.eks.module.eks_managed_node_group.aws_iam_role_policy_attachment.this",
            "module.clusters.module.eks.module.eks_managed_node_group.aws_launch_template.this",
            "module.clusters.module.eks.module.eks_managed_node_group.data.aws_caller_identity.current",
            "module.clusters.module.eks.module.eks_managed_node_group.data.aws_iam_policy_document.assume_role_policy",
            "module.clusters.module.eks.module.eks_managed_node_group.data.aws_partition.current",
            "module.clusters.module.eks.module.eks_managed_node_group.module.user_data.data.cloudinit_config.linux_eks_managed_node_group",
            "module.clusters.module.eks.module.fargate_profile.aws_eks_fargate_profile.this",
            "module.clusters.module.eks.module.fargate_profile.aws_iam_role.this",
            "module.clusters.module.eks.module.fargate_profile.aws_iam_role_policy_attachment.additional",
            "module.clusters.module.eks.module.fargate_profile.aws_iam_role_policy_attachment.this",
            "module.clusters.module.eks.module.fargate_profile.data.aws_caller_identity.current",
            "module.clusters.module.eks.module.fargate_profile.data.aws_iam_policy_document.assume_role_policy",
            "module.clusters.module.eks.module.fargate_profile.data.aws_partition.current",
            "module.clusters.module.eks.module.kms.aws_kms_alias.this",
            "module.clusters.module.eks.module.kms.aws_kms_external_key.this",
            "module.clusters.module.eks.module.kms.aws_kms_grant.this",
            "module.clusters.module.eks.module.kms.aws_kms_key.this",
            "module.clusters.module.eks.module.kms.data.aws_caller_identity.current",
            "module.clusters.module.eks.module.kms.data.aws_iam_policy_document.this",
            "module.clusters.module.eks.module.kms.data.aws_partition.current",
            "module.clusters.module.eks.module.self_managed_node_group.aws_autoscaling_group.this",
            "module.clusters.module.eks.module.self_managed_node_group.aws_autoscaling_schedule.this",
            "module.clusters.module.eks.module.self_managed_node_group.aws_iam_instance_profile.this",
            "module.clusters.module.eks.module.self_managed_node_group.aws_iam_role.this",
            "module.clusters.module.eks.module.self_managed_node_group.aws_iam_role_policy_attachment.additional",
            "module.clusters.module.eks.module.self_managed_node_group.aws_iam_role_policy_attachment.this",
            "module.clusters.module.eks.module.self_managed_node_group.aws_launch_template.this",
            "module.clusters.module.eks.module.self_managed_node_group.data.aws_ami.eks_default",
            "module.clusters.module.eks.module.self_managed_node_group.data.aws_caller_identity.current",
            "module.clusters.module.eks.module.self_managed_node_group.data.aws_iam_policy_document.assume_role_policy",
            "module.clusters.module.eks.module.self_managed_node_group.data.aws_partition.current",
            "module.clusters.module.eks.module.self_managed_node_group.module.user_data.data.cloudinit_config.linux_eks_managed_node_group",
            "module.clusters.module.eks.time_sleep.this",
            "module.vpc.aws_subnet.intra",
            "module.vpc.aws_subnet.private",
            "module.vpc.aws_vpc.this",
            "module.vpc.aws_vpc_ipv4_cidr_block_association.this",
            "module.worker2_cluster_addons.module.load_balancer_controller_targetgroup_binding_only_irsa_role.aws_iam_policy.load_balancer_controller_targetgroup_only",
            "module.worker2_cluster_addons.module.load_balancer_controller_targetgroup_binding_only_irsa_role.aws_iam_role.this",
            "module.worker2_cluster_addons.module.load_balancer_controller_targetgroup_binding_only_irsa_role.data.aws_caller_identity.current",
            "module.worker2_cluster_addons.module.load_balancer_controller_targetgroup_binding_only_irsa_role.data.aws_iam_policy_document.load_balancer_controller_targetgroup_only",
            "module.worker2_cluster_addons.module.load_balancer_controller_targetgroup_binding_only_irsa_role.data.aws_iam_policy_document.this",
            "module.worker2_cluster_addons.module.load_balancer_controller_targetgroup_binding_only_irsa_role.data.aws_partition.current"
          ]
        }
      ]
    },
    {
      "module": "module.worker2_duchy",
      "mode": "managed",
      "type": "kubernetes_service_account",
      "name": "internal-server-service-account",
      "provider": "provider[\"registry.terraform.io/hashicorp/kubernetes\"].worker2",
      "instances": [
        {
          "schema_version": 0,
          "attributes": {
            "automount_service_account_token": true,
            "default_secret_name": "",
            "id": "default/internal-server",
            "image_pull_secret": [],
            "metadata": [
              {
                "annotations": {
                  "eks.amazonaws.com/role-arn": "arn:aws:iam::010295286036:role/internal-server"
                },
                "generate_name": "",
                "generation": 0,
                "labels": {},
                "name": "internal-server",
                "namespace": "default",
                "resource_version": "920",
                "uid": "08e98030-017d-4f1b-871c-ef2f4c07c3bc"
              }
            ],
            "secret": [],
            "timeouts": null
          },
          "sensitive_attributes": [],
          "private": "eyJlMmJmYjczMC1lY2FhLTExZTYtOGY4OC0zNDM2M2JjN2M0YzAiOnsiY3JlYXRlIjozMDAwMDAwMDAwMH19",
          "dependencies": [
            "data.aws_availability_zones.available",
            "module.clusters.module.eks.aws_cloudwatch_log_group.this",
            "module.clusters.module.eks.aws_eks_cluster.this",
            "module.clusters.module.eks.aws_iam_openid_connect_provider.oidc_provider",
            "module.clusters.module.eks.aws_iam_policy.cni_ipv6_policy",
            "module.clusters.module.eks.aws_iam_role.this",
            "module.clusters.module.eks.aws_iam_role_policy_attachment.this",
            "module.clusters.module.eks.aws_security_group.cluster",
            "module.clusters.module.eks.aws_security_group.node",
            "module.clusters.module.eks.aws_security_group_rule.cluster",
            "module.clusters.module.eks.aws_security_group_rule.node",
            "module.clusters.module.eks.data.aws_caller_identity.current",
            "module.clusters.module.eks.data.aws_iam_policy_document.assume_role_policy",
            "module.clusters.module.eks.data.aws_iam_policy_document.cni_ipv6_policy",
            "module.clusters.module.eks.data.aws_iam_session_context.current",
            "module.clusters.module.eks.data.aws_partition.current",
            "module.clusters.module.eks.data.tls_certificate.this",
            "module.clusters.module.eks.module.kms.aws_kms_external_key.this",
            "module.clusters.module.eks.module.kms.aws_kms_key.this",
            "module.clusters.module.eks.module.kms.data.aws_caller_identity.current",
            "module.clusters.module.eks.module.kms.data.aws_iam_policy_document.this",
            "module.clusters.module.eks.module.kms.data.aws_partition.current",
            "module.vpc.aws_subnet.intra",
            "module.vpc.aws_subnet.private",
            "module.vpc.aws_vpc.this",
            "module.vpc.aws_vpc_ipv4_cidr_block_association.this",
            "module.worker2_duchy.module.internal_server_eks_role.aws_iam_role.this",
            "module.worker2_duchy.module.internal_server_eks_role.data.aws_caller_identity.current",
            "module.worker2_duchy.module.internal_server_eks_role.data.aws_iam_policy_document.this",
            "module.worker2_duchy.module.internal_server_eks_role.data.aws_partition.current"
          ]
        }
      ]
    },
    {
      "module": "module.worker2_duchy",
      "mode": "managed",
      "type": "kubernetes_service_account",
      "name": "storage-service-account",
      "provider": "provider[\"registry.terraform.io/hashicorp/kubernetes\"].worker2",
      "instances": [
        {
          "schema_version": 0,
          "attributes": {
            "automount_service_account_token": true,
            "default_secret_name": "",
            "id": "default/storage",
            "image_pull_secret": [],
            "metadata": [
              {
                "annotations": {
                  "eks.amazonaws.com/role-arn": "arn:aws:iam::010295286036:role/storage"
                },
                "generate_name": "",
                "generation": 0,
                "labels": {},
                "name": "storage",
                "namespace": "default",
                "resource_version": "919",
                "uid": "10cd4b7e-620f-44be-b23d-07a1339a2692"
              }
            ],
            "secret": [],
            "timeouts": null
          },
          "sensitive_attributes": [],
          "private": "eyJlMmJmYjczMC1lY2FhLTExZTYtOGY4OC0zNDM2M2JjN2M0YzAiOnsiY3JlYXRlIjozMDAwMDAwMDAwMH19",
          "dependencies": [
            "data.aws_availability_zones.available",
            "module.clusters.module.eks.aws_cloudwatch_log_group.this",
            "module.clusters.module.eks.aws_eks_cluster.this",
            "module.clusters.module.eks.aws_iam_openid_connect_provider.oidc_provider",
            "module.clusters.module.eks.aws_iam_policy.cni_ipv6_policy",
            "module.clusters.module.eks.aws_iam_role.this",
            "module.clusters.module.eks.aws_iam_role_policy_attachment.this",
            "module.clusters.module.eks.aws_security_group.cluster",
            "module.clusters.module.eks.aws_security_group.node",
            "module.clusters.module.eks.aws_security_group_rule.cluster",
            "module.clusters.module.eks.aws_security_group_rule.node",
            "module.clusters.module.eks.data.aws_caller_identity.current",
            "module.clusters.module.eks.data.aws_iam_policy_document.assume_role_policy",
            "module.clusters.module.eks.data.aws_iam_policy_document.cni_ipv6_policy",
            "module.clusters.module.eks.data.aws_iam_session_context.current",
            "module.clusters.module.eks.data.aws_partition.current",
            "module.clusters.module.eks.data.tls_certificate.this",
            "module.clusters.module.eks.module.kms.aws_kms_external_key.this",
            "module.clusters.module.eks.module.kms.aws_kms_key.this",
            "module.clusters.module.eks.module.kms.data.aws_caller_identity.current",
            "module.clusters.module.eks.module.kms.data.aws_iam_policy_document.this",
            "module.clusters.module.eks.module.kms.data.aws_partition.current",
            "module.vpc.aws_subnet.intra",
            "module.vpc.aws_subnet.private",
            "module.vpc.aws_vpc.this",
            "module.vpc.aws_vpc_ipv4_cidr_block_association.this",
            "module.worker2_duchy.module.storage_eks_role.aws_iam_role.this",
            "module.worker2_duchy.module.storage_eks_role.data.aws_caller_identity.current",
            "module.worker2_duchy.module.storage_eks_role.data.aws_iam_policy_document.this",
            "module.worker2_duchy.module.storage_eks_role.data.aws_partition.current"
          ]
        }
      ]
    },
    {
      "module": "module.worker2_duchy.module.internal_server_eks_role",
      "mode": "data",
      "type": "aws_caller_identity",
      "name": "current",
      "provider": "provider[\"registry.terraform.io/hashicorp/aws\"]",
      "instances": [
        {
          "schema_version": 0,
          "attributes": {
            "account_id": "010295286036",
            "arn": "arn:aws:sts::010295286036:assumed-role/GitHubAction-AssumeRoleWithAction/TestSessionName",
            "id": "010295286036",
            "user_id": "AROAQEZNFTEKHX2ENNRZF:TestSessionName"
          },
          "sensitive_attributes": []
        }
      ]
    },
    {
      "module": "module.worker2_duchy.module.internal_server_eks_role",
      "mode": "data",
      "type": "aws_iam_policy_document",
      "name": "this",
      "provider": "provider[\"registry.terraform.io/hashicorp/aws\"]",
      "instances": [
        {
          "index_key": 0,
          "schema_version": 0,
          "attributes": {
            "id": "3882398817",
            "json": "{\n  \"Version\": \"2012-10-17\",\n  \"Statement\": [\n    {\n      \"Effect\": \"Allow\",\n      \"Action\": \"sts:AssumeRoleWithWebIdentity\",\n      \"Principal\": {\n        \"Federated\": \"arn:aws:iam::010295286036:oidc-provider/oidc.eks.us-west-2.amazonaws.com/id/15BCB9D2F3A47B27F4A553C594D3C365\"\n      },\n      \"Condition\": {\n        \"StringEquals\": {\n          \"oidc.eks.us-west-2.amazonaws.com/id/15BCB9D2F3A47B27F4A553C594D3C365:aud\": \"sts.amazonaws.com\",\n          \"oidc.eks.us-west-2.amazonaws.com/id/15BCB9D2F3A47B27F4A553C594D3C365:sub\": \"system:serviceaccount:default:internal-server\"\n        }\n      }\n    }\n  ]\n}",
            "override_policy_documents": null,
            "policy_id": null,
            "source_policy_documents": null,
            "statement": [
              {
                "actions": [
                  "sts:AssumeRoleWithWebIdentity"
                ],
                "condition": [
                  {
                    "test": "StringEquals",
                    "values": [
                      "sts.amazonaws.com"
                    ],
                    "variable": "oidc.eks.us-west-2.amazonaws.com/id/15BCB9D2F3A47B27F4A553C594D3C365:aud"
                  },
                  {
                    "test": "StringEquals",
                    "values": [
                      "system:serviceaccount:default:internal-server"
                    ],
                    "variable": "oidc.eks.us-west-2.amazonaws.com/id/15BCB9D2F3A47B27F4A553C594D3C365:sub"
                  }
                ],
                "effect": "Allow",
                "not_actions": [],
                "not_principals": [],
                "not_resources": [],
                "principals": [
                  {
                    "identifiers": [
                      "arn:aws:iam::010295286036:oidc-provider/oidc.eks.us-west-2.amazonaws.com/id/15BCB9D2F3A47B27F4A553C594D3C365"
                    ],
                    "type": "Federated"
                  }
                ],
                "resources": [],
                "sid": ""
              }
            ],
            "version": "2012-10-17"
          },
          "sensitive_attributes": []
        }
      ]
    },
    {
      "module": "module.worker2_duchy.module.internal_server_eks_role",
      "mode": "data",
      "type": "aws_partition",
      "name": "current",
      "provider": "provider[\"registry.terraform.io/hashicorp/aws\"]",
      "instances": [
        {
          "schema_version": 0,
          "attributes": {
            "dns_suffix": "amazonaws.com",
            "id": "aws",
            "partition": "aws",
            "reverse_dns_prefix": "com.amazonaws"
          },
          "sensitive_attributes": []
        }
      ]
    },
    {
      "module": "module.worker2_duchy.module.internal_server_eks_role",
      "mode": "data",
      "type": "aws_region",
      "name": "current",
      "provider": "provider[\"registry.terraform.io/hashicorp/aws\"]",
      "instances": [
        {
          "schema_version": 0,
          "attributes": {
            "description": "US West (Oregon)",
            "endpoint": "ec2.us-west-2.amazonaws.com",
            "id": "us-west-2",
            "name": "us-west-2"
          },
          "sensitive_attributes": []
        }
      ]
    },
    {
      "module": "module.worker2_duchy.module.internal_server_eks_role",
      "mode": "managed",
      "type": "aws_iam_role",
      "name": "this",
      "provider": "provider[\"registry.terraform.io/hashicorp/aws\"]",
      "instances": [
        {
          "index_key": 0,
          "schema_version": 0,
          "attributes": {
            "arn": "arn:aws:iam::010295286036:role/internal-server",
            "assume_role_policy": "{\"Statement\":[{\"Action\":\"sts:AssumeRoleWithWebIdentity\",\"Condition\":{\"StringEquals\":{\"oidc.eks.us-west-2.amazonaws.com/id/15BCB9D2F3A47B27F4A553C594D3C365:aud\":\"sts.amazonaws.com\",\"oidc.eks.us-west-2.amazonaws.com/id/15BCB9D2F3A47B27F4A553C594D3C365:sub\":\"system:serviceaccount:default:internal-server\"}},\"Effect\":\"Allow\",\"Principal\":{\"Federated\":\"arn:aws:iam::010295286036:oidc-provider/oidc.eks.us-west-2.amazonaws.com/id/15BCB9D2F3A47B27F4A553C594D3C365\"}}],\"Version\":\"2012-10-17\"}",
            "create_date": "2023-09-29T04:35:54Z",
            "description": "",
            "force_detach_policies": true,
            "id": "internal-server",
            "inline_policy": [],
            "managed_policy_arns": [
              "arn:aws:iam::010295286036:policy/internal-server"
            ],
            "max_session_duration": 3600,
            "name": "internal-server",
            "name_prefix": "",
            "path": "/",
            "permissions_boundary": null,
            "role_last_used": [
              {
                "last_used_date": "2023-09-29T16:50:25Z",
                "region": "us-west-2"
              }
            ],
            "tags": {},
            "tags_all": {
              "Environment": "halo-cmm-dev",
              "Terraform": "true"
            },
            "unique_id": "AROAQEZNFTEKMCOJWTNEU"
          },
          "sensitive_attributes": [],
          "private": "bnVsbA==",
          "dependencies": [
            "data.aws_availability_zones.available",
            "module.clusters.module.eks.aws_cloudwatch_log_group.this",
            "module.clusters.module.eks.aws_eks_cluster.this",
            "module.clusters.module.eks.aws_iam_openid_connect_provider.oidc_provider",
            "module.clusters.module.eks.aws_iam_policy.cni_ipv6_policy",
            "module.clusters.module.eks.aws_iam_role.this",
            "module.clusters.module.eks.aws_iam_role_policy_attachment.this",
            "module.clusters.module.eks.aws_security_group.cluster",
            "module.clusters.module.eks.aws_security_group.node",
            "module.clusters.module.eks.aws_security_group_rule.cluster",
            "module.clusters.module.eks.aws_security_group_rule.node",
            "module.clusters.module.eks.data.aws_caller_identity.current",
            "module.clusters.module.eks.data.aws_iam_policy_document.assume_role_policy",
            "module.clusters.module.eks.data.aws_iam_policy_document.cni_ipv6_policy",
            "module.clusters.module.eks.data.aws_iam_session_context.current",
            "module.clusters.module.eks.data.aws_partition.current",
            "module.clusters.module.eks.data.tls_certificate.this",
            "module.clusters.module.eks.module.kms.aws_kms_external_key.this",
            "module.clusters.module.eks.module.kms.aws_kms_key.this",
            "module.clusters.module.eks.module.kms.data.aws_caller_identity.current",
            "module.clusters.module.eks.module.kms.data.aws_iam_policy_document.this",
            "module.clusters.module.eks.module.kms.data.aws_partition.current",
            "module.vpc.aws_subnet.intra",
            "module.vpc.aws_subnet.private",
            "module.vpc.aws_vpc.this",
            "module.vpc.aws_vpc_ipv4_cidr_block_association.this",
            "module.worker2_duchy.module.internal_server_eks_role.data.aws_caller_identity.current",
            "module.worker2_duchy.module.internal_server_eks_role.data.aws_iam_policy_document.this",
            "module.worker2_duchy.module.internal_server_eks_role.data.aws_partition.current"
          ]
        }
      ]
    },
    {
      "module": "module.worker2_duchy.module.internal_server_eks_role",
      "mode": "managed",
      "type": "aws_iam_role_policy_attachment",
      "name": "this",
      "provider": "provider[\"registry.terraform.io/hashicorp/aws\"]",
      "instances": [
        {
          "index_key": "policy",
          "schema_version": 0,
          "attributes": {
            "id": "internal-server-20230929043554560200000011",
            "policy_arn": "arn:aws:iam::010295286036:policy/internal-server",
            "role": "internal-server"
          },
          "sensitive_attributes": [],
          "private": "bnVsbA==",
          "dependencies": [
            "data.aws_availability_zones.available",
            "data.aws_caller_identity.current",
            "module.clusters.module.eks.aws_cloudwatch_log_group.this",
            "module.clusters.module.eks.aws_eks_cluster.this",
            "module.clusters.module.eks.aws_iam_openid_connect_provider.oidc_provider",
            "module.clusters.module.eks.aws_iam_policy.cni_ipv6_policy",
            "module.clusters.module.eks.aws_iam_role.this",
            "module.clusters.module.eks.aws_iam_role_policy_attachment.this",
            "module.clusters.module.eks.aws_security_group.cluster",
            "module.clusters.module.eks.aws_security_group.node",
            "module.clusters.module.eks.aws_security_group_rule.cluster",
            "module.clusters.module.eks.aws_security_group_rule.node",
            "module.clusters.module.eks.data.aws_caller_identity.current",
            "module.clusters.module.eks.data.aws_iam_policy_document.assume_role_policy",
            "module.clusters.module.eks.data.aws_iam_policy_document.cni_ipv6_policy",
            "module.clusters.module.eks.data.aws_iam_session_context.current",
            "module.clusters.module.eks.data.aws_partition.current",
            "module.clusters.module.eks.data.tls_certificate.this",
            "module.clusters.module.eks.module.kms.aws_kms_external_key.this",
            "module.clusters.module.eks.module.kms.aws_kms_key.this",
            "module.clusters.module.eks.module.kms.data.aws_caller_identity.current",
            "module.clusters.module.eks.module.kms.data.aws_iam_policy_document.this",
            "module.clusters.module.eks.module.kms.data.aws_partition.current",
            "module.storage.aws_s3_bucket.bucket",
            "module.vpc.aws_subnet.intra",
            "module.vpc.aws_subnet.private",
            "module.vpc.aws_vpc.this",
            "module.vpc.aws_vpc_ipv4_cidr_block_association.this",
            "module.worker2_duchy.module.internal_server_eks_role.aws_iam_role.this",
            "module.worker2_duchy.module.internal_server_eks_role.data.aws_caller_identity.current",
            "module.worker2_duchy.module.internal_server_eks_role.data.aws_iam_policy_document.this",
            "module.worker2_duchy.module.internal_server_eks_role.data.aws_partition.current",
            "module.worker2_duchy.module.internal_server_iam_policy.aws_iam_policy.policy"
          ]
        }
      ]
    },
    {
      "module": "module.worker2_duchy.module.internal_server_iam_policy",
      "mode": "managed",
      "type": "aws_iam_policy",
      "name": "policy",
      "provider": "provider[\"registry.terraform.io/hashicorp/aws\"]",
      "instances": [
        {
          "index_key": 0,
          "schema_version": 0,
          "attributes": {
            "arn": "arn:aws:iam::010295286036:policy/internal-server",
            "description": "Policy for duchy internal server",
            "id": "arn:aws:iam::010295286036:policy/internal-server",
            "name": "internal-server",
            "name_prefix": "",
            "path": "/",
            "policy": "{\"Statement\":[{\"Action\":[\"s3:*\"],\"Effect\":\"Allow\",\"Resource\":\"arn:aws:s3:::halo-cmm-dev-bucket/*\"},{\"Action\":[\"secretsmanager:GetResourcePolicy\",\"secretsmanager:GetSecretValue\",\"secretsmanager:DescribeSecret\",\"secretsmanager:ListSecretVersionIds\"],\"Effect\":\"Allow\",\"Resource\":[\"arn:aws:secretsmanager:us-west-2:010295286036:secret:rds!*\"]},{\"Action\":\"secretsmanager:ListSecrets\",\"Effect\":\"Allow\",\"Resource\":\"*\"}],\"Version\":\"2012-10-17\"}",
            "policy_id": "ANPAQEZNFTEKDCI6MEPHB",
            "tags": {},
            "tags_all": {
              "Environment": "halo-cmm-dev",
              "Terraform": "true"
            }
          },
          "sensitive_attributes": [],
          "private": "bnVsbA==",
          "dependencies": [
            "data.aws_caller_identity.current",
            "module.storage.aws_s3_bucket.bucket"
          ]
        }
      ]
    },
    {
      "module": "module.worker2_duchy.module.storage_eks_role",
      "mode": "data",
      "type": "aws_caller_identity",
      "name": "current",
      "provider": "provider[\"registry.terraform.io/hashicorp/aws\"]",
      "instances": [
        {
          "schema_version": 0,
          "attributes": {
            "account_id": "010295286036",
            "arn": "arn:aws:sts::010295286036:assumed-role/GitHubAction-AssumeRoleWithAction/TestSessionName",
            "id": "010295286036",
            "user_id": "AROAQEZNFTEKHX2ENNRZF:TestSessionName"
          },
          "sensitive_attributes": []
        }
      ]
    },
    {
      "module": "module.worker2_duchy.module.storage_eks_role",
      "mode": "data",
      "type": "aws_iam_policy_document",
      "name": "this",
      "provider": "provider[\"registry.terraform.io/hashicorp/aws\"]",
      "instances": [
        {
          "index_key": 0,
          "schema_version": 0,
          "attributes": {
            "id": "2642087296",
            "json": "{\n  \"Version\": \"2012-10-17\",\n  \"Statement\": [\n    {\n      \"Effect\": \"Allow\",\n      \"Action\": \"sts:AssumeRoleWithWebIdentity\",\n      \"Principal\": {\n        \"Federated\": \"arn:aws:iam::010295286036:oidc-provider/oidc.eks.us-west-2.amazonaws.com/id/15BCB9D2F3A47B27F4A553C594D3C365\"\n      },\n      \"Condition\": {\n        \"StringEquals\": {\n          \"oidc.eks.us-west-2.amazonaws.com/id/15BCB9D2F3A47B27F4A553C594D3C365:aud\": \"sts.amazonaws.com\",\n          \"oidc.eks.us-west-2.amazonaws.com/id/15BCB9D2F3A47B27F4A553C594D3C365:sub\": \"system:serviceaccount:default:storage\"\n        }\n      }\n    }\n  ]\n}",
            "override_policy_documents": null,
            "policy_id": null,
            "source_policy_documents": null,
            "statement": [
              {
                "actions": [
                  "sts:AssumeRoleWithWebIdentity"
                ],
                "condition": [
                  {
                    "test": "StringEquals",
                    "values": [
                      "sts.amazonaws.com"
                    ],
                    "variable": "oidc.eks.us-west-2.amazonaws.com/id/15BCB9D2F3A47B27F4A553C594D3C365:aud"
                  },
                  {
                    "test": "StringEquals",
                    "values": [
                      "system:serviceaccount:default:storage"
                    ],
                    "variable": "oidc.eks.us-west-2.amazonaws.com/id/15BCB9D2F3A47B27F4A553C594D3C365:sub"
                  }
                ],
                "effect": "Allow",
                "not_actions": [],
                "not_principals": [],
                "not_resources": [],
                "principals": [
                  {
                    "identifiers": [
                      "arn:aws:iam::010295286036:oidc-provider/oidc.eks.us-west-2.amazonaws.com/id/15BCB9D2F3A47B27F4A553C594D3C365"
                    ],
                    "type": "Federated"
                  }
                ],
                "resources": [],
                "sid": ""
              }
            ],
            "version": "2012-10-17"
          },
          "sensitive_attributes": []
        }
      ]
    },
    {
      "module": "module.worker2_duchy.module.storage_eks_role",
      "mode": "data",
      "type": "aws_partition",
      "name": "current",
      "provider": "provider[\"registry.terraform.io/hashicorp/aws\"]",
      "instances": [
        {
          "schema_version": 0,
          "attributes": {
            "dns_suffix": "amazonaws.com",
            "id": "aws",
            "partition": "aws",
            "reverse_dns_prefix": "com.amazonaws"
          },
          "sensitive_attributes": []
        }
      ]
    },
    {
      "module": "module.worker2_duchy.module.storage_eks_role",
      "mode": "data",
      "type": "aws_region",
      "name": "current",
      "provider": "provider[\"registry.terraform.io/hashicorp/aws\"]",
      "instances": [
        {
          "schema_version": 0,
          "attributes": {
            "description": "US West (Oregon)",
            "endpoint": "ec2.us-west-2.amazonaws.com",
            "id": "us-west-2",
            "name": "us-west-2"
          },
          "sensitive_attributes": []
        }
      ]
    },
    {
      "module": "module.worker2_duchy.module.storage_eks_role",
      "mode": "managed",
      "type": "aws_iam_role",
      "name": "this",
      "provider": "provider[\"registry.terraform.io/hashicorp/aws\"]",
      "instances": [
        {
          "index_key": 0,
          "schema_version": 0,
          "attributes": {
            "arn": "arn:aws:iam::010295286036:role/storage",
            "assume_role_policy": "{\"Statement\":[{\"Action\":\"sts:AssumeRoleWithWebIdentity\",\"Condition\":{\"StringEquals\":{\"oidc.eks.us-west-2.amazonaws.com/id/15BCB9D2F3A47B27F4A553C594D3C365:aud\":\"sts.amazonaws.com\",\"oidc.eks.us-west-2.amazonaws.com/id/15BCB9D2F3A47B27F4A553C594D3C365:sub\":\"system:serviceaccount:default:storage\"}},\"Effect\":\"Allow\",\"Principal\":{\"Federated\":\"arn:aws:iam::010295286036:oidc-provider/oidc.eks.us-west-2.amazonaws.com/id/15BCB9D2F3A47B27F4A553C594D3C365\"}}],\"Version\":\"2012-10-17\"}",
            "create_date": "2023-09-29T04:35:54Z",
            "description": "",
            "force_detach_policies": true,
            "id": "storage",
            "inline_policy": [],
            "managed_policy_arns": [
              "arn:aws:iam::010295286036:policy/storage"
            ],
            "max_session_duration": 3600,
            "name": "storage",
            "name_prefix": "",
            "path": "/",
            "permissions_boundary": null,
            "role_last_used": [
              {
                "last_used_date": "2023-09-29T06:14:52Z",
                "region": "us-west-2"
              }
            ],
            "tags": {},
            "tags_all": {
              "Environment": "halo-cmm-dev",
              "Terraform": "true"
            },
            "unique_id": "AROAQEZNFTEKJ4INDCUWF"
          },
          "sensitive_attributes": [],
          "private": "bnVsbA==",
          "dependencies": [
            "data.aws_availability_zones.available",
            "module.clusters.module.eks.aws_cloudwatch_log_group.this",
            "module.clusters.module.eks.aws_eks_cluster.this",
            "module.clusters.module.eks.aws_iam_openid_connect_provider.oidc_provider",
            "module.clusters.module.eks.aws_iam_policy.cni_ipv6_policy",
            "module.clusters.module.eks.aws_iam_role.this",
            "module.clusters.module.eks.aws_iam_role_policy_attachment.this",
            "module.clusters.module.eks.aws_security_group.cluster",
            "module.clusters.module.eks.aws_security_group.node",
            "module.clusters.module.eks.aws_security_group_rule.cluster",
            "module.clusters.module.eks.aws_security_group_rule.node",
            "module.clusters.module.eks.data.aws_caller_identity.current",
            "module.clusters.module.eks.data.aws_iam_policy_document.assume_role_policy",
            "module.clusters.module.eks.data.aws_iam_policy_document.cni_ipv6_policy",
            "module.clusters.module.eks.data.aws_iam_session_context.current",
            "module.clusters.module.eks.data.aws_partition.current",
            "module.clusters.module.eks.data.tls_certificate.this",
            "module.clusters.module.eks.module.kms.aws_kms_external_key.this",
            "module.clusters.module.eks.module.kms.aws_kms_key.this",
            "module.clusters.module.eks.module.kms.data.aws_caller_identity.current",
            "module.clusters.module.eks.module.kms.data.aws_iam_policy_document.this",
            "module.clusters.module.eks.module.kms.data.aws_partition.current",
            "module.vpc.aws_subnet.intra",
            "module.vpc.aws_subnet.private",
            "module.vpc.aws_vpc.this",
            "module.vpc.aws_vpc_ipv4_cidr_block_association.this",
            "module.worker2_duchy.module.storage_eks_role.data.aws_caller_identity.current",
            "module.worker2_duchy.module.storage_eks_role.data.aws_iam_policy_document.this",
            "module.worker2_duchy.module.storage_eks_role.data.aws_partition.current"
          ]
        }
      ]
    },
    {
      "module": "module.worker2_duchy.module.storage_eks_role",
      "mode": "managed",
      "type": "aws_iam_role_policy_attachment",
      "name": "this",
      "provider": "provider[\"registry.terraform.io/hashicorp/aws\"]",
      "instances": [
        {
          "index_key": "policy",
          "schema_version": 0,
          "attributes": {
            "id": "storage-20230929043554511800000010",
            "policy_arn": "arn:aws:iam::010295286036:policy/storage",
            "role": "storage"
          },
          "sensitive_attributes": [],
          "private": "bnVsbA==",
          "dependencies": [
            "data.aws_availability_zones.available",
            "module.clusters.module.eks.aws_cloudwatch_log_group.this",
            "module.clusters.module.eks.aws_eks_cluster.this",
            "module.clusters.module.eks.aws_iam_openid_connect_provider.oidc_provider",
            "module.clusters.module.eks.aws_iam_policy.cni_ipv6_policy",
            "module.clusters.module.eks.aws_iam_role.this",
            "module.clusters.module.eks.aws_iam_role_policy_attachment.this",
            "module.clusters.module.eks.aws_security_group.cluster",
            "module.clusters.module.eks.aws_security_group.node",
            "module.clusters.module.eks.aws_security_group_rule.cluster",
            "module.clusters.module.eks.aws_security_group_rule.node",
            "module.clusters.module.eks.data.aws_caller_identity.current",
            "module.clusters.module.eks.data.aws_iam_policy_document.assume_role_policy",
            "module.clusters.module.eks.data.aws_iam_policy_document.cni_ipv6_policy",
            "module.clusters.module.eks.data.aws_iam_session_context.current",
            "module.clusters.module.eks.data.aws_partition.current",
            "module.clusters.module.eks.data.tls_certificate.this",
            "module.clusters.module.eks.module.kms.aws_kms_external_key.this",
            "module.clusters.module.eks.module.kms.aws_kms_key.this",
            "module.clusters.module.eks.module.kms.data.aws_caller_identity.current",
            "module.clusters.module.eks.module.kms.data.aws_iam_policy_document.this",
            "module.clusters.module.eks.module.kms.data.aws_partition.current",
            "module.storage.aws_s3_bucket.bucket",
            "module.vpc.aws_subnet.intra",
            "module.vpc.aws_subnet.private",
            "module.vpc.aws_vpc.this",
            "module.vpc.aws_vpc_ipv4_cidr_block_association.this",
            "module.worker2_duchy.module.storage_eks_role.aws_iam_role.this",
            "module.worker2_duchy.module.storage_eks_role.data.aws_caller_identity.current",
            "module.worker2_duchy.module.storage_eks_role.data.aws_iam_policy_document.this",
            "module.worker2_duchy.module.storage_eks_role.data.aws_partition.current",
            "module.worker2_duchy.module.storage_iam_policy.aws_iam_policy.policy"
          ]
        }
      ]
    },
    {
      "module": "module.worker2_duchy.module.storage_iam_policy",
      "mode": "managed",
      "type": "aws_iam_policy",
      "name": "policy",
      "provider": "provider[\"registry.terraform.io/hashicorp/aws\"]",
      "instances": [
        {
          "index_key": 0,
          "schema_version": 0,
          "attributes": {
            "arn": "arn:aws:iam::010295286036:policy/storage",
            "description": "Policy for accessing duchy storage blobs",
            "id": "arn:aws:iam::010295286036:policy/storage",
            "name": "storage",
            "name_prefix": "",
            "path": "/",
            "policy": "{\"Statement\":[{\"Action\":[\"s3:*\"],\"Effect\":\"Allow\",\"Resource\":\"arn:aws:s3:::halo-cmm-dev-bucket/*\"}],\"Version\":\"2012-10-17\"}",
            "policy_id": "ANPAQEZNFTEKGR6OLGEVC",
            "tags": {},
            "tags_all": {
              "Environment": "halo-cmm-dev",
              "Terraform": "true"
            }
          },
          "sensitive_attributes": [],
          "private": "bnVsbA==",
          "dependencies": [
            "module.storage.aws_s3_bucket.bucket"
          ]
        }
      ]
    }
  ],
  "check_results": null
}
